PODS:
  - CoordinatorKit (0.0.6)
  - Hero (0.3.6)
  - Nimble (6.0.1)
  - Quick (1.1.0)
  - Realm (2.7.0):
    - Realm/Headers (= 2.7.0)
  - Realm/Headers (2.7.0)
  - RealmSwift (2.7.0):
    - Realm (= 2.7.0)
  - Reuse (0.0.1):
    - SwiftyUserDefaults
  - RxCocoa (3.5.0):
    - RxSwift (~> 3.4)
  - RxSwift (3.5.0)
  - SwiftyJSON (3.1.4)
  - SwiftyUserDefaults (3.0.1)

DEPENDENCIES:
  - CoordinatorKit (from `https://github.com/lanza/CoordinatorKit`)
  - Hero (= 0.3.6)
  - Nimble
  - Quick
  - RealmSwift (= 2.7.0)
  - Reuse (from `https://github.com/lanza/Reuse`)
  - RxCocoa (= 3.5.0)
  - RxSwift (= 3.5.0)
  - SwiftyJSON

SPEC REPOS:
  https://github.com/cocoapods/specs.git:
    - Hero
    - Nimble
    - Quick
    - Realm
    - RealmSwift
    - RxCocoa
    - RxSwift
    - SwiftyJSON
    - SwiftyUserDefaults

EXTERNAL SOURCES:
  CoordinatorKit:
    :git: https://github.com/lanza/CoordinatorKit
  Reuse:
    :git: https://github.com/lanza/Reuse

CHECKOUT OPTIONS:
  CoordinatorKit:
    :commit: e4ddd10915db5420cde7e00d2c03895f803fa88b
    :git: https://github.com/lanza/CoordinatorKit
  Reuse:
    :commit: 202a44151a50386733f81caebf5c0d8d50c39d5e
    :git: https://github.com/lanza/Reuse

SPEC CHECKSUMS:
  CoordinatorKit: 61a35f35ef51b90c782b7f061dbf3f7c3f871218
  Hero: d3c6f4dd80cdcdbb339be64e57ae3b5c3ab9938c
  Nimble: 1527fd1bd2b4cf0636251a36bc8ab37e81da8347
  Quick: dafc587e21eed9f4cab3249b9f9015b0b7a7f71d
  Realm: 07e5d3a9e0e41d65fd5f9f05150ed6295d0f093b
  RealmSwift: 6d06425d3900c86473c4f323bf6949b43fca22bc
  Reuse: cdc2a0bb0940776143ef7e7bc251672cf524c199
  RxCocoa: a0a09f45d0e5b48ecb6a4a7b4b4c89c88d3f633f
  RxSwift: 18ee9d78b45edb3b0b7e79916b47a116e6dbc842
  SwiftyJSON: c2842d878f95482ffceec5709abc3d05680c0220
  SwiftyUserDefaults: 3d273b1739b68ada3145dc754a70ec775bc5c8be

PODFILE CHECKSUM: 394b7dd2e762d64d4f1561f1c441771a4c690231

COCOAPODS: 1.5.3
