// !$*UTF8*$!
{
	archiveVersion = 1;
	classes = {
	};
	objectVersion = 51;
	objects = {

/* Begin PBXBuildFile section */
		044389F92F3D263FA558E7DC /* GameSettings.swift in Sources */ = {isa = PBXBuildFile; fileRef = FB6DA5C32B1F624D7204D206 /* GameSettings.swift */; };
		089E941AAB630E67D66D322A /* CoreData.swift in Sources */ = {isa = PBXBuildFile; fileRef = 3EEEBAA7A0149D98812BD3FE /* CoreData.swift */; };
		0D25C3E29AE1DB00D55C1B3A /* Button.swift in Sources */ = {isa = PBXBuildFile; fileRef = C82B00B1F79A546AE4D25FE9 /* Button.swift */; };
		13E23DF3CAF80A1FF29CFA6D /* NavigationCoordinator.swift in Sources */ = {isa = PBXBuildFile; fileRef = FF9974577B318649FA371BEE /* NavigationCoordinator.swift */; };
		182CDBEF4B349E92B1DF234E /* ManagedObjectObserver.swift in Sources */ = {isa = PBXBuildFile; fileRef = 7569435FFF1B5FEB28BD4805 /* ManagedObjectObserver.swift */; };
		184B117D109238F4C1549160 /* GameType.swift in Sources */ = {isa = PBXBuildFile; fileRef = 327A416B7FEF7C4BAD3EB4C0 /* GameType.swift */; };
		228263356EF3CD9FDCC9D2B0 /* BaseView.swift in Sources */ = {isa = PBXBuildFile; fileRef = 237718D1A5E1D43BF4855520 /* BaseView.swift */; };
		28B3FF234A81E777226C02C8 /* UIViewController+CoordinatorKit.swift in Sources */ = {isa = PBXBuildFile; fileRef = EA65887D1B28CBCC513CDE63 /* UIViewController+CoordinatorKit.swift */; };
		290A6DB6DB8F1D447657F885 /* GameView.swift in Sources */ = {isa = PBXBuildFile; fileRef = 5777D9C339A1E5B6882BB237 /* GameView.swift */; };
		2F2FCFC0F55F52A5A61A6AFF /* PlayViewController.swift in Sources */ = {isa = PBXBuildFile; fileRef = E923845B41328817494F2E44 /* PlayViewController.swift */; };
		3742073D2DF6A75752F818C9 /* DaysTableViewCell.swift in Sources */ = {isa = PBXBuildFile; fileRef = 5C150F43B9EC9F6F6AEBDDB1 /* DaysTableViewCell.swift */; };
		3D667B483D4876E209D1A063 /* Color.swift in Sources */ = {isa = PBXBuildFile; fileRef = 6ED3F164270C12311B3DA685 /* Color.swift */; };
		3E7E00F754FF0E89F37282C7 /* HeaderView.swift in Sources */ = {isa = PBXBuildFile; fileRef = D98C565418232274FAC67B71 /* HeaderView.swift */; };
		4053F4647310D6AC836C51BC /* DaysTableViewController.swift in Sources */ = {isa = PBXBuildFile; fileRef = CCEC4E32DDB22D0BEF6C756B /* DaysTableViewController.swift */; };
		454376AC20B024B37A7462A2 /* TabBarCoordinator.swift in Sources */ = {isa = PBXBuildFile; fileRef = 9E639A4E2B4611BD483308DD /* TabBarCoordinator.swift */; };
		4D2FF2CBCB776EED3ABC27AE /* Label.swift in Sources */ = {isa = PBXBuildFile; fileRef = 87D58A6D146237F11F01A8B2 /* Label.swift */; };
		4F5523CCE5832B3267B8E7AB /* StackView.swift in Sources */ = {isa = PBXBuildFile; fileRef = 13EB5CAD4DC3C18510BEA7CA /* StackView.swift */; };
		54BCB989FBCBB23A9FE16C7C /* FetchedResultsDataProvider.swift in Sources */ = {isa = PBXBuildFile; fileRef = D290CB32B23683B7070F61C1 /* FetchedResultsDataProvider.swift */; };
		60225EEFDC513B1CBD2CE687 /* SpeechSynthesizer.swift in Sources */ = {isa = PBXBuildFile; fileRef = CC21D241CC075E8CA974F26C /* SpeechSynthesizer.swift */; };
		616CCB9024786E860C11EA77 /* nBack.xcdatamodeld in Sources */ = {isa = PBXBuildFile; fileRef = BD6B4455024AEE783E7FC82F /* nBack.xcdatamodeld */; };
		618A6A79A9005E9649E22DE8 /* SettingsCoordinator.swift in Sources */ = {isa = PBXBuildFile; fileRef = A83CA9AA6E1D7EB02DE7D209 /* SettingsCoordinator.swift */; };
		626B45CEEB9F5DC26C7BD92C /* DataProvider.swift in Sources */ = {isa = PBXBuildFile; fileRef = F6B4A0CEA1EAD5580EF4A6A7 /* DataProvider.swift */; };
		637451D55867DF72EBD5FAD8 /* ManagedObject.swift in Sources */ = {isa = PBXBuildFile; fileRef = 410281F0C72FD89CE95033A5 /* ManagedObject.swift */; };
		64D2C1B9A6B57048D897EBDB /* Theme.swift in Sources */ = {isa = PBXBuildFile; fileRef = 3A4777A8C7A0BE464AE4EB18 /* Theme.swift */; };
		6C87B93CF53614D71174C9FB /* GameResult.swift in Sources */ = {isa = PBXBuildFile; fileRef = 182AF6BB9DDF7E33FA913244 /* GameResult.swift */; };
		7ADE4E264C9C5851C2B90428 /* DaysTableViewCell.xib in Resources */ = {isa = PBXBuildFile; fileRef = EF89C4A8A52B1285E6634F84 /* DaysTableViewCell.xib */; };
		7C58050A62F700B879FC6665 /* TableViewCell.swift in Sources */ = {isa = PBXBuildFile; fileRef = AC85E8FA51B142448AD93DED /* TableViewCell.swift */; };
		7D6528EE9CD9812808432AB0 /* DayTableViewCellLabel.swift in Sources */ = {isa = PBXBuildFile; fileRef = 1274196DE32EA381AE1465C1 /* DayTableViewCellLabel.swift */; };
		80488555498C1BA07D7C9C94 /* UIWindow+CoordinatorKit.swift in Sources */ = {isa = PBXBuildFile; fileRef = F3B10C9140E38AF85AAC1FA5 /* UIWindow+CoordinatorKit.swift */; };
		833492E7A7F2601DF0C92146 /* DataProviderUpdate.swift in Sources */ = {isa = PBXBuildFile; fileRef = D037C3E94FC914A840EB23C2 /* DataProviderUpdate.swift */; };
		84DB6C6BB23809B77402FE76 /* GameCoordinator.swift in Sources */ = {isa = PBXBuildFile; fileRef = 11AEB07C3BFB5BC9594449B9 /* GameCoordinator.swift */; };
		8D447823AB9F8780E4420B46 /* DayTableViewController.swift in Sources */ = {isa = PBXBuildFile; fileRef = ECDE00CFDBA7BE6880C0EF29 /* DayTableViewController.swift */; };
		925A45DEAFE12D4902F05890 /* HasX-Protocols.swift in Sources */ = {isa = PBXBuildFile; fileRef = B392009AC18E3D5030E09950 /* HasX-Protocols.swift */; };
		99CA391C3001E30822FA5181 /* GameResultCell.swift in Sources */ = {isa = PBXBuildFile; fileRef = 95EA34CC552CA5BB50B240D2 /* GameResultCell.swift */; };
		99EA6CDE3B7BC8D61AF7F182 /* Lets.swift in Sources */ = {isa = PBXBuildFile; fileRef = 057882F521287DD382D5237A /* Lets.swift */; };
		9FD143239D6DB1E16F87F95A /* AppDelegate.swift in Sources */ = {isa = PBXBuildFile; fileRef = 44C0A86FDC25669117406F80 /* AppDelegate.swift */; };
		A1F28931FD71341BC72CC40F /* GameResultCell.xib in Resources */ = {isa = PBXBuildFile; fileRef = 804B61A4255B4946DE816EA3 /* GameResultCell.xib */; };
		A5EFFA9668E5B89F0AACD7A2 /* GameBrain.swift in Sources */ = {isa = PBXBuildFile; fileRef = E9F5BE4EF8BE5D4E4C3A8ACB /* GameBrain.swift */; };
		A73863A4B37856745C444D76 /* DayCoordinator.swift in Sources */ = {isa = PBXBuildFile; fileRef = 2265BF874FF357B310926449 /* DayCoordinator.swift */; };
		A9F0C8A1B468878A91193568 /* HeaderView.xib in Resources */ = {isa = PBXBuildFile; fileRef = C080C8A0D12CAA761C675706 /* HeaderView.xib */; };
		AC85AD6DA30D56962AABBF30 /* SquareMatrix.swift in Sources */ = {isa = PBXBuildFile; fileRef = D72075242953156604CDC205 /* SquareMatrix.swift */; };
		AECC1A387F133096F20A9BA5 /* ManagedObjectType.swift in Sources */ = {isa = PBXBuildFile; fileRef = 8192B7CD1DBFD8A8FC2FEFAD /* ManagedObjectType.swift */; };
		AF156A36D70EF8C61BE1FA63 /* AppCoordinator.swift in Sources */ = {isa = PBXBuildFile; fileRef = 9067364762F4B8AA34C932DD /* AppCoordinator.swift */; };
		B31A904F23DD127700BEDC99 /* SceneDelegate.swift in Sources */ = {isa = PBXBuildFile; fileRef = B31A904E23DD127700BEDC99 /* SceneDelegate.swift */; };
		B31A909223DD1DDA00BEDC99 /* CloudKit.framework in Frameworks */ = {isa = PBXBuildFile; fileRef = B31A909123DD1DDA00BEDC99 /* CloudKit.framework */; };
		B38B2C41104942850D19BCD2 /* NavigationController.swift in Sources */ = {isa = PBXBuildFile; fileRef = B9120707CE63C51A9A5E95AD /* NavigationController.swift */; };
		B3B2BBCF25AD04A0004BBA9B /* Assets.xcassets in Resources */ = {isa = PBXBuildFile; fileRef = B3B2BBCE25AD04A0004BBA9B /* Assets.xcassets */; };
		B3B2BBD325AD04C2004BBA9B /* Base.lproj in Resources */ = {isa = PBXBuildFile; fileRef = B3B2BBD225AD04C2004BBA9B /* Base.lproj */; };
		BC8B98106EB4E0723B5D3EDF /* TypeResult.swift in Sources */ = {isa = PBXBuildFile; fileRef = 917DAE4642FA97BEDCEEF17C /* TypeResult.swift */; };
		C0C8D81A751B4B4BCA8032A9 /* ViewController.swift in Sources */ = {isa = PBXBuildFile; fileRef = F127490226991F1EE470997F /* ViewController.swift */; };
		C6FEA32999C71A90102D04B4 /* ConfigurableCell.swift in Sources */ = {isa = PBXBuildFile; fileRef = A7A486EF7A9D277AD005E4D9 /* ConfigurableCell.swift */; };
		C76FDE5C7C8EE501FFAD2723 /* NSManagedObjectContext+Extensions.swift in Sources */ = {isa = PBXBuildFile; fileRef = F8AC8C065A71E18624AE8ECA /* NSManagedObjectContext+Extensions.swift */; };
		C9BB434DF2424670EA5EB3C9 /* TableViewController.swift in Sources */ = {isa = PBXBuildFile; fileRef = 0C54CA8B1838A92EDE516013 /* TableViewController.swift */; };
		CDBD3EE9ACE9BEFC2FEC03A2 /* PlayCoordinator.swift in Sources */ = {isa = PBXBuildFile; fileRef = B90FA544E7595DB55C523CF0 /* PlayCoordinator.swift */; };
		CE29A9C3252C70CB939370CB /* Utilities.swift in Sources */ = {isa = PBXBuildFile; fileRef = 13DD76B608181F6F4B3B8FA6 /* Utilities.swift */; };
		D364A7018DABC405D1A4BB58 /* DataProviderDelegate.swift in Sources */ = {isa = PBXBuildFile; fileRef = 576114FE3D8656676E320210 /* DataProviderDelegate.swift */; };
		D7973F75EE7D4B4EC41BB75E /* GameView2.swift in Sources */ = {isa = PBXBuildFile; fileRef = 2CB79D90EA640A2BE7D2F93C /* GameView2.swift */; };
		DE68820F15DECED4E7F27859 /* ContentView.swift in Sources */ = {isa = PBXBuildFile; fileRef = CF6AA2E21A19BD471AC97FB8 /* ContentView.swift */; };
		E75E0F8B11781AD95CBB6FBE /* SquareView.swift in Sources */ = {isa = PBXBuildFile; fileRef = 6117B4A0A4635AD130669E66 /* SquareView.swift */; };
		ED897DA456255FE932A69B4D /* Coordinator.swift in Sources */ = {isa = PBXBuildFile; fileRef = 4F3840E49AE1D985DBE6B8AF /* Coordinator.swift */; };
		F9B56F182CF84DE429B649DF /* DaysCoordinator.swift in Sources */ = {isa = PBXBuildFile; fileRef = 34D204F3E8420B14706CF232 /* DaysCoordinator.swift */; };
		FC4E9E7B32510AEB033B26C7 /* Day.swift in Sources */ = {isa = PBXBuildFile; fileRef = 73AA63050F4E20782E113A85 /* Day.swift */; };
		FCE3D40885C19C8A73B9ED69 /* GameViewController.swift in Sources */ = {isa = PBXBuildFile; fileRef = CCF77179EBD6B125694B501C /* GameViewController.swift */; };
		FF2D1C03125472F1C4E22446 /* TableViewDataSource.swift in Sources */ = {isa = PBXBuildFile; fileRef = 1C3B8A8C32C127AFCC7D0CC2 /* TableViewDataSource.swift */; };
/* End PBXBuildFile section */

/* Begin PBXFileReference section */
		057882F521287DD382D5237A /* Lets.swift */ = {isa = PBXFileReference; lastKnownFileType = sourcecode.swift; path = Lets.swift; sourceTree = "<group>"; };
		0C54CA8B1838A92EDE516013 /* TableViewController.swift */ = {isa = PBXFileReference; lastKnownFileType = sourcecode.swift; path = TableViewController.swift; sourceTree = "<group>"; };
		11AEB07C3BFB5BC9594449B9 /* GameCoordinator.swift */ = {isa = PBXFileReference; lastKnownFileType = sourcecode.swift; path = GameCoordinator.swift; sourceTree = "<group>"; };
		1274196DE32EA381AE1465C1 /* DayTableViewCellLabel.swift */ = {isa = PBXFileReference; lastKnownFileType = sourcecode.swift; path = DayTableViewCellLabel.swift; sourceTree = "<group>"; };
		13DD76B608181F6F4B3B8FA6 /* Utilities.swift */ = {isa = PBXFileReference; lastKnownFileType = sourcecode.swift; path = Utilities.swift; sourceTree = "<group>"; };
		13EB5CAD4DC3C18510BEA7CA /* StackView.swift */ = {isa = PBXFileReference; lastKnownFileType = sourcecode.swift; path = StackView.swift; sourceTree = "<group>"; };
		182AF6BB9DDF7E33FA913244 /* GameResult.swift */ = {isa = PBXFileReference; lastKnownFileType = sourcecode.swift; path = GameResult.swift; sourceTree = "<group>"; };
		1C3B8A8C32C127AFCC7D0CC2 /* TableViewDataSource.swift */ = {isa = PBXFileReference; lastKnownFileType = sourcecode.swift; path = TableViewDataSource.swift; sourceTree = "<group>"; };
		2265BF874FF357B310926449 /* DayCoordinator.swift */ = {isa = PBXFileReference; lastKnownFileType = sourcecode.swift; path = DayCoordinator.swift; sourceTree = "<group>"; };
		237718D1A5E1D43BF4855520 /* BaseView.swift */ = {isa = PBXFileReference; lastKnownFileType = sourcecode.swift; path = BaseView.swift; sourceTree = "<group>"; };
		2CB79D90EA640A2BE7D2F93C /* GameView2.swift */ = {isa = PBXFileReference; lastKnownFileType = sourcecode.swift; path = GameView2.swift; sourceTree = "<group>"; };
		327A416B7FEF7C4BAD3EB4C0 /* GameType.swift */ = {isa = PBXFileReference; lastKnownFileType = sourcecode.swift; path = GameType.swift; sourceTree = "<group>"; };
		34D204F3E8420B14706CF232 /* DaysCoordinator.swift */ = {isa = PBXFileReference; lastKnownFileType = sourcecode.swift; path = DaysCoordinator.swift; sourceTree = "<group>"; };
		3A4777A8C7A0BE464AE4EB18 /* Theme.swift */ = {isa = PBXFileReference; lastKnownFileType = sourcecode.swift; path = Theme.swift; sourceTree = "<group>"; };
		3EEEBAA7A0149D98812BD3FE /* CoreData.swift */ = {isa = PBXFileReference; lastKnownFileType = sourcecode.swift; path = CoreData.swift; sourceTree = "<group>"; };
		410281F0C72FD89CE95033A5 /* ManagedObject.swift */ = {isa = PBXFileReference; lastKnownFileType = sourcecode.swift; path = ManagedObject.swift; sourceTree = "<group>"; };
		44C0A86FDC25669117406F80 /* AppDelegate.swift */ = {isa = PBXFileReference; lastKnownFileType = sourcecode.swift; path = AppDelegate.swift; sourceTree = "<group>"; };
		4F3840E49AE1D985DBE6B8AF /* Coordinator.swift */ = {isa = PBXFileReference; lastKnownFileType = sourcecode.swift; path = Coordinator.swift; sourceTree = "<group>"; };
		55B4C894CAF81604541F0BC8 /* nBack.xcdatamodel */ = {isa = PBXFileReference; lastKnownFileType = wrapper.xcdatamodel; path = nBack.xcdatamodel; sourceTree = "<group>"; };
		576114FE3D8656676E320210 /* DataProviderDelegate.swift */ = {isa = PBXFileReference; lastKnownFileType = sourcecode.swift; path = DataProviderDelegate.swift; sourceTree = "<group>"; };
		5777D9C339A1E5B6882BB237 /* GameView.swift */ = {isa = PBXFileReference; lastKnownFileType = sourcecode.swift; path = GameView.swift; sourceTree = "<group>"; };
		5B76589D4B231A8671BEA735 /* Info.plist */ = {isa = PBXFileReference; lastKnownFileType = text.plist; path = Info.plist; sourceTree = "<group>"; };
		5C150F43B9EC9F6F6AEBDDB1 /* DaysTableViewCell.swift */ = {isa = PBXFileReference; lastKnownFileType = sourcecode.swift; path = DaysTableViewCell.swift; sourceTree = "<group>"; };
		6117B4A0A4635AD130669E66 /* SquareView.swift */ = {isa = PBXFileReference; lastKnownFileType = sourcecode.swift; path = SquareView.swift; sourceTree = "<group>"; };
		6ED3F164270C12311B3DA685 /* Color.swift */ = {isa = PBXFileReference; lastKnownFileType = sourcecode.swift; path = Color.swift; sourceTree = "<group>"; };
		6F9BAB6226BE60D9178F8403 /* nBack.app */ = {isa = PBXFileReference; explicitFileType = wrapper.application; includeInIndex = 0; path = nBack.app; sourceTree = BUILT_PRODUCTS_DIR; };
		73AA63050F4E20782E113A85 /* Day.swift */ = {isa = PBXFileReference; lastKnownFileType = sourcecode.swift; path = Day.swift; sourceTree = "<group>"; };
		7569435FFF1B5FEB28BD4805 /* ManagedObjectObserver.swift */ = {isa = PBXFileReference; lastKnownFileType = sourcecode.swift; path = ManagedObjectObserver.swift; sourceTree = "<group>"; };
		804B61A4255B4946DE816EA3 /* GameResultCell.xib */ = {isa = PBXFileReference; lastKnownFileType = file.xib; path = GameResultCell.xib; sourceTree = "<group>"; };
		8192B7CD1DBFD8A8FC2FEFAD /* ManagedObjectType.swift */ = {isa = PBXFileReference; lastKnownFileType = sourcecode.swift; path = ManagedObjectType.swift; sourceTree = "<group>"; };
		87D58A6D146237F11F01A8B2 /* Label.swift */ = {isa = PBXFileReference; lastKnownFileType = sourcecode.swift; path = Label.swift; sourceTree = "<group>"; };
		9067364762F4B8AA34C932DD /* AppCoordinator.swift */ = {isa = PBXFileReference; lastKnownFileType = sourcecode.swift; path = AppCoordinator.swift; sourceTree = "<group>"; };
		917DAE4642FA97BEDCEEF17C /* TypeResult.swift */ = {isa = PBXFileReference; lastKnownFileType = sourcecode.swift; path = TypeResult.swift; sourceTree = "<group>"; };
		95EA34CC552CA5BB50B240D2 /* GameResultCell.swift */ = {isa = PBXFileReference; lastKnownFileType = sourcecode.swift; path = GameResultCell.swift; sourceTree = "<group>"; };
		9E639A4E2B4611BD483308DD /* TabBarCoordinator.swift */ = {isa = PBXFileReference; lastKnownFileType = sourcecode.swift; path = TabBarCoordinator.swift; sourceTree = "<group>"; };
		A7A486EF7A9D277AD005E4D9 /* ConfigurableCell.swift */ = {isa = PBXFileReference; lastKnownFileType = sourcecode.swift; path = ConfigurableCell.swift; sourceTree = "<group>"; };
		A83CA9AA6E1D7EB02DE7D209 /* SettingsCoordinator.swift */ = {isa = PBXFileReference; lastKnownFileType = sourcecode.swift; path = SettingsCoordinator.swift; sourceTree = "<group>"; };
		AC85E8FA51B142448AD93DED /* TableViewCell.swift */ = {isa = PBXFileReference; lastKnownFileType = sourcecode.swift; path = TableViewCell.swift; sourceTree = "<group>"; };
		B31A904E23DD127700BEDC99 /* SceneDelegate.swift */ = {isa = PBXFileReference; fileEncoding = 4; lastKnownFileType = sourcecode.swift; path = SceneDelegate.swift; sourceTree = "<group>"; };
		B31A908F23DD1D8B00BEDC99 /* nBack.entitlements */ = {isa = PBXFileReference; lastKnownFileType = text.plist.entitlements; path = nBack.entitlements; sourceTree = "<group>"; };
		B31A909123DD1DDA00BEDC99 /* CloudKit.framework */ = {isa = PBXFileReference; lastKnownFileType = wrapper.framework; name = CloudKit.framework; path = System/Library/Frameworks/CloudKit.framework; sourceTree = SDKROOT; };
		B392009AC18E3D5030E09950 /* HasX-Protocols.swift */ = {isa = PBXFileReference; lastKnownFileType = sourcecode.swift; path = "HasX-Protocols.swift"; sourceTree = "<group>"; };
		B3B2BBCE25AD04A0004BBA9B /* Assets.xcassets */ = {isa = PBXFileReference; lastKnownFileType = folder.assetcatalog; name = Assets.xcassets; path = Other/Assets.xcassets; sourceTree = SOURCE_ROOT; };
		B3B2BBD225AD04C2004BBA9B /* Base.lproj */ = {isa = PBXFileReference; lastKnownFileType = file; name = Base.lproj; path = Other/Base.lproj; sourceTree = SOURCE_ROOT; };
		B90FA544E7595DB55C523CF0 /* PlayCoordinator.swift */ = {isa = PBXFileReference; lastKnownFileType = sourcecode.swift; path = PlayCoordinator.swift; sourceTree = "<group>"; };
		B9120707CE63C51A9A5E95AD /* NavigationController.swift */ = {isa = PBXFileReference; lastKnownFileType = sourcecode.swift; path = NavigationController.swift; sourceTree = "<group>"; };
		C080C8A0D12CAA761C675706 /* HeaderView.xib */ = {isa = PBXFileReference; lastKnownFileType = file.xib; path = HeaderView.xib; sourceTree = "<group>"; };
		C82B00B1F79A546AE4D25FE9 /* Button.swift */ = {isa = PBXFileReference; lastKnownFileType = sourcecode.swift; path = Button.swift; sourceTree = "<group>"; };
		CC21D241CC075E8CA974F26C /* SpeechSynthesizer.swift */ = {isa = PBXFileReference; lastKnownFileType = sourcecode.swift; path = SpeechSynthesizer.swift; sourceTree = "<group>"; };
		CCEC4E32DDB22D0BEF6C756B /* DaysTableViewController.swift */ = {isa = PBXFileReference; lastKnownFileType = sourcecode.swift; path = DaysTableViewController.swift; sourceTree = "<group>"; };
		CCF77179EBD6B125694B501C /* GameViewController.swift */ = {isa = PBXFileReference; lastKnownFileType = sourcecode.swift; path = GameViewController.swift; sourceTree = "<group>"; };
		CF6AA2E21A19BD471AC97FB8 /* ContentView.swift */ = {isa = PBXFileReference; lastKnownFileType = sourcecode.swift; path = ContentView.swift; sourceTree = "<group>"; };
		D037C3E94FC914A840EB23C2 /* DataProviderUpdate.swift */ = {isa = PBXFileReference; lastKnownFileType = sourcecode.swift; path = DataProviderUpdate.swift; sourceTree = "<group>"; };
		D290CB32B23683B7070F61C1 /* FetchedResultsDataProvider.swift */ = {isa = PBXFileReference; lastKnownFileType = sourcecode.swift; path = FetchedResultsDataProvider.swift; sourceTree = "<group>"; };
		D72075242953156604CDC205 /* SquareMatrix.swift */ = {isa = PBXFileReference; lastKnownFileType = sourcecode.swift; path = SquareMatrix.swift; sourceTree = "<group>"; };
		D98C565418232274FAC67B71 /* HeaderView.swift */ = {isa = PBXFileReference; lastKnownFileType = sourcecode.swift; path = HeaderView.swift; sourceTree = "<group>"; };
		E923845B41328817494F2E44 /* PlayViewController.swift */ = {isa = PBXFileReference; lastKnownFileType = sourcecode.swift; path = PlayViewController.swift; sourceTree = "<group>"; };
		E9F5BE4EF8BE5D4E4C3A8ACB /* GameBrain.swift */ = {isa = PBXFileReference; lastKnownFileType = sourcecode.swift; path = GameBrain.swift; sourceTree = "<group>"; };
		EA65887D1B28CBCC513CDE63 /* UIViewController+CoordinatorKit.swift */ = {isa = PBXFileReference; lastKnownFileType = sourcecode.swift; path = "UIViewController+CoordinatorKit.swift"; sourceTree = "<group>"; };
		ECDE00CFDBA7BE6880C0EF29 /* DayTableViewController.swift */ = {isa = PBXFileReference; lastKnownFileType = sourcecode.swift; path = DayTableViewController.swift; sourceTree = "<group>"; };
		EF89C4A8A52B1285E6634F84 /* DaysTableViewCell.xib */ = {isa = PBXFileReference; lastKnownFileType = file.xib; path = DaysTableViewCell.xib; sourceTree = "<group>"; };
		F127490226991F1EE470997F /* ViewController.swift */ = {isa = PBXFileReference; lastKnownFileType = sourcecode.swift; path = ViewController.swift; sourceTree = "<group>"; };
		F3B10C9140E38AF85AAC1FA5 /* UIWindow+CoordinatorKit.swift */ = {isa = PBXFileReference; lastKnownFileType = sourcecode.swift; path = "UIWindow+CoordinatorKit.swift"; sourceTree = "<group>"; };
		F6B4A0CEA1EAD5580EF4A6A7 /* DataProvider.swift */ = {isa = PBXFileReference; lastKnownFileType = sourcecode.swift; path = DataProvider.swift; sourceTree = "<group>"; };
		F8AC8C065A71E18624AE8ECA /* NSManagedObjectContext+Extensions.swift */ = {isa = PBXFileReference; lastKnownFileType = sourcecode.swift; path = "NSManagedObjectContext+Extensions.swift"; sourceTree = "<group>"; };
		FB6DA5C32B1F624D7204D206 /* GameSettings.swift */ = {isa = PBXFileReference; lastKnownFileType = sourcecode.swift; path = GameSettings.swift; sourceTree = "<group>"; };
		FF9974577B318649FA371BEE /* NavigationCoordinator.swift */ = {isa = PBXFileReference; lastKnownFileType = sourcecode.swift; path = NavigationCoordinator.swift; sourceTree = "<group>"; };
/* End PBXFileReference section */

/* Begin PBXFrameworksBuildPhase section */
		B31A909323DD1DDA00BEDC99 /* Frameworks */ = {
			isa = PBXFrameworksBuildPhase;
			buildActionMask = 2147483647;
			files = (
				B31A909223DD1DDA00BEDC99 /* CloudKit.framework in Frameworks */,
			);
			runOnlyForDeploymentPostprocessing = 0;
		};
/* End PBXFrameworksBuildPhase section */

/* Begin PBXGroup section */
		0A68DA0FF9CC39A11094A2E7 /* ViewModel */ = {
			isa = PBXGroup;
			children = (
				D72075242953156604CDC205 /* SquareMatrix.swift */,
			);
			path = ViewModel;
			sourceTree = "<group>";
		};
		1A6FCB01BDA802DE4E92205C /* Coordinators */ = {
			isa = PBXGroup;
			children = (
				9067364762F4B8AA34C932DD /* AppCoordinator.swift */,
				A83CA9AA6E1D7EB02DE7D209 /* SettingsCoordinator.swift */,
				83F30E34AE27C68E0E6F91D2 /* History */,
				5B278C3CE8B1B42FA2C35DCA /* Play */,
			);
			path = Coordinators;
			sourceTree = "<group>";
		};
		3DC597027BF9B791620FA483 /* Source */ = {
			isa = PBXGroup;
			children = (
				B31A904E23DD127700BEDC99 /* SceneDelegate.swift */,
				44C0A86FDC25669117406F80 /* AppDelegate.swift */,
				CF6AA2E21A19BD471AC97FB8 /* ContentView.swift */,
				327A416B7FEF7C4BAD3EB4C0 /* GameType.swift */,
				2CB79D90EA640A2BE7D2F93C /* GameView2.swift */,
				B392009AC18E3D5030E09950 /* HasX-Protocols.swift */,
				5B76589D4B231A8671BEA735 /* Info.plist */,
				057882F521287DD382D5237A /* Lets.swift */,
				13DD76B608181F6F4B3B8FA6 /* Utilities.swift */,
				80084C80B9CC925084436281 /* Base Classes */,
				BAA5D5783B2313E7058A558B /* Controllers */,
				47ED0F0296E420F9E654116D /* CoordinatorKit */,
				1A6FCB01BDA802DE4E92205C /* Coordinators */,
				FCCF712AE466AFE077889EB0 /* CoreData */,
				3E6166052F0B2BB5B9C3BCC3 /* CoreDataTypes */,
				7565D96FE489452E5ECCB4AF /* DataProviders */,
				7CA192356E1308CDD1DAD888 /* Model */,
				9BC0B175A9394E1097583C78 /* Other */,
				A9AAF62BA78879025E392C33 /* TableViewDataSources */,
				0A68DA0FF9CC39A11094A2E7 /* ViewModel */,
				C47FCC0CA84CF374F4B9AA64 /* Views */,
			);
			path = Source;
			sourceTree = "<group>";
		};
		3E6166052F0B2BB5B9C3BCC3 /* CoreDataTypes */ = {
			isa = PBXGroup;
			children = (
				73AA63050F4E20782E113A85 /* Day.swift */,
				182AF6BB9DDF7E33FA913244 /* GameResult.swift */,
				410281F0C72FD89CE95033A5 /* ManagedObject.swift */,
				8192B7CD1DBFD8A8FC2FEFAD /* ManagedObjectType.swift */,
				917DAE4642FA97BEDCEEF17C /* TypeResult.swift */,
			);
			path = CoreDataTypes;
			sourceTree = "<group>";
		};
		47ED0F0296E420F9E654116D /* CoordinatorKit */ = {
			isa = PBXGroup;
			children = (
				4F3840E49AE1D985DBE6B8AF /* Coordinator.swift */,
				FF9974577B318649FA371BEE /* NavigationCoordinator.swift */,
				9E639A4E2B4611BD483308DD /* TabBarCoordinator.swift */,
				EA65887D1B28CBCC513CDE63 /* UIViewController+CoordinatorKit.swift */,
				F3B10C9140E38AF85AAC1FA5 /* UIWindow+CoordinatorKit.swift */,
			);
			path = CoordinatorKit;
			sourceTree = "<group>";
		};
		4ED61AD7F4F9EF1F9956A3E6 /* History */ = {
			isa = PBXGroup;
			children = (
				CCEC4E32DDB22D0BEF6C756B /* DaysTableViewController.swift */,
				ECDE00CFDBA7BE6880C0EF29 /* DayTableViewController.swift */,
			);
			path = History;
			sourceTree = "<group>";
		};
		5B278C3CE8B1B42FA2C35DCA /* Play */ = {
			isa = PBXGroup;
			children = (
				11AEB07C3BFB5BC9594449B9 /* GameCoordinator.swift */,
				B90FA544E7595DB55C523CF0 /* PlayCoordinator.swift */,
			);
			path = Play;
			sourceTree = "<group>";
		};
		7565D96FE489452E5ECCB4AF /* DataProviders */ = {
			isa = PBXGroup;
			children = (
				F6B4A0CEA1EAD5580EF4A6A7 /* DataProvider.swift */,
				576114FE3D8656676E320210 /* DataProviderDelegate.swift */,
				D037C3E94FC914A840EB23C2 /* DataProviderUpdate.swift */,
				D290CB32B23683B7070F61C1 /* FetchedResultsDataProvider.swift */,
			);
			path = DataProviders;
			sourceTree = "<group>";
		};
		7CA192356E1308CDD1DAD888 /* Model */ = {
			isa = PBXGroup;
			children = (
				6ED3F164270C12311B3DA685 /* Color.swift */,
				E9F5BE4EF8BE5D4E4C3A8ACB /* GameBrain.swift */,
				FB6DA5C32B1F624D7204D206 /* GameSettings.swift */,
				CC21D241CC075E8CA974F26C /* SpeechSynthesizer.swift */,
			);
			path = Model;
			sourceTree = "<group>";
		};
		80084C80B9CC925084436281 /* Base Classes */ = {
			isa = PBXGroup;
			children = (
				237718D1A5E1D43BF4855520 /* BaseView.swift */,
				C82B00B1F79A546AE4D25FE9 /* Button.swift */,
				1274196DE32EA381AE1465C1 /* DayTableViewCellLabel.swift */,
				5777D9C339A1E5B6882BB237 /* GameView.swift */,
				87D58A6D146237F11F01A8B2 /* Label.swift */,
				B9120707CE63C51A9A5E95AD /* NavigationController.swift */,
				13EB5CAD4DC3C18510BEA7CA /* StackView.swift */,
				AC85E8FA51B142448AD93DED /* TableViewCell.swift */,
				F127490226991F1EE470997F /* ViewController.swift */,
			);
			path = "Base Classes";
			sourceTree = "<group>";
		};
		83F30E34AE27C68E0E6F91D2 /* History */ = {
			isa = PBXGroup;
			children = (
				2265BF874FF357B310926449 /* DayCoordinator.swift */,
				34D204F3E8420B14706CF232 /* DaysCoordinator.swift */,
			);
			path = History;
			sourceTree = "<group>";
		};
		9BC0B175A9394E1097583C78 /* Other */ = {
			isa = PBXGroup;
			children = (
				B3B2BBD225AD04C2004BBA9B /* Base.lproj */,
				B3B2BBCE25AD04A0004BBA9B /* Assets.xcassets */,
			);
			path = Other;
			sourceTree = "<group>";
		};
		A9AAF62BA78879025E392C33 /* TableViewDataSources */ = {
			isa = PBXGroup;
			children = (
				1C3B8A8C32C127AFCC7D0CC2 /* TableViewDataSource.swift */,
			);
			path = TableViewDataSources;
			sourceTree = "<group>";
		};
		B31A909023DD1DDA00BEDC99 /* Frameworks */ = {
			isa = PBXGroup;
			children = (
				B31A909123DD1DDA00BEDC99 /* CloudKit.framework */,
			);
			name = Frameworks;
			sourceTree = "<group>";
		};
		BAA5D5783B2313E7058A558B /* Controllers */ = {
			isa = PBXGroup;
			children = (
				0C54CA8B1838A92EDE516013 /* TableViewController.swift */,
				4ED61AD7F4F9EF1F9956A3E6 /* History */,
				D217FFBD71B7D0DEF50B1099 /* Play */,
			);
			path = Controllers;
			sourceTree = "<group>";
		};
		C47FCC0CA84CF374F4B9AA64 /* Views */ = {
			isa = PBXGroup;
			children = (
				A7A486EF7A9D277AD005E4D9 /* ConfigurableCell.swift */,
				5C150F43B9EC9F6F6AEBDDB1 /* DaysTableViewCell.swift */,
				EF89C4A8A52B1285E6634F84 /* DaysTableViewCell.xib */,
				95EA34CC552CA5BB50B240D2 /* GameResultCell.swift */,
				804B61A4255B4946DE816EA3 /* GameResultCell.xib */,
				D98C565418232274FAC67B71 /* HeaderView.swift */,
				C080C8A0D12CAA761C675706 /* HeaderView.xib */,
				6117B4A0A4635AD130669E66 /* SquareView.swift */,
				3A4777A8C7A0BE464AE4EB18 /* Theme.swift */,
			);
			path = Views;
			sourceTree = "<group>";
		};
		C7DAF8A0184C0233BF52C29D = {
			isa = PBXGroup;
			children = (
				B31A908F23DD1D8B00BEDC99 /* nBack.entitlements */,
				3DC597027BF9B791620FA483 /* Source */,
				E28553F2B95A871A585266FA /* Products */,
				B31A909023DD1DDA00BEDC99 /* Frameworks */,
			);
			sourceTree = "<group>";
		};
		D217FFBD71B7D0DEF50B1099 /* Play */ = {
			isa = PBXGroup;
			children = (
				CCF77179EBD6B125694B501C /* GameViewController.swift */,
				E923845B41328817494F2E44 /* PlayViewController.swift */,
			);
			path = Play;
			sourceTree = "<group>";
		};
		E28553F2B95A871A585266FA /* Products */ = {
			isa = PBXGroup;
			children = (
				6F9BAB6226BE60D9178F8403 /* nBack.app */,
			);
			name = Products;
			sourceTree = "<group>";
		};
		FCCF712AE466AFE077889EB0 /* CoreData */ = {
			isa = PBXGroup;
			children = (
				3EEEBAA7A0149D98812BD3FE /* CoreData.swift */,
				7569435FFF1B5FEB28BD4805 /* ManagedObjectObserver.swift */,
				BD6B4455024AEE783E7FC82F /* nBack.xcdatamodeld */,
				F8AC8C065A71E18624AE8ECA /* NSManagedObjectContext+Extensions.swift */,
			);
			path = CoreData;
			sourceTree = "<group>";
		};
/* End PBXGroup section */

/* Begin PBXNativeTarget section */
		5E27364CAEBA292CFDFCAF9F /* nBack */ = {
			isa = PBXNativeTarget;
			buildConfigurationList = 83F7566B9BCE7E4B710229D9 /* Build configuration list for PBXNativeTarget "nBack" */;
			buildPhases = (
				B3B2BBCC25AD0453004BBA9B /* ShellScript */,
				6673D47513361E7F209C2BB2 /* Sources */,
				8050FEA3F9829108F69B0D87 /* Resources */,
				B31A909323DD1DDA00BEDC99 /* Frameworks */,
			);
			buildRules = (
			);
			dependencies = (
			);
			name = nBack;
			productName = nBack;
			productReference = 6F9BAB6226BE60D9178F8403 /* nBack.app */;
			productType = "com.apple.product-type.application";
		};
/* End PBXNativeTarget section */

/* Begin PBXProject section */
		36A4EE8B352E0B063AFDC077 /* Project object */ = {
			isa = PBXProject;
			attributes = {
				LastUpgradeCheck = 1020;
			};
			buildConfigurationList = 54ABDAAC657F4315F6C60708 /* Build configuration list for PBXProject "nBack" */;
			compatibilityVersion = "Xcode 10.0";
			developmentRegion = en;
			hasScannedForEncodings = 0;
			knownRegions = (
				en,
				Base,
			);
			mainGroup = C7DAF8A0184C0233BF52C29D;
			projectDirPath = "";
			projectRoot = "";
			targets = (
				5E27364CAEBA292CFDFCAF9F /* nBack */,
			);
		};
/* End PBXProject section */

/* Begin PBXResourcesBuildPhase section */
		8050FEA3F9829108F69B0D87 /* Resources */ = {
			isa = PBXResourcesBuildPhase;
			buildActionMask = 2147483647;
			files = (
				7ADE4E264C9C5851C2B90428 /* DaysTableViewCell.xib in Resources */,
				A1F28931FD71341BC72CC40F /* GameResultCell.xib in Resources */,
				A9F0C8A1B468878A91193568 /* HeaderView.xib in Resources */,
				B3B2BBCF25AD04A0004BBA9B /* Assets.xcassets in Resources */,
				B3B2BBD325AD04C2004BBA9B /* Base.lproj in Resources */,
			);
			runOnlyForDeploymentPostprocessing = 0;
		};
/* End PBXResourcesBuildPhase section */

/* Begin PBXShellScriptBuildPhase section */
		B3B2BBCC25AD0453004BBA9B /* ShellScript */ = {
			isa = PBXShellScriptBuildPhase;
			buildActionMask = 2147483647;
			files = (
			);
			inputFileListPaths = (
			);
			inputPaths = (
			);
			outputFileListPaths = (
			);
			outputPaths = (
			);
			runOnlyForDeploymentPostprocessing = 0;
			shellPath = /bin/sh;
			shellScript = "/Users/lanza/.local/bin/xcode-format\n";
		};
/* End PBXShellScriptBuildPhase section */

/* Begin PBXSourcesBuildPhase section */
		6673D47513361E7F209C2BB2 /* Sources */ = {
			isa = PBXSourcesBuildPhase;
			buildActionMask = 2147483647;
			files = (
				AF156A36D70EF8C61BE1FA63 /* AppCoordinator.swift in Sources */,
				9FD143239D6DB1E16F87F95A /* AppDelegate.swift in Sources */,
				228263356EF3CD9FDCC9D2B0 /* BaseView.swift in Sources */,
				0D25C3E29AE1DB00D55C1B3A /* Button.swift in Sources */,
				3D667B483D4876E209D1A063 /* Color.swift in Sources */,
				C6FEA32999C71A90102D04B4 /* ConfigurableCell.swift in Sources */,
				DE68820F15DECED4E7F27859 /* ContentView.swift in Sources */,
				ED897DA456255FE932A69B4D /* Coordinator.swift in Sources */,
				089E941AAB630E67D66D322A /* CoreData.swift in Sources */,
				626B45CEEB9F5DC26C7BD92C /* DataProvider.swift in Sources */,
				D364A7018DABC405D1A4BB58 /* DataProviderDelegate.swift in Sources */,
				833492E7A7F2601DF0C92146 /* DataProviderUpdate.swift in Sources */,
				FC4E9E7B32510AEB033B26C7 /* Day.swift in Sources */,
				A73863A4B37856745C444D76 /* DayCoordinator.swift in Sources */,
				7D6528EE9CD9812808432AB0 /* DayTableViewCellLabel.swift in Sources */,
				8D447823AB9F8780E4420B46 /* DayTableViewController.swift in Sources */,
				F9B56F182CF84DE429B649DF /* DaysCoordinator.swift in Sources */,
				3742073D2DF6A75752F818C9 /* DaysTableViewCell.swift in Sources */,
				4053F4647310D6AC836C51BC /* DaysTableViewController.swift in Sources */,
				54BCB989FBCBB23A9FE16C7C /* FetchedResultsDataProvider.swift in Sources */,
				A5EFFA9668E5B89F0AACD7A2 /* GameBrain.swift in Sources */,
				84DB6C6BB23809B77402FE76 /* GameCoordinator.swift in Sources */,
				6C87B93CF53614D71174C9FB /* GameResult.swift in Sources */,
				99CA391C3001E30822FA5181 /* GameResultCell.swift in Sources */,
				044389F92F3D263FA558E7DC /* GameSettings.swift in Sources */,
				184B117D109238F4C1549160 /* GameType.swift in Sources */,
				290A6DB6DB8F1D447657F885 /* GameView.swift in Sources */,
				D7973F75EE7D4B4EC41BB75E /* GameView2.swift in Sources */,
				FCE3D40885C19C8A73B9ED69 /* GameViewController.swift in Sources */,
				925A45DEAFE12D4902F05890 /* HasX-Protocols.swift in Sources */,
				3E7E00F754FF0E89F37282C7 /* HeaderView.swift in Sources */,
				4D2FF2CBCB776EED3ABC27AE /* Label.swift in Sources */,
				99EA6CDE3B7BC8D61AF7F182 /* Lets.swift in Sources */,
				637451D55867DF72EBD5FAD8 /* ManagedObject.swift in Sources */,
				182CDBEF4B349E92B1DF234E /* ManagedObjectObserver.swift in Sources */,
				AECC1A387F133096F20A9BA5 /* ManagedObjectType.swift in Sources */,
				C76FDE5C7C8EE501FFAD2723 /* NSManagedObjectContext+Extensions.swift in Sources */,
				B38B2C41104942850D19BCD2 /* NavigationController.swift in Sources */,
				13E23DF3CAF80A1FF29CFA6D /* NavigationCoordinator.swift in Sources */,
				CDBD3EE9ACE9BEFC2FEC03A2 /* PlayCoordinator.swift in Sources */,
				2F2FCFC0F55F52A5A61A6AFF /* PlayViewController.swift in Sources */,
				B31A904F23DD127700BEDC99 /* SceneDelegate.swift in Sources */,
				618A6A79A9005E9649E22DE8 /* SettingsCoordinator.swift in Sources */,
				60225EEFDC513B1CBD2CE687 /* SpeechSynthesizer.swift in Sources */,
				AC85AD6DA30D56962AABBF30 /* SquareMatrix.swift in Sources */,
				E75E0F8B11781AD95CBB6FBE /* SquareView.swift in Sources */,
				4F5523CCE5832B3267B8E7AB /* StackView.swift in Sources */,
				454376AC20B024B37A7462A2 /* TabBarCoordinator.swift in Sources */,
				7C58050A62F700B879FC6665 /* TableViewCell.swift in Sources */,
				C9BB434DF2424670EA5EB3C9 /* TableViewController.swift in Sources */,
				FF2D1C03125472F1C4E22446 /* TableViewDataSource.swift in Sources */,
				64D2C1B9A6B57048D897EBDB /* Theme.swift in Sources */,
				BC8B98106EB4E0723B5D3EDF /* TypeResult.swift in Sources */,
				28B3FF234A81E777226C02C8 /* UIViewController+CoordinatorKit.swift in Sources */,
				80488555498C1BA07D7C9C94 /* UIWindow+CoordinatorKit.swift in Sources */,
				CE29A9C3252C70CB939370CB /* Utilities.swift in Sources */,
				C0C8D81A751B4B4BCA8032A9 /* ViewController.swift in Sources */,
				616CCB9024786E860C11EA77 /* nBack.xcdatamodeld in Sources */,
			);
			runOnlyForDeploymentPostprocessing = 0;
		};
/* End PBXSourcesBuildPhase section */

/* Begin XCBuildConfiguration section */
		2AEA8C48AB7B9FDA7F776FE2 /* Release */ = {
			isa = XCBuildConfiguration;
			buildSettings = {
				ASSETCATALOG_COMPILER_APPICON_NAME = AppIcon;
				CODE_SIGN_ENTITLEMENTS = nBack.entitlements;
				CODE_SIGN_IDENTITY = "iPhone Developer";
				CUSTOM_BUILD_SETTING = my_release_value;
				DERIVE_MACCATALYST_PRODUCT_BUNDLE_IDENTIFIER = YES;
				DEVELOPMENT_TEAM = 72MNHNDUNH;
				INFOPLIST_FILE = Source/Info.plist;
				IPHONEOS_DEPLOYMENT_TARGET = 13.0;
				LD_RUNPATH_SEARCH_PATHS = (
					"$(inherited)",
					"@executable_path/Frameworks",
				);
				PRODUCT_BUNDLE_IDENTIFIER = io.lanza.nBack;
				SDKROOT = iphoneos;
				SUPPORTS_MACCATALYST = YES;
				TARGETED_DEVICE_FAMILY = "1,2";
			};
			name = Release;
		};
		B0B39143A3F61C24E7FAEA22 /* Debug */ = {
			isa = XCBuildConfiguration;
			buildSettings = {
				ASSETCATALOG_COMPILER_APPICON_NAME = AppIcon;
				CODE_SIGN_ENTITLEMENTS = nBack.entitlements;
				CODE_SIGN_IDENTITY = "iPhone Developer";
				CUSTOM_BUILD_SETTING = my_debug_value;
				DERIVE_MACCATALYST_PRODUCT_BUNDLE_IDENTIFIER = YES;
				DEVELOPMENT_TEAM = 72MNHNDUNH;
				INFOPLIST_FILE = Source/Info.plist;
				IPHONEOS_DEPLOYMENT_TARGET = 13.0;
				LD_RUNPATH_SEARCH_PATHS = (
					"$(inherited)",
					"@executable_path/Frameworks",
				);
				PRODUCT_BUNDLE_IDENTIFIER = io.lanza.nBack;
				SDKROOT = iphoneos;
				SUPPORTS_MACCATALYST = YES;
				TARGETED_DEVICE_FAMILY = "1,2";
			};
			name = Debug;
		};
		C94D316D5D07447F90CA0136 /* Debug */ = {
			isa = XCBuildConfiguration;
			buildSettings = {
				ALWAYS_SEARCH_USER_PATHS = NO;
				CLANG_ANALYZER_NONNULL = YES;
				CLANG_ANALYZER_NUMBER_OBJECT_CONVERSION = YES_AGGRESSIVE;
				CLANG_CXX_LANGUAGE_STANDARD = "gnu++14";
				CLANG_CXX_LIBRARY = "libc++";
				CLANG_ENABLE_MODULES = YES;
				CLANG_ENABLE_OBJC_ARC = YES;
				CLANG_WARN_BLOCK_CAPTURE_AUTORELEASING = YES;
				CLANG_WARN_BOOL_CONVERSION = YES;
				CLANG_WARN_COMMA = YES;
				CLANG_WARN_CONSTANT_CONVERSION = YES;
				CLANG_WARN_DEPRECATED_OBJC_IMPLEMENTATIONS = YES;
				CLANG_WARN_DIRECT_OBJC_ISA_USAGE = YES_ERROR;
				CLANG_WARN_DOCUMENTATION_COMMENTS = YES;
				CLANG_WARN_EMPTY_BODY = YES;
				CLANG_WARN_ENUM_CONVERSION = YES;
				CLANG_WARN_INFINITE_RECURSION = YES;
				CLANG_WARN_INT_CONVERSION = YES;
				CLANG_WARN_NON_LITERAL_NULL_CONVERSION = YES;
				CLANG_WARN_OBJC_IMPLICIT_RETAIN_SELF = YES;
				CLANG_WARN_OBJC_LITERAL_CONVERSION = YES;
				CLANG_WARN_OBJC_ROOT_CLASS = YES_ERROR;
				CLANG_WARN_RANGE_LOOP_ANALYSIS = YES;
				CLANG_WARN_STRICT_PROTOTYPES = YES;
				CLANG_WARN_SUSPICIOUS_MOVE = YES;
				CLANG_WARN_UNGUARDED_AVAILABILITY = YES_AGGRESSIVE;
				CLANG_WARN_UNREACHABLE_CODE = YES;
				CLANG_WARN__DUPLICATE_METHOD_MATCH = YES;
				COPY_PHASE_STRIP = NO;
				DEBUG_INFORMATION_FORMAT = dwarf;
				ENABLE_STRICT_OBJC_MSGSEND = YES;
				ENABLE_TESTABILITY = YES;
				GCC_C_LANGUAGE_STANDARD = gnu11;
				GCC_DYNAMIC_NO_PIC = NO;
				GCC_NO_COMMON_BLOCKS = YES;
				GCC_OPTIMIZATION_LEVEL = 0;
				GCC_PREPROCESSOR_DEFINITIONS = (
					"$(inherited)",
					"DEBUG=1",
				);
				GCC_WARN_64_TO_32_BIT_CONVERSION = YES;
				GCC_WARN_ABOUT_RETURN_TYPE = YES_ERROR;
				GCC_WARN_UNDECLARED_SELECTOR = YES;
				GCC_WARN_UNINITIALIZED_AUTOS = YES_AGGRESSIVE;
				GCC_WARN_UNUSED_FUNCTION = YES;
				GCC_WARN_UNUSED_VARIABLE = YES;
				MTL_ENABLE_DEBUG_INFO = YES;
				ONLY_ACTIVE_ARCH = YES;
				PRODUCT_NAME = "$(TARGET_NAME)";
				SDKROOT = iphoneos;
				SWIFT_ACTIVE_COMPILATION_CONDITIONS = DEBUG;
				SWIFT_OPTIMIZATION_LEVEL = "-Onone";
				SWIFT_VERSION = 5.0;
			};
			name = Debug;
		};
		D8E6546798BE10F3E06721E2 /* Release */ = {
			isa = XCBuildConfiguration;
			buildSettings = {
				ALWAYS_SEARCH_USER_PATHS = NO;
				CLANG_ANALYZER_NONNULL = YES;
				CLANG_ANALYZER_NUMBER_OBJECT_CONVERSION = YES_AGGRESSIVE;
				CLANG_CXX_LANGUAGE_STANDARD = "gnu++14";
				CLANG_CXX_LIBRARY = "libc++";
				CLANG_ENABLE_MODULES = YES;
				CLANG_ENABLE_OBJC_ARC = YES;
				CLANG_WARN_BLOCK_CAPTURE_AUTORELEASING = YES;
				CLANG_WARN_BOOL_CONVERSION = YES;
				CLANG_WARN_COMMA = YES;
				CLANG_WARN_CONSTANT_CONVERSION = YES;
				CLANG_WARN_DEPRECATED_OBJC_IMPLEMENTATIONS = YES;
				CLANG_WARN_DIRECT_OBJC_ISA_USAGE = YES_ERROR;
				CLANG_WARN_DOCUMENTATION_COMMENTS = YES;
				CLANG_WARN_EMPTY_BODY = YES;
				CLANG_WARN_ENUM_CONVERSION = YES;
				CLANG_WARN_INFINITE_RECURSION = YES;
				CLANG_WARN_INT_CONVERSION = YES;
				CLANG_WARN_NON_LITERAL_NULL_CONVERSION = YES;
				CLANG_WARN_OBJC_IMPLICIT_RETAIN_SELF = YES;
				CLANG_WARN_OBJC_LITERAL_CONVERSION = YES;
				CLANG_WARN_OBJC_ROOT_CLASS = YES_ERROR;
				CLANG_WARN_RANGE_LOOP_ANALYSIS = YES;
				CLANG_WARN_STRICT_PROTOTYPES = YES;
				CLANG_WARN_SUSPICIOUS_MOVE = YES;
				CLANG_WARN_UNGUARDED_AVAILABILITY = YES_AGGRESSIVE;
				CLANG_WARN_UNREACHABLE_CODE = YES;
				CLANG_WARN__DUPLICATE_METHOD_MATCH = YES;
				COPY_PHASE_STRIP = NO;
				DEBUG_INFORMATION_FORMAT = "dwarf-with-dsym";
				ENABLE_NS_ASSERTIONS = NO;
				ENABLE_STRICT_OBJC_MSGSEND = YES;
				GCC_C_LANGUAGE_STANDARD = gnu11;
				GCC_NO_COMMON_BLOCKS = YES;
				GCC_WARN_64_TO_32_BIT_CONVERSION = YES;
				GCC_WARN_ABOUT_RETURN_TYPE = YES_ERROR;
				GCC_WARN_UNDECLARED_SELECTOR = YES;
				GCC_WARN_UNINITIALIZED_AUTOS = YES_AGGRESSIVE;
				GCC_WARN_UNUSED_FUNCTION = YES;
				GCC_WARN_UNUSED_VARIABLE = YES;
				PRODUCT_NAME = "$(TARGET_NAME)";
				SDKROOT = iphoneos;
				SWIFT_COMPILATION_MODE = wholemodule;
				SWIFT_VERSION = 5.0;
				VALIDATE_PRODUCT = YES;
			};
			name = Release;
		};
/* End XCBuildConfiguration section */

/* Begin XCConfigurationList section */
		54ABDAAC657F4315F6C60708 /* Build configuration list for PBXProject "nBack" */ = {
			isa = XCConfigurationList;
			buildConfigurations = (
				C94D316D5D07447F90CA0136 /* Debug */,
				D8E6546798BE10F3E06721E2 /* Release */,
			);
			defaultConfigurationIsVisible = 0;
			defaultConfigurationName = Debug;
		};
		83F7566B9BCE7E4B710229D9 /* Build configuration list for PBXNativeTarget "nBack" */ = {
			isa = XCConfigurationList;
			buildConfigurations = (
				B0B39143A3F61C24E7FAEA22 /* Debug */,
				2AEA8C48AB7B9FDA7F776FE2 /* Release */,
			);
			defaultConfigurationIsVisible = 0;
			defaultConfigurationName = "";
		};
/* End XCConfigurationList section */

/* Begin XCVersionGroup section */
		BD6B4455024AEE783E7FC82F /* nBack.xcdatamodeld */ = {
			isa = XCVersionGroup;
			children = (
				55B4C894CAF81604541F0BC8 /* nBack.xcdatamodel */,
			);
			currentVersion = 55B4C894CAF81604541F0BC8 /* nBack.xcdatamodel */;
			path = nBack.xcdatamodeld;
			sourceTree = "<group>";
			versionGroupType = wrapper.xcdatamodel;
		};
/* End XCVersionGroup section */
	};
	rootObject = 36A4EE8B352E0B063AFDC077 /* Project object */;
}
