// !$*UTF8*$!
{
	archiveVersion = 1;
	classes = {
	};
	objectVersion = 46;
	objects = {

/* Begin PBXBuildFile section */
		06CB832D0140D0A295D0F7FB /* Pods_nBackTests.framework in Frameworks */ = {isa = PBXBuildFile; fileRef = 5145ADA8D6F87422A5E3E6E5 /* Pods_nBackTests.framework */; };
		4284318E289103AA0E25F235 /* Pods_nBack.framework in Frameworks */ = {isa = PBXBuildFile; fileRef = 1FB16030D2915751BE310282 /* Pods_nBack.framework */; };
		972182E030F5C3A059BA9756 /* Pods_nBackInternal.framework in Frameworks */ = {isa = PBXBuildFile; fileRef = D19ED8A57F9C31AA8A3BF972 /* Pods_nBackInternal.framework */; };
		B30DE9341D711B4300138962 /* AppDelegate.swift in Sources */ = {isa = PBXBuildFile; fileRef = B30DE9331D711B4300138962 /* AppDelegate.swift */; };
		B30DE9361D711B4300138962 /* AppCoordinator.swift in Sources */ = {isa = PBXBuildFile; fileRef = B30DE9351D711B4300138962 /* AppCoordinator.swift */; };
		B30DE93C1D711B4300138962 /* nBack.xcdatamodeld in Sources */ = {isa = PBXBuildFile; fileRef = B30DE93A1D711B4300138962 /* nBack.xcdatamodeld */; };
		B30DE93E1D711B4300138962 /* Assets.xcassets in Resources */ = {isa = PBXBuildFile; fileRef = B30DE93D1D711B4300138962 /* Assets.xcassets */; };
		B30DE9411D711B4300138962 /* LaunchScreen.storyboard in Resources */ = {isa = PBXBuildFile; fileRef = B30DE93F1D711B4300138962 /* LaunchScreen.storyboard */; };
		B30DE9671D711F3D00138962 /* PlayViewController.swift in Sources */ = {isa = PBXBuildFile; fileRef = B30DE9661D711F3D00138962 /* PlayViewController.swift */; };
		B30DE9691D711F6700138962 /* DaysTableViewController.swift in Sources */ = {isa = PBXBuildFile; fileRef = B30DE9681D711F6700138962 /* DaysTableViewController.swift */; };
		B30DE96B1D7127EF00138962 /* CoreData.swift in Sources */ = {isa = PBXBuildFile; fileRef = B30DE96A1D7127EF00138962 /* CoreData.swift */; };
		B30DE96D1D71280000138962 /* Lets.swift in Sources */ = {isa = PBXBuildFile; fileRef = B30DE96C1D71280000138962 /* Lets.swift */; };
		B30DE96F1D71281C00138962 /* Theme.swift in Sources */ = {isa = PBXBuildFile; fileRef = B30DE96E1D71281C00138962 /* Theme.swift */; };
		B30DE9741D712BCD00138962 /* GameResult.swift in Sources */ = {isa = PBXBuildFile; fileRef = B30DE9701D712BCD00138962 /* GameResult.swift */; };
		B30DE9761D712BCD00138962 /* TypeResult.swift in Sources */ = {isa = PBXBuildFile; fileRef = B30DE9721D712BCD00138962 /* TypeResult.swift */; };
		B30DE97A1D712BE200138962 /* ManagedObject.swift in Sources */ = {isa = PBXBuildFile; fileRef = B30DE9791D712BE200138962 /* ManagedObject.swift */; };
		B30DE97F1D71358000138962 /* ViewController.swift in Sources */ = {isa = PBXBuildFile; fileRef = B30DE97E1D71358000138962 /* ViewController.swift */; };
		B30DE9851D7135FF00138962 /* GameViewController.swift in Sources */ = {isa = PBXBuildFile; fileRef = B30DE9841D7135FF00138962 /* GameViewController.swift */; };
		B30DE9871D71364B00138962 /* StackView.swift in Sources */ = {isa = PBXBuildFile; fileRef = B30DE9861D71364B00138962 /* StackView.swift */; };
		B30DE9891D71370A00138962 /* SquareView.swift in Sources */ = {isa = PBXBuildFile; fileRef = B30DE9881D71370A00138962 /* SquareView.swift */; };
		B30DE98B1D71371100138962 /* View.swift in Sources */ = {isa = PBXBuildFile; fileRef = B30DE98A1D71371100138962 /* View.swift */; };
		B30DE9911D71476B00138962 /* PlayCoordinator.swift in Sources */ = {isa = PBXBuildFile; fileRef = B30DE9901D71476B00138962 /* PlayCoordinator.swift */; };
		B30DE9931D714C8A00138962 /* NavigationController.swift in Sources */ = {isa = PBXBuildFile; fileRef = B30DE9921D714C8A00138962 /* NavigationController.swift */; };
		B30DE9951D714EEA00138962 /* DaysCoordinator.swift in Sources */ = {isa = PBXBuildFile; fileRef = B30DE9941D714EEA00138962 /* DaysCoordinator.swift */; };
		B30DE9991D7151F000138962 /* GameCoordinator.swift in Sources */ = {isa = PBXBuildFile; fileRef = B30DE9981D7151F000138962 /* GameCoordinator.swift */; };
		B30DE99B1D71555A00138962 /* Button.swift in Sources */ = {isa = PBXBuildFile; fileRef = B30DE99A1D71555A00138962 /* Button.swift */; };
		B30DE99F1D7156E800138962 /* GameType.swift in Sources */ = {isa = PBXBuildFile; fileRef = B30DE99E1D7156E800138962 /* GameType.swift */; };
		B310E0581DD1083D00089E98 /* HeaderView.xib in Resources */ = {isa = PBXBuildFile; fileRef = B310E0571DD1083D00089E98 /* HeaderView.xib */; };
		B310E05A1DD1089500089E98 /* HeaderView.swift in Sources */ = {isa = PBXBuildFile; fileRef = B310E0591DD1089500089E98 /* HeaderView.swift */; };
		B31F35941D7171DD00BBC1D2 /* SquareMatrix.swift in Sources */ = {isa = PBXBuildFile; fileRef = B31F35931D7171DD00BBC1D2 /* SquareMatrix.swift */; };
		B31F35961D71720400BBC1D2 /* GameView.swift in Sources */ = {isa = PBXBuildFile; fileRef = B31F35951D71720400BBC1D2 /* GameView.swift */; };
		B31F359A1D71727800BBC1D2 /* GameBrain.swift in Sources */ = {isa = PBXBuildFile; fileRef = B31F35991D71727800BBC1D2 /* GameBrain.swift */; };
		B31F35A21D71733100BBC1D2 /* GameSettings.swift in Sources */ = {isa = PBXBuildFile; fileRef = B31F35A11D71733100BBC1D2 /* GameSettings.swift */; };
		B31F35A61D717E7E00BBC1D2 /* Utilities.swift in Sources */ = {isa = PBXBuildFile; fileRef = B31F35A51D717E7E00BBC1D2 /* Utilities.swift */; };
		B31F35B31D7229F000BBC1D2 /* TableViewCell.swift in Sources */ = {isa = PBXBuildFile; fileRef = B31F35B21D7229F000BBC1D2 /* TableViewCell.swift */; };
		B31F35B51D722A0A00BBC1D2 /* ConfigurableCell.swift in Sources */ = {isa = PBXBuildFile; fileRef = B31F35B41D722A0A00BBC1D2 /* ConfigurableCell.swift */; };
		B31F35BE1D72449B00BBC1D2 /* DaysTableViewCell.swift in Sources */ = {isa = PBXBuildFile; fileRef = B31F35BD1D72449B00BBC1D2 /* DaysTableViewCell.swift */; };
		B31F35C21D728E8100BBC1D2 /* Day.swift in Sources */ = {isa = PBXBuildFile; fileRef = B31F35C11D728E8100BBC1D2 /* Day.swift */; };
		B31F40811E7E778E00FDEA08 /* NSManagedObjectContext+Extension.swift in Sources */ = {isa = PBXBuildFile; fileRef = B31F40801E7E778E00FDEA08 /* NSManagedObjectContext+Extension.swift */; };
		B31F40831E7E77F100FDEA08 /* CoreDataDataGeneratorSpec.swift in Sources */ = {isa = PBXBuildFile; fileRef = B31F40821E7E77F100FDEA08 /* CoreDataDataGeneratorSpec.swift */; };
		B31F40851E7E782800FDEA08 /* CoreDataDataGenerator.swift in Sources */ = {isa = PBXBuildFile; fileRef = B31F40841E7E782800FDEA08 /* CoreDataDataGenerator.swift */; };
		B31F40871E7E7F4000FDEA08 /* TestableCoreData.swift in Sources */ = {isa = PBXBuildFile; fileRef = B31F40861E7E7F4000FDEA08 /* TestableCoreData.swift */; };
		B31F408A1E7E84F700FDEA08 /* CoreDataToRealmMigrator.swift in Sources */ = {isa = PBXBuildFile; fileRef = B31F40881E7E845D00FDEA08 /* CoreDataToRealmMigrator.swift */; };
		B31F408B1E7E84F800FDEA08 /* CoreDataToRealmMigrator.swift in Sources */ = {isa = PBXBuildFile; fileRef = B31F40881E7E845D00FDEA08 /* CoreDataToRealmMigrator.swift */; };
		B32D43871E73BA4E00DAE063 /* JSONParserTests.swift in Sources */ = {isa = PBXBuildFile; fileRef = B32D43861E73BA4E00DAE063 /* JSONParserTests.swift */; };
		B32D43911E73CEBF00DAE063 /* Initializer.swift in Sources */ = {isa = PBXBuildFile; fileRef = B32D43901E73CEBE00DAE063 /* Initializer.swift */; };
		B345609A1E7A4E5B005C9EE6 /* Database.swift in Sources */ = {isa = PBXBuildFile; fileRef = B34560991E7A4E5B005C9EE6 /* Database.swift */; };
		B345609B1E7A4E5B005C9EE6 /* Database.swift in Sources */ = {isa = PBXBuildFile; fileRef = B34560991E7A4E5B005C9EE6 /* Database.swift */; };
		B3557EA21E738B590017D6F3 /* ConfigurableCell.swift in Sources */ = {isa = PBXBuildFile; fileRef = B31F35B41D722A0A00BBC1D2 /* ConfigurableCell.swift */; };
		B3557EA31E738B590017D6F3 /* ViewController.swift in Sources */ = {isa = PBXBuildFile; fileRef = B30DE97E1D71358000138962 /* ViewController.swift */; };
		B3557EA41E738B590017D6F3 /* ManagedObject.swift in Sources */ = {isa = PBXBuildFile; fileRef = B30DE9791D712BE200138962 /* ManagedObject.swift */; };
		B3557EA51E738B590017D6F3 /* DayTableViewController.swift in Sources */ = {isa = PBXBuildFile; fileRef = B3642C281D72B8C70068506D /* DayTableViewController.swift */; };
		B3557EA61E738B590017D6F3 /* PlayViewController.swift in Sources */ = {isa = PBXBuildFile; fileRef = B30DE9661D711F3D00138962 /* PlayViewController.swift */; };
		B3557EA71E738B590017D6F3 /* Theme.swift in Sources */ = {isa = PBXBuildFile; fileRef = B30DE96E1D71281C00138962 /* Theme.swift */; };
		B3557EA81E738B590017D6F3 /* SequenceGenerator.swift in Sources */ = {isa = PBXBuildFile; fileRef = B39C1DE11E4FBAF5005B87E5 /* SequenceGenerator.swift */; };
		B3557EA91E738B590017D6F3 /* TypeResult.swift in Sources */ = {isa = PBXBuildFile; fileRef = B30DE9721D712BCD00138962 /* TypeResult.swift */; };
		B3557EAA1E738B590017D6F3 /* nBack.xcdatamodeld in Sources */ = {isa = PBXBuildFile; fileRef = B30DE93A1D711B4300138962 /* nBack.xcdatamodeld */; };
		B3557EAB1E738B590017D6F3 /* View.swift in Sources */ = {isa = PBXBuildFile; fileRef = B30DE98A1D71371100138962 /* View.swift */; };
		B3557EAC1E738B590017D6F3 /* GameResult.swift in Sources */ = {isa = PBXBuildFile; fileRef = B30DE9701D712BCD00138962 /* GameResult.swift */; };
		B3557EAD1E738B590017D6F3 /* Day.swift in Sources */ = {isa = PBXBuildFile; fileRef = B31F35C11D728E8100BBC1D2 /* Day.swift */; };
		B3557EAE1E738B590017D6F3 /* Color.swift in Sources */ = {isa = PBXBuildFile; fileRef = B3DA50921E4D72D700D1C167 /* Color.swift */; };
		B3557EAF1E738B590017D6F3 /* DayTableViewCellLabel.swift in Sources */ = {isa = PBXBuildFile; fileRef = B38599DB1D9720CF00227994 /* DayTableViewCellLabel.swift */; };
		B3557EB01E738B590017D6F3 /* PlayCoordinator.swift in Sources */ = {isa = PBXBuildFile; fileRef = B30DE9901D71476B00138962 /* PlayCoordinator.swift */; };
		B3557EB11E738B590017D6F3 /* SettingsCoordinator.swift in Sources */ = {isa = PBXBuildFile; fileRef = B3CDCFAF1D72D9DD0018F4D3 /* SettingsCoordinator.swift */; };
		B3557EB21E738B590017D6F3 /* GameType.swift in Sources */ = {isa = PBXBuildFile; fileRef = B30DE99E1D7156E800138962 /* GameType.swift */; };
		B3557EB31E738B590017D6F3 /* HeaderView.swift in Sources */ = {isa = PBXBuildFile; fileRef = B310E0591DD1089500089E98 /* HeaderView.swift */; };
		B3557EB41E738B590017D6F3 /* Button.swift in Sources */ = {isa = PBXBuildFile; fileRef = B30DE99A1D71555A00138962 /* Button.swift */; };
		B3557EB51E738B590017D6F3 /* Lets.swift in Sources */ = {isa = PBXBuildFile; fileRef = B30DE96C1D71280000138962 /* Lets.swift */; };
		B3557EB61E738B590017D6F3 /* GameBrain.swift in Sources */ = {isa = PBXBuildFile; fileRef = B31F35991D71727800BBC1D2 /* GameBrain.swift */; };
		B3557EB71E738B590017D6F3 /* AppCoordinator.swift in Sources */ = {isa = PBXBuildFile; fileRef = B30DE9351D711B4300138962 /* AppCoordinator.swift */; };
		B3557EB81E738B590017D6F3 /* NavigationController.swift in Sources */ = {isa = PBXBuildFile; fileRef = B30DE9921D714C8A00138962 /* NavigationController.swift */; };
		B3557EB91E738B590017D6F3 /* TableViewCell.swift in Sources */ = {isa = PBXBuildFile; fileRef = B31F35B21D7229F000BBC1D2 /* TableViewCell.swift */; };
		B3557EBA1E738B590017D6F3 /* GameView.swift in Sources */ = {isa = PBXBuildFile; fileRef = B31F35951D71720400BBC1D2 /* GameView.swift */; };
		B3557EBB1E738B590017D6F3 /* AppDelegate.swift in Sources */ = {isa = PBXBuildFile; fileRef = B30DE9331D711B4300138962 /* AppDelegate.swift */; };
		B3557EBC1E738B590017D6F3 /* DaysCoordinator.swift in Sources */ = {isa = PBXBuildFile; fileRef = B30DE9941D714EEA00138962 /* DaysCoordinator.swift */; };
		B3557EBD1E738B590017D6F3 /* SpeechSynthesizer.swift in Sources */ = {isa = PBXBuildFile; fileRef = B38599DD1D97236F00227994 /* SpeechSynthesizer.swift */; };
		B3557EBE1E738B590017D6F3 /* GameViewController.swift in Sources */ = {isa = PBXBuildFile; fileRef = B30DE9841D7135FF00138962 /* GameViewController.swift */; };
		B3557EBF1E738B590017D6F3 /* Score.swift in Sources */ = {isa = PBXBuildFile; fileRef = B39C1DDF1E4FB43F005B87E5 /* Score.swift */; };
		B3557EC01E738B590017D6F3 /* StackView.swift in Sources */ = {isa = PBXBuildFile; fileRef = B30DE9861D71364B00138962 /* StackView.swift */; };
		B3557EC11E738B590017D6F3 /* Utilities.swift in Sources */ = {isa = PBXBuildFile; fileRef = B31F35A51D717E7E00BBC1D2 /* Utilities.swift */; };
		B3557EC21E738B590017D6F3 /* GameSettings.swift in Sources */ = {isa = PBXBuildFile; fileRef = B31F35A11D71733100BBC1D2 /* GameSettings.swift */; };
		B3557EC31E738B590017D6F3 /* GameCoordinator.swift in Sources */ = {isa = PBXBuildFile; fileRef = B30DE9981D7151F000138962 /* GameCoordinator.swift */; };
		B3557EC41E738B590017D6F3 /* Label.swift in Sources */ = {isa = PBXBuildFile; fileRef = B38599D41D96125F00227994 /* Label.swift */; };
		B3557EC51E738B590017D6F3 /* SquareMatrix.swift in Sources */ = {isa = PBXBuildFile; fileRef = B31F35931D7171DD00BBC1D2 /* SquareMatrix.swift */; };
		B3557EC61E738B590017D6F3 /* RealmModels.swift in Sources */ = {isa = PBXBuildFile; fileRef = B3DA50A41E4DA04400D1C167 /* RealmModels.swift */; };
		B3557EC71E738B590017D6F3 /* CoreData.swift in Sources */ = {isa = PBXBuildFile; fileRef = B30DE96A1D7127EF00138962 /* CoreData.swift */; };
		B3557EC81E738B590017D6F3 /* DayCoordinator.swift in Sources */ = {isa = PBXBuildFile; fileRef = B3642C261D72B8180068506D /* DayCoordinator.swift */; };
		B3557EC91E738B590017D6F3 /* SquareView.swift in Sources */ = {isa = PBXBuildFile; fileRef = B30DE9881D71370A00138962 /* SquareView.swift */; };
		B3557ECA1E738B590017D6F3 /* DaysTableViewController.swift in Sources */ = {isa = PBXBuildFile; fileRef = B30DE9681D711F6700138962 /* DaysTableViewController.swift */; };
		B3557ECB1E738B590017D6F3 /* GameResultCell.swift in Sources */ = {isa = PBXBuildFile; fileRef = B36B82C91DD10C31005ADCA7 /* GameResultCell.swift */; };
		B3557ECC1E738B590017D6F3 /* DaysTableViewCell.swift in Sources */ = {isa = PBXBuildFile; fileRef = B31F35BD1D72449B00BBC1D2 /* DaysTableViewCell.swift */; };
		B3557ED01E738B590017D6F3 /* DaysTableViewCell.xib in Resources */ = {isa = PBXBuildFile; fileRef = B3BCBBC51DCE73F80081534C /* DaysTableViewCell.xib */; };
		B3557ED11E738B590017D6F3 /* oldData.json in Resources */ = {isa = PBXBuildFile; fileRef = B3D46A341E738B2B00955823 /* oldData.json */; };
		B3557ED21E738B590017D6F3 /* GameResultCell.xib in Resources */ = {isa = PBXBuildFile; fileRef = B36B82C71DD10A76005ADCA7 /* GameResultCell.xib */; };
		B3557ED31E738B590017D6F3 /* HeaderView.xib in Resources */ = {isa = PBXBuildFile; fileRef = B310E0571DD1083D00089E98 /* HeaderView.xib */; };
		B3557ED41E738B590017D6F3 /* LaunchScreen.storyboard in Resources */ = {isa = PBXBuildFile; fileRef = B30DE93F1D711B4300138962 /* LaunchScreen.storyboard */; };
		B3557ED51E738B590017D6F3 /* Assets.xcassets in Resources */ = {isa = PBXBuildFile; fileRef = B30DE93D1D711B4300138962 /* Assets.xcassets */; };
		B3557EDE1E738BB30017D6F3 /* JSONParser.swift in Sources */ = {isa = PBXBuildFile; fileRef = B3557EDD1E738BB30017D6F3 /* JSONParser.swift */; };
		B3557EDF1E738BB30017D6F3 /* JSONParser.swift in Sources */ = {isa = PBXBuildFile; fileRef = B3557EDD1E738BB30017D6F3 /* JSONParser.swift */; };
		B3642C271D72B8180068506D /* DayCoordinator.swift in Sources */ = {isa = PBXBuildFile; fileRef = B3642C261D72B8180068506D /* DayCoordinator.swift */; };
		B3642C291D72B8C70068506D /* DayTableViewController.swift in Sources */ = {isa = PBXBuildFile; fileRef = B3642C281D72B8C70068506D /* DayTableViewController.swift */; };
		B36B82C81DD10A76005ADCA7 /* GameResultCell.xib in Resources */ = {isa = PBXBuildFile; fileRef = B36B82C71DD10A76005ADCA7 /* GameResultCell.xib */; };
		B36B82CA1DD10C31005ADCA7 /* GameResultCell.swift in Sources */ = {isa = PBXBuildFile; fileRef = B36B82C91DD10C31005ADCA7 /* GameResultCell.swift */; };
		B38599D51D96125F00227994 /* Label.swift in Sources */ = {isa = PBXBuildFile; fileRef = B38599D41D96125F00227994 /* Label.swift */; };
		B38599DC1D9720CF00227994 /* DayTableViewCellLabel.swift in Sources */ = {isa = PBXBuildFile; fileRef = B38599DB1D9720CF00227994 /* DayTableViewCellLabel.swift */; };
		B38599DE1D97236F00227994 /* SpeechSynthesizer.swift in Sources */ = {isa = PBXBuildFile; fileRef = B38599DD1D97236F00227994 /* SpeechSynthesizer.swift */; };
		B39C1DE01E4FB43F005B87E5 /* Score.swift in Sources */ = {isa = PBXBuildFile; fileRef = B39C1DDF1E4FB43F005B87E5 /* Score.swift */; };
		B39C1DE21E4FBAF5005B87E5 /* SequenceGenerator.swift in Sources */ = {isa = PBXBuildFile; fileRef = B39C1DE11E4FBAF5005B87E5 /* SequenceGenerator.swift */; };
		B3BCBBC61DCE73F80081534C /* DaysTableViewCell.xib in Resources */ = {isa = PBXBuildFile; fileRef = B3BCBBC51DCE73F80081534C /* DaysTableViewCell.xib */; };
		B3CDCFB01D72D9DD0018F4D3 /* SettingsCoordinator.swift in Sources */ = {isa = PBXBuildFile; fileRef = B3CDCFAF1D72D9DD0018F4D3 /* SettingsCoordinator.swift */; };
		B3D46A351E738B2B00955823 /* oldData.json in Resources */ = {isa = PBXBuildFile; fileRef = B3D46A341E738B2B00955823 /* oldData.json */; };
		B3D49F531E7E675E005CCBE5 /* CoreDataToRealmMigratorTests.swift in Sources */ = {isa = PBXBuildFile; fileRef = B3D49F521E7E675E005CCBE5 /* CoreDataToRealmMigratorTests.swift */; };
		B3DA50931E4D72D700D1C167 /* Color.swift in Sources */ = {isa = PBXBuildFile; fileRef = B3DA50921E4D72D700D1C167 /* Color.swift */; };
		B3DA50A51E4DA04400D1C167 /* RealmModels.swift in Sources */ = {isa = PBXBuildFile; fileRef = B3DA50A41E4DA04400D1C167 /* RealmModels.swift */; };
/* End PBXBuildFile section */

/* Begin PBXContainerItemProxy section */
		B32D43891E73BA4E00DAE063 /* PBXContainerItemProxy */ = {
			isa = PBXContainerItemProxy;
			containerPortal = B30DE9281D711B4300138962 /* Project object */;
			proxyType = 1;
			remoteGlobalIDString = B30DE92F1D711B4300138962;
			remoteInfo = nBack;
		};
/* End PBXContainerItemProxy section */

/* Begin PBXFileReference section */
		1C1BF8098F5C360BE2A5A466 /* Pods-nBack.release.xcconfig */ = {isa = PBXFileReference; includeInIndex = 1; lastKnownFileType = text.xcconfig; name = "Pods-nBack.release.xcconfig"; path = "Pods/Target Support Files/Pods-nBack/Pods-nBack.release.xcconfig"; sourceTree = "<group>"; };
		1FB16030D2915751BE310282 /* Pods_nBack.framework */ = {isa = PBXFileReference; explicitFileType = wrapper.framework; includeInIndex = 0; path = Pods_nBack.framework; sourceTree = BUILT_PRODUCTS_DIR; };
		42952F1EFB03EF4007E5C112 /* Pods-nBackInternal.debug.xcconfig */ = {isa = PBXFileReference; includeInIndex = 1; lastKnownFileType = text.xcconfig; name = "Pods-nBackInternal.debug.xcconfig"; path = "Pods/Target Support Files/Pods-nBackInternal/Pods-nBackInternal.debug.xcconfig"; sourceTree = "<group>"; };
		5145ADA8D6F87422A5E3E6E5 /* Pods_nBackTests.framework */ = {isa = PBXFileReference; explicitFileType = wrapper.framework; includeInIndex = 0; path = Pods_nBackTests.framework; sourceTree = BUILT_PRODUCTS_DIR; };
		525B1B4768DD5B7D9F73215C /* Pods-nBackTests.debug.xcconfig */ = {isa = PBXFileReference; includeInIndex = 1; lastKnownFileType = text.xcconfig; name = "Pods-nBackTests.debug.xcconfig"; path = "Pods/Target Support Files/Pods-nBackTests/Pods-nBackTests.debug.xcconfig"; sourceTree = "<group>"; };
		B30DE9331D711B4300138962 /* AppDelegate.swift */ = {isa = PBXFileReference; lastKnownFileType = sourcecode.swift; name = AppDelegate.swift; path = ../AppDelegate.swift; sourceTree = "<group>"; };
		B30DE9351D711B4300138962 /* AppCoordinator.swift */ = {isa = PBXFileReference; lastKnownFileType = sourcecode.swift; path = AppCoordinator.swift; sourceTree = "<group>"; };
		B30DE93B1D711B4300138962 /* nBack.xcdatamodel */ = {isa = PBXFileReference; lastKnownFileType = wrapper.xcdatamodel; path = nBack.xcdatamodel; sourceTree = "<group>"; };
		B30DE93D1D711B4300138962 /* Assets.xcassets */ = {isa = PBXFileReference; lastKnownFileType = folder.assetcatalog; path = Assets.xcassets; sourceTree = "<group>"; };
		B30DE9401D711B4300138962 /* Base */ = {isa = PBXFileReference; lastKnownFileType = file.storyboard; name = Base; path = Base.lproj/LaunchScreen.storyboard; sourceTree = "<group>"; };
		B30DE9661D711F3D00138962 /* PlayViewController.swift */ = {isa = PBXFileReference; fileEncoding = 4; lastKnownFileType = sourcecode.swift; path = PlayViewController.swift; sourceTree = "<group>"; };
		B30DE9681D711F6700138962 /* DaysTableViewController.swift */ = {isa = PBXFileReference; fileEncoding = 4; lastKnownFileType = sourcecode.swift; path = DaysTableViewController.swift; sourceTree = "<group>"; };
		B30DE96A1D7127EF00138962 /* CoreData.swift */ = {isa = PBXFileReference; fileEncoding = 4; lastKnownFileType = sourcecode.swift; name = CoreData.swift; path = ../CoreData/CoreData.swift; sourceTree = "<group>"; };
		B30DE96C1D71280000138962 /* Lets.swift */ = {isa = PBXFileReference; fileEncoding = 4; lastKnownFileType = sourcecode.swift; path = Lets.swift; sourceTree = "<group>"; };
		B30DE96E1D71281C00138962 /* Theme.swift */ = {isa = PBXFileReference; fileEncoding = 4; lastKnownFileType = sourcecode.swift; path = Theme.swift; sourceTree = "<group>"; };
		B30DE9701D712BCD00138962 /* GameResult.swift */ = {isa = PBXFileReference; fileEncoding = 4; lastKnownFileType = sourcecode.swift; path = GameResult.swift; sourceTree = "<group>"; };
		B30DE9721D712BCD00138962 /* TypeResult.swift */ = {isa = PBXFileReference; fileEncoding = 4; lastKnownFileType = sourcecode.swift; path = TypeResult.swift; sourceTree = "<group>"; };
		B30DE9791D712BE200138962 /* ManagedObject.swift */ = {isa = PBXFileReference; fileEncoding = 4; lastKnownFileType = sourcecode.swift; path = ManagedObject.swift; sourceTree = "<group>"; };
		B30DE97E1D71358000138962 /* ViewController.swift */ = {isa = PBXFileReference; fileEncoding = 4; lastKnownFileType = sourcecode.swift; path = ViewController.swift; sourceTree = "<group>"; };
		B30DE9841D7135FF00138962 /* GameViewController.swift */ = {isa = PBXFileReference; fileEncoding = 4; lastKnownFileType = sourcecode.swift; path = GameViewController.swift; sourceTree = "<group>"; };
		B30DE9861D71364B00138962 /* StackView.swift */ = {isa = PBXFileReference; fileEncoding = 4; lastKnownFileType = sourcecode.swift; path = StackView.swift; sourceTree = "<group>"; };
		B30DE9881D71370A00138962 /* SquareView.swift */ = {isa = PBXFileReference; fileEncoding = 4; lastKnownFileType = sourcecode.swift; path = SquareView.swift; sourceTree = "<group>"; };
		B30DE98A1D71371100138962 /* View.swift */ = {isa = PBXFileReference; fileEncoding = 4; lastKnownFileType = sourcecode.swift; path = View.swift; sourceTree = "<group>"; };
		B30DE9901D71476B00138962 /* PlayCoordinator.swift */ = {isa = PBXFileReference; fileEncoding = 4; lastKnownFileType = sourcecode.swift; path = PlayCoordinator.swift; sourceTree = "<group>"; };
		B30DE9921D714C8A00138962 /* NavigationController.swift */ = {isa = PBXFileReference; fileEncoding = 4; lastKnownFileType = sourcecode.swift; path = NavigationController.swift; sourceTree = "<group>"; };
		B30DE9941D714EEA00138962 /* DaysCoordinator.swift */ = {isa = PBXFileReference; fileEncoding = 4; lastKnownFileType = sourcecode.swift; path = DaysCoordinator.swift; sourceTree = "<group>"; };
		B30DE9981D7151F000138962 /* GameCoordinator.swift */ = {isa = PBXFileReference; fileEncoding = 4; lastKnownFileType = sourcecode.swift; path = GameCoordinator.swift; sourceTree = "<group>"; };
		B30DE99A1D71555A00138962 /* Button.swift */ = {isa = PBXFileReference; fileEncoding = 4; lastKnownFileType = sourcecode.swift; path = Button.swift; sourceTree = "<group>"; };
		B30DE99E1D7156E800138962 /* GameType.swift */ = {isa = PBXFileReference; fileEncoding = 4; lastKnownFileType = sourcecode.swift; name = GameType.swift; path = ../GameType.swift; sourceTree = "<group>"; };
		B310E0571DD1083D00089E98 /* HeaderView.xib */ = {isa = PBXFileReference; fileEncoding = 4; lastKnownFileType = file.xib; path = HeaderView.xib; sourceTree = "<group>"; };
		B310E0591DD1089500089E98 /* HeaderView.swift */ = {isa = PBXFileReference; fileEncoding = 4; lastKnownFileType = sourcecode.swift; path = HeaderView.swift; sourceTree = "<group>"; };
		B31F35931D7171DD00BBC1D2 /* SquareMatrix.swift */ = {isa = PBXFileReference; fileEncoding = 4; lastKnownFileType = sourcecode.swift; path = SquareMatrix.swift; sourceTree = "<group>"; };
		B31F35951D71720400BBC1D2 /* GameView.swift */ = {isa = PBXFileReference; fileEncoding = 4; lastKnownFileType = sourcecode.swift; name = GameView.swift; path = "../Base Classes/GameView.swift"; sourceTree = "<group>"; };
		B31F35991D71727800BBC1D2 /* GameBrain.swift */ = {isa = PBXFileReference; fileEncoding = 4; lastKnownFileType = sourcecode.swift; lineEnding = 0; path = GameBrain.swift; sourceTree = "<group>"; xcLanguageSpecificationIdentifier = xcode.lang.swift; };
		B31F35A11D71733100BBC1D2 /* GameSettings.swift */ = {isa = PBXFileReference; fileEncoding = 4; lastKnownFileType = sourcecode.swift; path = GameSettings.swift; sourceTree = "<group>"; };
		B31F35A51D717E7E00BBC1D2 /* Utilities.swift */ = {isa = PBXFileReference; fileEncoding = 4; lastKnownFileType = sourcecode.swift; path = Utilities.swift; sourceTree = "<group>"; };
		B31F35B21D7229F000BBC1D2 /* TableViewCell.swift */ = {isa = PBXFileReference; fileEncoding = 4; lastKnownFileType = sourcecode.swift; path = TableViewCell.swift; sourceTree = "<group>"; };
		B31F35B41D722A0A00BBC1D2 /* ConfigurableCell.swift */ = {isa = PBXFileReference; fileEncoding = 4; lastKnownFileType = sourcecode.swift; path = ConfigurableCell.swift; sourceTree = "<group>"; };
		B31F35BD1D72449B00BBC1D2 /* DaysTableViewCell.swift */ = {isa = PBXFileReference; fileEncoding = 4; lastKnownFileType = sourcecode.swift; path = DaysTableViewCell.swift; sourceTree = "<group>"; };
		B31F35C11D728E8100BBC1D2 /* Day.swift */ = {isa = PBXFileReference; fileEncoding = 4; lastKnownFileType = sourcecode.swift; path = Day.swift; sourceTree = "<group>"; };
		B31F40801E7E778E00FDEA08 /* NSManagedObjectContext+Extension.swift */ = {isa = PBXFileReference; fileEncoding = 4; lastKnownFileType = sourcecode.swift; path = "NSManagedObjectContext+Extension.swift"; sourceTree = "<group>"; };
		B31F40821E7E77F100FDEA08 /* CoreDataDataGeneratorSpec.swift */ = {isa = PBXFileReference; fileEncoding = 4; lastKnownFileType = sourcecode.swift; path = CoreDataDataGeneratorSpec.swift; sourceTree = "<group>"; };
		B31F40841E7E782800FDEA08 /* CoreDataDataGenerator.swift */ = {isa = PBXFileReference; fileEncoding = 4; lastKnownFileType = sourcecode.swift; path = CoreDataDataGenerator.swift; sourceTree = "<group>"; };
		B31F40861E7E7F4000FDEA08 /* TestableCoreData.swift */ = {isa = PBXFileReference; fileEncoding = 4; lastKnownFileType = sourcecode.swift; path = TestableCoreData.swift; sourceTree = "<group>"; };
		B31F40881E7E845D00FDEA08 /* CoreDataToRealmMigrator.swift */ = {isa = PBXFileReference; fileEncoding = 4; lastKnownFileType = sourcecode.swift; path = CoreDataToRealmMigrator.swift; sourceTree = "<group>"; };
		B31F408C1E7E856200FDEA08 /* TODO */ = {isa = PBXFileReference; lastKnownFileType = text; path = TODO; sourceTree = "<group>"; };
		B32D43861E73BA4E00DAE063 /* JSONParserTests.swift */ = {isa = PBXFileReference; lastKnownFileType = sourcecode.swift; path = JSONParserTests.swift; sourceTree = "<group>"; };
		B32D43881E73BA4E00DAE063 /* Info.plist */ = {isa = PBXFileReference; lastKnownFileType = text.plist.xml; path = Info.plist; sourceTree = "<group>"; };
		B32D43901E73CEBE00DAE063 /* Initializer.swift */ = {isa = PBXFileReference; fileEncoding = 4; lastKnownFileType = sourcecode.swift; path = Initializer.swift; sourceTree = "<group>"; };
		B33504411E73903D002EBC7D /* nBack.plist */ = {isa = PBXFileReference; fileEncoding = 4; lastKnownFileType = text.plist.xml; name = nBack.plist; path = nBack/nBack.plist; sourceTree = SOURCE_ROOT; };
		B33504421E73903D002EBC7D /* nBackInternal.plist */ = {isa = PBXFileReference; fileEncoding = 4; lastKnownFileType = text.plist.xml; name = nBackInternal.plist; path = nBack/nBackInternal.plist; sourceTree = SOURCE_ROOT; };
		B34560961E7A4ADF005C9EE6 /* nBack.app */ = {isa = PBXFileReference; explicitFileType = wrapper.application; includeInIndex = 0; path = nBack.app; sourceTree = BUILT_PRODUCTS_DIR; };
		B34560971E7A4ADF005C9EE6 /* nBackInternal.app */ = {isa = PBXFileReference; explicitFileType = wrapper.application; includeInIndex = 0; path = nBackInternal.app; sourceTree = BUILT_PRODUCTS_DIR; };
		B34560981E7A4ADF005C9EE6 /* nBackTests.xctest */ = {isa = PBXFileReference; explicitFileType = wrapper.cfbundle; includeInIndex = 0; path = nBackTests.xctest; sourceTree = BUILT_PRODUCTS_DIR; };
		B34560991E7A4E5B005C9EE6 /* Database.swift */ = {isa = PBXFileReference; fileEncoding = 4; lastKnownFileType = sourcecode.swift; path = Database.swift; sourceTree = "<group>"; };
		B3557EDD1E738BB30017D6F3 /* JSONParser.swift */ = {isa = PBXFileReference; fileEncoding = 4; lastKnownFileType = sourcecode.swift; name = JSONParser.swift; path = ../nBack/JSONParser.swift; sourceTree = "<group>"; };
		B3642C261D72B8180068506D /* DayCoordinator.swift */ = {isa = PBXFileReference; fileEncoding = 4; lastKnownFileType = sourcecode.swift; path = DayCoordinator.swift; sourceTree = "<group>"; };
		B3642C281D72B8C70068506D /* DayTableViewController.swift */ = {isa = PBXFileReference; fileEncoding = 4; lastKnownFileType = sourcecode.swift; path = DayTableViewController.swift; sourceTree = "<group>"; };
		B36B82C71DD10A76005ADCA7 /* GameResultCell.xib */ = {isa = PBXFileReference; fileEncoding = 4; lastKnownFileType = file.xib; path = GameResultCell.xib; sourceTree = "<group>"; };
		B36B82C91DD10C31005ADCA7 /* GameResultCell.swift */ = {isa = PBXFileReference; fileEncoding = 4; lastKnownFileType = sourcecode.swift; path = GameResultCell.swift; sourceTree = "<group>"; };
		B38599D41D96125F00227994 /* Label.swift */ = {isa = PBXFileReference; fileEncoding = 4; lastKnownFileType = sourcecode.swift; path = Label.swift; sourceTree = "<group>"; };
		B38599DB1D9720CF00227994 /* DayTableViewCellLabel.swift */ = {isa = PBXFileReference; fileEncoding = 4; lastKnownFileType = sourcecode.swift; path = DayTableViewCellLabel.swift; sourceTree = "<group>"; };
		B38599DD1D97236F00227994 /* SpeechSynthesizer.swift */ = {isa = PBXFileReference; fileEncoding = 4; lastKnownFileType = sourcecode.swift; path = SpeechSynthesizer.swift; sourceTree = "<group>"; };
		B39C1DDF1E4FB43F005B87E5 /* Score.swift */ = {isa = PBXFileReference; fileEncoding = 4; lastKnownFileType = sourcecode.swift; path = Score.swift; sourceTree = "<group>"; };
		B39C1DE11E4FBAF5005B87E5 /* SequenceGenerator.swift */ = {isa = PBXFileReference; fileEncoding = 4; lastKnownFileType = sourcecode.swift; path = SequenceGenerator.swift; sourceTree = "<group>"; };
		B3BCBBC51DCE73F80081534C /* DaysTableViewCell.xib */ = {isa = PBXFileReference; fileEncoding = 4; lastKnownFileType = file.xib; path = DaysTableViewCell.xib; sourceTree = "<group>"; };
		B3CDCFAF1D72D9DD0018F4D3 /* SettingsCoordinator.swift */ = {isa = PBXFileReference; fileEncoding = 4; lastKnownFileType = sourcecode.swift; path = SettingsCoordinator.swift; sourceTree = "<group>"; };
		B3D46A341E738B2B00955823 /* oldData.json */ = {isa = PBXFileReference; fileEncoding = 4; lastKnownFileType = text.json; name = oldData.json; path = ../../nBack/oldData.json; sourceTree = "<group>"; };
		B3D49F521E7E675E005CCBE5 /* CoreDataToRealmMigratorTests.swift */ = {isa = PBXFileReference; fileEncoding = 4; lastKnownFileType = sourcecode.swift; path = CoreDataToRealmMigratorTests.swift; sourceTree = "<group>"; };
		B3DA50921E4D72D700D1C167 /* Color.swift */ = {isa = PBXFileReference; fileEncoding = 4; lastKnownFileType = sourcecode.swift; path = Color.swift; sourceTree = "<group>"; };
		B3DA50A41E4DA04400D1C167 /* RealmModels.swift */ = {isa = PBXFileReference; fileEncoding = 4; lastKnownFileType = sourcecode.swift; name = RealmModels.swift; path = ../CoreDataTypes/RealmModels.swift; sourceTree = "<group>"; };
		CD8A90DB9ECBFD8A22B435B1 /* Pods-nBack.debug.xcconfig */ = {isa = PBXFileReference; includeInIndex = 1; lastKnownFileType = text.xcconfig; name = "Pods-nBack.debug.xcconfig"; path = "Pods/Target Support Files/Pods-nBack/Pods-nBack.debug.xcconfig"; sourceTree = "<group>"; };
		D19ED8A57F9C31AA8A3BF972 /* Pods_nBackInternal.framework */ = {isa = PBXFileReference; explicitFileType = wrapper.framework; includeInIndex = 0; path = Pods_nBackInternal.framework; sourceTree = BUILT_PRODUCTS_DIR; };
		FBDD4F94E3D51EA5A27D66D2 /* Pods-nBackInternal.release.xcconfig */ = {isa = PBXFileReference; includeInIndex = 1; lastKnownFileType = text.xcconfig; name = "Pods-nBackInternal.release.xcconfig"; path = "Pods/Target Support Files/Pods-nBackInternal/Pods-nBackInternal.release.xcconfig"; sourceTree = "<group>"; };
		FE208ECFE01816850E3DED22 /* Pods-nBackTests.release.xcconfig */ = {isa = PBXFileReference; includeInIndex = 1; lastKnownFileType = text.xcconfig; name = "Pods-nBackTests.release.xcconfig"; path = "Pods/Target Support Files/Pods-nBackTests/Pods-nBackTests.release.xcconfig"; sourceTree = "<group>"; };
/* End PBXFileReference section */

/* Begin PBXFrameworksBuildPhase section */
		B30DE92D1D711B4300138962 /* Frameworks */ = {
			isa = PBXFrameworksBuildPhase;
			buildActionMask = 2147483647;
			files = (
				4284318E289103AA0E25F235 /* Pods_nBack.framework in Frameworks */,
			);
			runOnlyForDeploymentPostprocessing = 0;
		};
		B32D43811E73BA4E00DAE063 /* Frameworks */ = {
			isa = PBXFrameworksBuildPhase;
			buildActionMask = 2147483647;
			files = (
				06CB832D0140D0A295D0F7FB /* Pods_nBackTests.framework in Frameworks */,
			);
			runOnlyForDeploymentPostprocessing = 0;
		};
		B3557ECD1E738B590017D6F3 /* Frameworks */ = {
			isa = PBXFrameworksBuildPhase;
			buildActionMask = 2147483647;
			files = (
				972182E030F5C3A059BA9756 /* Pods_nBackInternal.framework in Frameworks */,
			);
			runOnlyForDeploymentPostprocessing = 0;
		};
/* End PBXFrameworksBuildPhase section */

/* Begin PBXGroup section */
		328CE52D9B988A26BA0BB431 /* Frameworks */ = {
			isa = PBXGroup;
			children = (
				1FB16030D2915751BE310282 /* Pods_nBack.framework */,
				D19ED8A57F9C31AA8A3BF972 /* Pods_nBackInternal.framework */,
				5145ADA8D6F87422A5E3E6E5 /* Pods_nBackTests.framework */,
			);
			name = Frameworks;
			sourceTree = "<group>";
		};
		AFA8BFA01CF5DECDE50DAF56 /* Pods */ = {
			isa = PBXGroup;
			children = (
				CD8A90DB9ECBFD8A22B435B1 /* Pods-nBack.debug.xcconfig */,
				1C1BF8098F5C360BE2A5A466 /* Pods-nBack.release.xcconfig */,
				42952F1EFB03EF4007E5C112 /* Pods-nBackInternal.debug.xcconfig */,
				FBDD4F94E3D51EA5A27D66D2 /* Pods-nBackInternal.release.xcconfig */,
				525B1B4768DD5B7D9F73215C /* Pods-nBackTests.debug.xcconfig */,
				FE208ECFE01816850E3DED22 /* Pods-nBackTests.release.xcconfig */,
			);
			name = Pods;
			sourceTree = "<group>";
		};
		B30DE9271D711B4300138962 = {
			isa = PBXGroup;
			children = (
				B3DA506E1E4D53A800D1C167 /* Source */,
				B32D43851E73BA4E00DAE063 /* nBackTests */,
				B30DE9641D711DBB00138962 /* Other */,
				AFA8BFA01CF5DECDE50DAF56 /* Pods */,
				328CE52D9B988A26BA0BB431 /* Frameworks */,
				B34560961E7A4ADF005C9EE6 /* nBack.app */,
				B34560971E7A4ADF005C9EE6 /* nBackInternal.app */,
				B34560981E7A4ADF005C9EE6 /* nBackTests.xctest */,
			);
			sourceTree = "<group>";
		};
		B30DE9641D711DBB00138962 /* Other */ = {
			isa = PBXGroup;
			children = (
				B30DE93D1D711B4300138962 /* Assets.xcassets */,
				B30DE93F1D711B4300138962 /* LaunchScreen.storyboard */,
				B3D46A341E738B2B00955823 /* oldData.json */,
				B33504411E73903D002EBC7D /* nBack.plist */,
				B33504421E73903D002EBC7D /* nBackInternal.plist */,
			);
			path = Other;
			sourceTree = "<group>";
		};
		B30DE9651D711DC000138962 /* Coordinators */ = {
			isa = PBXGroup;
			children = (
				B30DE9331D711B4300138962 /* AppDelegate.swift */,
				B30DE9351D711B4300138962 /* AppCoordinator.swift */,
				B318A9DB1D72BA460051DC01 /* Play */,
				B318A9DA1D72BA3F0051DC01 /* History */,
				B3DA50911E4D5BA100D1C167 /* Settings */,
			);
			path = Coordinators;
			sourceTree = "<group>";
		};
		B30DE9781D712BD000138962 /* CoreData */ = {
			isa = PBXGroup;
			children = (
				B31F35C11D728E8100BBC1D2 /* Day.swift */,
				B30DE9701D712BCD00138962 /* GameResult.swift */,
				B30DE9791D712BE200138962 /* ManagedObject.swift */,
				B30DE9721D712BCD00138962 /* TypeResult.swift */,
				B30DE96A1D7127EF00138962 /* CoreData.swift */,
				B30DE93A1D711B4300138962 /* nBack.xcdatamodeld */,
				B31F40801E7E778E00FDEA08 /* NSManagedObjectContext+Extension.swift */,
			);
			name = CoreData;
			path = CoreDataTypes;
			sourceTree = "<group>";
		};
		B30DE9801D71358900138962 /* Base Classes */ = {
			isa = PBXGroup;
			children = (
				B30DE99A1D71555A00138962 /* Button.swift */,
				B38599DB1D9720CF00227994 /* DayTableViewCellLabel.swift */,
				B38599D41D96125F00227994 /* Label.swift */,
				B30DE9921D714C8A00138962 /* NavigationController.swift */,
				B30DE9861D71364B00138962 /* StackView.swift */,
				B31F35B21D7229F000BBC1D2 /* TableViewCell.swift */,
				B30DE98A1D71371100138962 /* View.swift */,
				B30DE97E1D71358000138962 /* ViewController.swift */,
			);
			path = "Base Classes";
			sourceTree = "<group>";
		};
		B30DE9821D7135C100138962 /* Views */ = {
			isa = PBXGroup;
			children = (
				B31F35951D71720400BBC1D2 /* GameView.swift */,
				B31F35B41D722A0A00BBC1D2 /* ConfigurableCell.swift */,
				B31F35BD1D72449B00BBC1D2 /* DaysTableViewCell.swift */,
				B3BCBBC51DCE73F80081534C /* DaysTableViewCell.xib */,
				B36B82C91DD10C31005ADCA7 /* GameResultCell.swift */,
				B36B82C71DD10A76005ADCA7 /* GameResultCell.xib */,
				B310E0591DD1089500089E98 /* HeaderView.swift */,
				B310E0571DD1083D00089E98 /* HeaderView.xib */,
				B30DE9881D71370A00138962 /* SquareView.swift */,
				B30DE96E1D71281C00138962 /* Theme.swift */,
			);
			path = Views;
			sourceTree = "<group>";
		};
		B30DE9831D7135CD00138962 /* Controllers */ = {
			isa = PBXGroup;
			children = (
				B31F35A81D719C0300BBC1D2 /* History */,
				B31F35A71D719BFF00BBC1D2 /* Play */,
			);
			path = Controllers;
			sourceTree = "<group>";
		};
		B318A9DA1D72BA3F0051DC01 /* History */ = {
			isa = PBXGroup;
			children = (
				B30DE9941D714EEA00138962 /* DaysCoordinator.swift */,
				B3642C261D72B8180068506D /* DayCoordinator.swift */,
			);
			path = History;
			sourceTree = "<group>";
		};
		B318A9DB1D72BA460051DC01 /* Play */ = {
			isa = PBXGroup;
			children = (
				B30DE9901D71476B00138962 /* PlayCoordinator.swift */,
				B30DE9981D7151F000138962 /* GameCoordinator.swift */,
			);
			path = Play;
			sourceTree = "<group>";
		};
		B31F359B1D71728600BBC1D2 /* Model */ = {
			isa = PBXGroup;
			children = (
				B3DA50A41E4DA04400D1C167 /* RealmModels.swift */,
				B3DA50921E4D72D700D1C167 /* Color.swift */,
				B31F35991D71727800BBC1D2 /* GameBrain.swift */,
				B39C1DE11E4FBAF5005B87E5 /* SequenceGenerator.swift */,
				B39C1DDF1E4FB43F005B87E5 /* Score.swift */,
				B31F35A11D71733100BBC1D2 /* GameSettings.swift */,
				B38599DD1D97236F00227994 /* SpeechSynthesizer.swift */,
				B30DE99E1D7156E800138962 /* GameType.swift */,
			);
			path = Model;
			sourceTree = "<group>";
		};
		B31F359E1D71729700BBC1D2 /* ViewModel */ = {
			isa = PBXGroup;
			children = (
				B31F35931D7171DD00BBC1D2 /* SquareMatrix.swift */,
			);
			path = ViewModel;
			sourceTree = "<group>";
		};
		B31F35A71D719BFF00BBC1D2 /* Play */ = {
			isa = PBXGroup;
			children = (
				B30DE9661D711F3D00138962 /* PlayViewController.swift */,
				B30DE9841D7135FF00138962 /* GameViewController.swift */,
			);
			path = Play;
			sourceTree = "<group>";
		};
		B31F35A81D719C0300BBC1D2 /* History */ = {
			isa = PBXGroup;
			children = (
				B30DE9681D711F6700138962 /* DaysTableViewController.swift */,
				B3642C281D72B8C70068506D /* DayTableViewController.swift */,
			);
			path = History;
			sourceTree = "<group>";
		};
		B32D43851E73BA4E00DAE063 /* nBackTests */ = {
			isa = PBXGroup;
			children = (
				B32D43861E73BA4E00DAE063 /* JSONParserTests.swift */,
				B31F40841E7E782800FDEA08 /* CoreDataDataGenerator.swift */,
				B31F40821E7E77F100FDEA08 /* CoreDataDataGeneratorSpec.swift */,
				B3D49F521E7E675E005CCBE5 /* CoreDataToRealmMigratorTests.swift */,
				B32D43881E73BA4E00DAE063 /* Info.plist */,
				B31F40861E7E7F4000FDEA08 /* TestableCoreData.swift */,
			);
			path = nBackTests;
			sourceTree = "<group>";
		};
		B3DA506E1E4D53A800D1C167 /* Source */ = {
			isa = PBXGroup;
			children = (
				B31F35A51D717E7E00BBC1D2 /* Utilities.swift */,
				B30DE96C1D71280000138962 /* Lets.swift */,
				B32D43901E73CEBE00DAE063 /* Initializer.swift */,
				B31F40881E7E845D00FDEA08 /* CoreDataToRealmMigrator.swift */,
				B3557EDD1E738BB30017D6F3 /* JSONParser.swift */,
				B31F408C1E7E856200FDEA08 /* TODO */,
				B30DE9801D71358900138962 /* Base Classes */,
				B30DE9831D7135CD00138962 /* Controllers */,
				B30DE9651D711DC000138962 /* Coordinators */,
				B34560991E7A4E5B005C9EE6 /* Database.swift */,
				B31F359B1D71728600BBC1D2 /* Model */,
				B31F359E1D71729700BBC1D2 /* ViewModel */,
				B30DE9821D7135C100138962 /* Views */,
				B30DE9781D712BD000138962 /* CoreData */,
			);
			path = Source;
			sourceTree = "<group>";
		};
		B3DA50911E4D5BA100D1C167 /* Settings */ = {
			isa = PBXGroup;
			children = (
				B3CDCFAF1D72D9DD0018F4D3 /* SettingsCoordinator.swift */,
			);
			name = Settings;
			sourceTree = "<group>";
		};
/* End PBXGroup section */

/* Begin PBXNativeTarget section */
		B30DE92F1D711B4300138962 /* nBack */ = {
			isa = PBXNativeTarget;
			buildConfigurationList = B30DE95B1D711B4300138962 /* Build configuration list for PBXNativeTarget "nBack" */;
			buildPhases = (
				8514D91CBD8BF6AA34E10B30 /* [CP] Check Pods Manifest.lock */,
				B30DE92C1D711B4300138962 /* Sources */,
				B30DE92D1D711B4300138962 /* Frameworks */,
				B30DE92E1D711B4300138962 /* Resources */,
				B335043F1E738DE7002EBC7D /* Increment Build Number */,
				EC2A74D1F86E66713C53131A /* [CP] Embed Pods Frameworks */,
				40E8A97060819D379097DA01 /* [CP] Copy Pods Resources */,
			);
			buildRules = (
			);
			dependencies = (
			);
			name = nBack;
			productName = nBack;
			productReference = B34560961E7A4ADF005C9EE6 /* nBack.app */;
			productType = "com.apple.product-type.application";
		};
		B32D43831E73BA4E00DAE063 /* nBackTests */ = {
			isa = PBXNativeTarget;
			buildConfigurationList = B32D438B1E73BA4E00DAE063 /* Build configuration list for PBXNativeTarget "nBackTests" */;
			buildPhases = (
				4C850FC13C78F5EF0FFBC2C0 /* [CP] Check Pods Manifest.lock */,
				B32D43801E73BA4E00DAE063 /* Sources */,
				B32D43811E73BA4E00DAE063 /* Frameworks */,
				B32D43821E73BA4E00DAE063 /* Resources */,
				752C987C8456D6C7722182FF /* [CP] Embed Pods Frameworks */,
				F6A6915B253E48879438CDEC /* [CP] Copy Pods Resources */,
			);
			buildRules = (
			);
			dependencies = (
				B32D438A1E73BA4E00DAE063 /* PBXTargetDependency */,
			);
			name = nBackTests;
			productName = nBackTests;
			productReference = B34560981E7A4ADF005C9EE6 /* nBackTests.xctest */;
			productType = "com.apple.product-type.bundle.unit-test";
		};
		B3557E9F1E738B590017D6F3 /* nBackInternal */ = {
			isa = PBXNativeTarget;
			buildConfigurationList = B3557ED81E738B590017D6F3 /* Build configuration list for PBXNativeTarget "nBackInternal" */;
			buildPhases = (
				ACA25466083EEC0C94281E66 /* [CP] Check Pods Manifest.lock */,
				B3557EA11E738B590017D6F3 /* Sources */,
				B3557ECD1E738B590017D6F3 /* Frameworks */,
				B3557ECF1E738B590017D6F3 /* Resources */,
				B33504401E738DF7002EBC7D /* Increment Build Number */,
				19F8EC1499E288E61BD1813C /* [CP] Embed Pods Frameworks */,
				463CCD5DDBE403482E37C6D0 /* [CP] Copy Pods Resources */,
			);
			buildRules = (
			);
			dependencies = (
			);
			name = nBackInternal;
			productName = nBack;
			productReference = B34560971E7A4ADF005C9EE6 /* nBackInternal.app */;
			productType = "com.apple.product-type.application";
		};
/* End PBXNativeTarget section */

/* Begin PBXProject section */
		B30DE9281D711B4300138962 /* Project object */ = {
			isa = PBXProject;
			attributes = {
				LastSwiftUpdateCheck = 0820;
				LastUpgradeCheck = 0820;
				ORGANIZATIONNAME = "Nathan Lanza";
				TargetAttributes = {
					B30DE92F1D711B4300138962 = {
						CreatedOnToolsVersion = 8.0;
						DevelopmentTeam = 72MNHNDUNH;
						ProvisioningStyle = Automatic;
					};
					B32D43831E73BA4E00DAE063 = {
						CreatedOnToolsVersion = 8.2.1;
						DevelopmentTeam = 72MNHNDUNH;
						ProvisioningStyle = Automatic;
						TestTargetID = B30DE92F1D711B4300138962;
					};
					B3557E9F1E738B590017D6F3 = {
						DevelopmentTeam = 72MNHNDUNH;
					};
				};
			};
			buildConfigurationList = B30DE92B1D711B4300138962 /* Build configuration list for PBXProject "nBack" */;
			compatibilityVersion = "Xcode 3.2";
			developmentRegion = English;
			hasScannedForEncodings = 0;
			knownRegions = (
				en,
				Base,
			);
			mainGroup = B30DE9271D711B4300138962;
			productRefGroup = B30DE9271D711B4300138962;
			projectDirPath = "";
			projectRoot = "";
			targets = (
				B30DE92F1D711B4300138962 /* nBack */,
				B3557E9F1E738B590017D6F3 /* nBackInternal */,
				B32D43831E73BA4E00DAE063 /* nBackTests */,
			);
		};
/* End PBXProject section */

/* Begin PBXResourcesBuildPhase section */
		B30DE92E1D711B4300138962 /* Resources */ = {
			isa = PBXResourcesBuildPhase;
			buildActionMask = 2147483647;
			files = (
				B3BCBBC61DCE73F80081534C /* DaysTableViewCell.xib in Resources */,
				B3D46A351E738B2B00955823 /* oldData.json in Resources */,
				B36B82C81DD10A76005ADCA7 /* GameResultCell.xib in Resources */,
				B310E0581DD1083D00089E98 /* HeaderView.xib in Resources */,
				B30DE9411D711B4300138962 /* LaunchScreen.storyboard in Resources */,
				B30DE93E1D711B4300138962 /* Assets.xcassets in Resources */,
			);
			runOnlyForDeploymentPostprocessing = 0;
		};
		B32D43821E73BA4E00DAE063 /* Resources */ = {
			isa = PBXResourcesBuildPhase;
			buildActionMask = 2147483647;
			files = (
			);
			runOnlyForDeploymentPostprocessing = 0;
		};
		B3557ECF1E738B590017D6F3 /* Resources */ = {
			isa = PBXResourcesBuildPhase;
			buildActionMask = 2147483647;
			files = (
				B3557ED01E738B590017D6F3 /* DaysTableViewCell.xib in Resources */,
				B3557ED11E738B590017D6F3 /* oldData.json in Resources */,
				B3557ED21E738B590017D6F3 /* GameResultCell.xib in Resources */,
				B3557ED31E738B590017D6F3 /* HeaderView.xib in Resources */,
				B3557ED41E738B590017D6F3 /* LaunchScreen.storyboard in Resources */,
				B3557ED51E738B590017D6F3 /* Assets.xcassets in Resources */,
			);
			runOnlyForDeploymentPostprocessing = 0;
		};
/* End PBXResourcesBuildPhase section */

/* Begin PBXShellScriptBuildPhase section */
		19F8EC1499E288E61BD1813C /* [CP] Embed Pods Frameworks */ = {
			isa = PBXShellScriptBuildPhase;
			buildActionMask = 2147483647;
			files = (
			);
			inputPaths = (
			);
			name = "[CP] Embed Pods Frameworks";
			outputPaths = (
			);
			runOnlyForDeploymentPostprocessing = 0;
			shellPath = /bin/sh;
			shellScript = "\"${SRCROOT}/Pods/Target Support Files/Pods-nBackInternal/Pods-nBackInternal-frameworks.sh\"\n";
			showEnvVarsInLog = 0;
		};
		40E8A97060819D379097DA01 /* [CP] Copy Pods Resources */ = {
			isa = PBXShellScriptBuildPhase;
			buildActionMask = 2147483647;
			files = (
			);
			inputPaths = (
			);
			name = "[CP] Copy Pods Resources";
			outputPaths = (
			);
			runOnlyForDeploymentPostprocessing = 0;
			shellPath = /bin/sh;
			shellScript = "\"${SRCROOT}/Pods/Target Support Files/Pods-nBack/Pods-nBack-resources.sh\"\n";
			showEnvVarsInLog = 0;
		};
		463CCD5DDBE403482E37C6D0 /* [CP] Copy Pods Resources */ = {
			isa = PBXShellScriptBuildPhase;
			buildActionMask = 2147483647;
			files = (
			);
			inputPaths = (
			);
			name = "[CP] Copy Pods Resources";
			outputPaths = (
			);
			runOnlyForDeploymentPostprocessing = 0;
			shellPath = /bin/sh;
			shellScript = "\"${SRCROOT}/Pods/Target Support Files/Pods-nBackInternal/Pods-nBackInternal-resources.sh\"\n";
			showEnvVarsInLog = 0;
		};
		4C850FC13C78F5EF0FFBC2C0 /* [CP] Check Pods Manifest.lock */ = {
			isa = PBXShellScriptBuildPhase;
			buildActionMask = 2147483647;
			files = (
			);
			inputPaths = (
			);
			name = "[CP] Check Pods Manifest.lock";
			outputPaths = (
			);
			runOnlyForDeploymentPostprocessing = 0;
			shellPath = /bin/sh;
			shellScript = "diff \"${PODS_ROOT}/../Podfile.lock\" \"${PODS_ROOT}/Manifest.lock\" > /dev/null\nif [ $? != 0 ] ; then\n    # print error to STDERR\n    echo \"error: The sandbox is not in sync with the Podfile.lock. Run 'pod install' or update your CocoaPods installation.\" >&2\n    exit 1\nfi\n";
			showEnvVarsInLog = 0;
		};
		752C987C8456D6C7722182FF /* [CP] Embed Pods Frameworks */ = {
			isa = PBXShellScriptBuildPhase;
			buildActionMask = 2147483647;
			files = (
			);
			inputPaths = (
			);
			name = "[CP] Embed Pods Frameworks";
			outputPaths = (
			);
			runOnlyForDeploymentPostprocessing = 0;
			shellPath = /bin/sh;
			shellScript = "\"${SRCROOT}/Pods/Target Support Files/Pods-nBackTests/Pods-nBackTests-frameworks.sh\"\n";
			showEnvVarsInLog = 0;
		};
		8514D91CBD8BF6AA34E10B30 /* [CP] Check Pods Manifest.lock */ = {
			isa = PBXShellScriptBuildPhase;
			buildActionMask = 2147483647;
			files = (
			);
			inputPaths = (
			);
			name = "[CP] Check Pods Manifest.lock";
			outputPaths = (
			);
			runOnlyForDeploymentPostprocessing = 0;
			shellPath = /bin/sh;
			shellScript = "diff \"${PODS_ROOT}/../Podfile.lock\" \"${PODS_ROOT}/Manifest.lock\" > /dev/null\nif [ $? != 0 ] ; then\n    # print error to STDERR\n    echo \"error: The sandbox is not in sync with the Podfile.lock. Run 'pod install' or update your CocoaPods installation.\" >&2\n    exit 1\nfi\n";
			showEnvVarsInLog = 0;
		};
		ACA25466083EEC0C94281E66 /* [CP] Check Pods Manifest.lock */ = {
			isa = PBXShellScriptBuildPhase;
			buildActionMask = 2147483647;
			files = (
			);
			inputPaths = (
			);
			name = "[CP] Check Pods Manifest.lock";
			outputPaths = (
			);
			runOnlyForDeploymentPostprocessing = 0;
			shellPath = /bin/sh;
			shellScript = "diff \"${PODS_ROOT}/../Podfile.lock\" \"${PODS_ROOT}/Manifest.lock\" > /dev/null\nif [ $? != 0 ] ; then\n    # print error to STDERR\n    echo \"error: The sandbox is not in sync with the Podfile.lock. Run 'pod install' or update your CocoaPods installation.\" >&2\n    exit 1\nfi\n";
			showEnvVarsInLog = 0;
		};
		B335043F1E738DE7002EBC7D /* Increment Build Number */ = {
			isa = PBXShellScriptBuildPhase;
			buildActionMask = 2147483647;
			files = (
			);
			inputPaths = (
			);
			name = "Increment Build Number";
			outputPaths = (
			);
			runOnlyForDeploymentPostprocessing = 0;
			shellPath = /bin/sh;
			shellScript = "if [[ $USER == 'lanza' ]]; then\n    /Users/lanza/bin/incrementXcodeBuild\nfi";
		};
		B33504401E738DF7002EBC7D /* Increment Build Number */ = {
			isa = PBXShellScriptBuildPhase;
			buildActionMask = 2147483647;
			files = (
			);
			inputPaths = (
			);
			name = "Increment Build Number";
			outputPaths = (
			);
			runOnlyForDeploymentPostprocessing = 0;
			shellPath = /bin/sh;
			shellScript = "if [[ $USER == 'lanza' ]]; then\n    /Users/lanza/bin/incrementXcodeBuild\nfi";
		};
		EC2A74D1F86E66713C53131A /* [CP] Embed Pods Frameworks */ = {
			isa = PBXShellScriptBuildPhase;
			buildActionMask = 2147483647;
			files = (
			);
			inputPaths = (
			);
			name = "[CP] Embed Pods Frameworks";
			outputPaths = (
			);
			runOnlyForDeploymentPostprocessing = 0;
			shellPath = /bin/sh;
			shellScript = "\"${SRCROOT}/Pods/Target Support Files/Pods-nBack/Pods-nBack-frameworks.sh\"\n";
			showEnvVarsInLog = 0;
		};
		F6A6915B253E48879438CDEC /* [CP] Copy Pods Resources */ = {
			isa = PBXShellScriptBuildPhase;
			buildActionMask = 2147483647;
			files = (
			);
			inputPaths = (
			);
			name = "[CP] Copy Pods Resources";
			outputPaths = (
			);
			runOnlyForDeploymentPostprocessing = 0;
			shellPath = /bin/sh;
			shellScript = "\"${SRCROOT}/Pods/Target Support Files/Pods-nBackTests/Pods-nBackTests-resources.sh\"\n";
			showEnvVarsInLog = 0;
		};
/* End PBXShellScriptBuildPhase section */

/* Begin PBXSourcesBuildPhase section */
		B30DE92C1D711B4300138962 /* Sources */ = {
			isa = PBXSourcesBuildPhase;
			buildActionMask = 2147483647;
			files = (
				B31F35B51D722A0A00BBC1D2 /* ConfigurableCell.swift in Sources */,
				B30DE97F1D71358000138962 /* ViewController.swift in Sources */,
				B30DE97A1D712BE200138962 /* ManagedObject.swift in Sources */,
				B3642C291D72B8C70068506D /* DayTableViewController.swift in Sources */,
				B30DE9671D711F3D00138962 /* PlayViewController.swift in Sources */,
				B30DE96F1D71281C00138962 /* Theme.swift in Sources */,
				B39C1DE21E4FBAF5005B87E5 /* SequenceGenerator.swift in Sources */,
				B30DE9761D712BCD00138962 /* TypeResult.swift in Sources */,
				B30DE93C1D711B4300138962 /* nBack.xcdatamodeld in Sources */,
				B30DE98B1D71371100138962 /* View.swift in Sources */,
				B30DE9741D712BCD00138962 /* GameResult.swift in Sources */,
				B31F35C21D728E8100BBC1D2 /* Day.swift in Sources */,
				B3DA50931E4D72D700D1C167 /* Color.swift in Sources */,
				B38599DC1D9720CF00227994 /* DayTableViewCellLabel.swift in Sources */,
				B31F40811E7E778E00FDEA08 /* NSManagedObjectContext+Extension.swift in Sources */,
				B3557EDE1E738BB30017D6F3 /* JSONParser.swift in Sources */,
				B30DE9911D71476B00138962 /* PlayCoordinator.swift in Sources */,
				B3CDCFB01D72D9DD0018F4D3 /* SettingsCoordinator.swift in Sources */,
				B30DE99F1D7156E800138962 /* GameType.swift in Sources */,
				B310E05A1DD1089500089E98 /* HeaderView.swift in Sources */,
				B30DE99B1D71555A00138962 /* Button.swift in Sources */,
				B30DE96D1D71280000138962 /* Lets.swift in Sources */,
				B31F359A1D71727800BBC1D2 /* GameBrain.swift in Sources */,
				B345609A1E7A4E5B005C9EE6 /* Database.swift in Sources */,
				B30DE9361D711B4300138962 /* AppCoordinator.swift in Sources */,
				B30DE9931D714C8A00138962 /* NavigationController.swift in Sources */,
				B31F35B31D7229F000BBC1D2 /* TableViewCell.swift in Sources */,
				B31F35961D71720400BBC1D2 /* GameView.swift in Sources */,
				B30DE9341D711B4300138962 /* AppDelegate.swift in Sources */,
				B30DE9951D714EEA00138962 /* DaysCoordinator.swift in Sources */,
				B38599DE1D97236F00227994 /* SpeechSynthesizer.swift in Sources */,
				B32D43911E73CEBF00DAE063 /* Initializer.swift in Sources */,
				B30DE9851D7135FF00138962 /* GameViewController.swift in Sources */,
				B39C1DE01E4FB43F005B87E5 /* Score.swift in Sources */,
				B30DE9871D71364B00138962 /* StackView.swift in Sources */,
				B31F35A61D717E7E00BBC1D2 /* Utilities.swift in Sources */,
				B31F408A1E7E84F700FDEA08 /* CoreDataToRealmMigrator.swift in Sources */,
				B31F35A21D71733100BBC1D2 /* GameSettings.swift in Sources */,
				B30DE9991D7151F000138962 /* GameCoordinator.swift in Sources */,
				B38599D51D96125F00227994 /* Label.swift in Sources */,
				B31F35941D7171DD00BBC1D2 /* SquareMatrix.swift in Sources */,
				B3DA50A51E4DA04400D1C167 /* RealmModels.swift in Sources */,
				B30DE96B1D7127EF00138962 /* CoreData.swift in Sources */,
				B3642C271D72B8180068506D /* DayCoordinator.swift in Sources */,
				B30DE9891D71370A00138962 /* SquareView.swift in Sources */,
				B30DE9691D711F6700138962 /* DaysTableViewController.swift in Sources */,
				B36B82CA1DD10C31005ADCA7 /* GameResultCell.swift in Sources */,
				B31F35BE1D72449B00BBC1D2 /* DaysTableViewCell.swift in Sources */,
			);
			runOnlyForDeploymentPostprocessing = 0;
		};
		B32D43801E73BA4E00DAE063 /* Sources */ = {
			isa = PBXSourcesBuildPhase;
			buildActionMask = 2147483647;
			files = (
				B3D49F531E7E675E005CCBE5 /* CoreDataToRealmMigratorTests.swift in Sources */,
				B31F40871E7E7F4000FDEA08 /* TestableCoreData.swift in Sources */,
				B32D43871E73BA4E00DAE063 /* JSONParserTests.swift in Sources */,
				B31F40851E7E782800FDEA08 /* CoreDataDataGenerator.swift in Sources */,
				B31F40831E7E77F100FDEA08 /* CoreDataDataGeneratorSpec.swift in Sources */,
			);
			runOnlyForDeploymentPostprocessing = 0;
		};
		B3557EA11E738B590017D6F3 /* Sources */ = {
			isa = PBXSourcesBuildPhase;
			buildActionMask = 2147483647;
			files = (
				B31F408B1E7E84F800FDEA08 /* CoreDataToRealmMigrator.swift in Sources */,
				B3557EA21E738B590017D6F3 /* ConfigurableCell.swift in Sources */,
				B3557EA31E738B590017D6F3 /* ViewController.swift in Sources */,
				B3557EA41E738B590017D6F3 /* ManagedObject.swift in Sources */,
				B3557EA51E738B590017D6F3 /* DayTableViewController.swift in Sources */,
				B3557EA61E738B590017D6F3 /* PlayViewController.swift in Sources */,
				B3557EA71E738B590017D6F3 /* Theme.swift in Sources */,
				B3557EA81E738B590017D6F3 /* SequenceGenerator.swift in Sources */,
				B3557EA91E738B590017D6F3 /* TypeResult.swift in Sources */,
				B3557EAA1E738B590017D6F3 /* nBack.xcdatamodeld in Sources */,
				B3557EAB1E738B590017D6F3 /* View.swift in Sources */,
				B3557EAC1E738B590017D6F3 /* GameResult.swift in Sources */,
				B3557EAD1E738B590017D6F3 /* Day.swift in Sources */,
				B3557EAE1E738B590017D6F3 /* Color.swift in Sources */,
				B3557EAF1E738B590017D6F3 /* DayTableViewCellLabel.swift in Sources */,
				B3557EDF1E738BB30017D6F3 /* JSONParser.swift in Sources */,
				B3557EB01E738B590017D6F3 /* PlayCoordinator.swift in Sources */,
				B3557EB11E738B590017D6F3 /* SettingsCoordinator.swift in Sources */,
				B3557EB21E738B590017D6F3 /* GameType.swift in Sources */,
				B3557EB31E738B590017D6F3 /* HeaderView.swift in Sources */,
				B3557EB41E738B590017D6F3 /* Button.swift in Sources */,
				B3557EB51E738B590017D6F3 /* Lets.swift in Sources */,
				B3557EB61E738B590017D6F3 /* GameBrain.swift in Sources */,
				B3557EB71E738B590017D6F3 /* AppCoordinator.swift in Sources */,
				B3557EB81E738B590017D6F3 /* NavigationController.swift in Sources */,
				B3557EB91E738B590017D6F3 /* TableViewCell.swift in Sources */,
				B3557EBA1E738B590017D6F3 /* GameView.swift in Sources */,
				B3557EBB1E738B590017D6F3 /* AppDelegate.swift in Sources */,
				B3557EBC1E738B590017D6F3 /* DaysCoordinator.swift in Sources */,
				B3557EBD1E738B590017D6F3 /* SpeechSynthesizer.swift in Sources */,
				B3557EBE1E738B590017D6F3 /* GameViewController.swift in Sources */,
				B3557EBF1E738B590017D6F3 /* Score.swift in Sources */,
				B3557EC01E738B590017D6F3 /* StackView.swift in Sources */,
				B3557EC11E738B590017D6F3 /* Utilities.swift in Sources */,
				B345609B1E7A4E5B005C9EE6 /* Database.swift in Sources */,
				B3557EC21E738B590017D6F3 /* GameSettings.swift in Sources */,
				B3557EC31E738B590017D6F3 /* GameCoordinator.swift in Sources */,
				B3557EC41E738B590017D6F3 /* Label.swift in Sources */,
				B3557EC51E738B590017D6F3 /* SquareMatrix.swift in Sources */,
				B3557EC61E738B590017D6F3 /* RealmModels.swift in Sources */,
				B3557EC71E738B590017D6F3 /* CoreData.swift in Sources */,
				B3557EC81E738B590017D6F3 /* DayCoordinator.swift in Sources */,
				B3557EC91E738B590017D6F3 /* SquareView.swift in Sources */,
				B3557ECA1E738B590017D6F3 /* DaysTableViewController.swift in Sources */,
				B3557ECB1E738B590017D6F3 /* GameResultCell.swift in Sources */,
				B3557ECC1E738B590017D6F3 /* DaysTableViewCell.swift in Sources */,
			);
			runOnlyForDeploymentPostprocessing = 0;
		};
/* End PBXSourcesBuildPhase section */

/* Begin PBXTargetDependency section */
		B32D438A1E73BA4E00DAE063 /* PBXTargetDependency */ = {
			isa = PBXTargetDependency;
			target = B30DE92F1D711B4300138962 /* nBack */;
			targetProxy = B32D43891E73BA4E00DAE063 /* PBXContainerItemProxy */;
		};
/* End PBXTargetDependency section */

/* Begin PBXVariantGroup section */
		B30DE93F1D711B4300138962 /* LaunchScreen.storyboard */ = {
			isa = PBXVariantGroup;
			children = (
				B30DE9401D711B4300138962 /* Base */,
			);
			name = LaunchScreen.storyboard;
			path = .;
			sourceTree = "<group>";
		};
/* End PBXVariantGroup section */

/* Begin XCBuildConfiguration section */
		B30DE9591D711B4300138962 /* Debug */ = {
			isa = XCBuildConfiguration;
			buildSettings = {
				ALWAYS_SEARCH_USER_PATHS = NO;
				CLANG_ANALYZER_NONNULL = YES;
				CLANG_CXX_LANGUAGE_STANDARD = "gnu++0x";
				CLANG_CXX_LIBRARY = "libc++";
				CLANG_ENABLE_MODULES = YES;
				CLANG_ENABLE_OBJC_ARC = YES;
				CLANG_WARN_BOOL_CONVERSION = YES;
				CLANG_WARN_CONSTANT_CONVERSION = YES;
				CLANG_WARN_DIRECT_OBJC_ISA_USAGE = YES_ERROR;
				CLANG_WARN_DOCUMENTATION_COMMENTS = YES;
				CLANG_WARN_EMPTY_BODY = YES;
				CLANG_WARN_ENUM_CONVERSION = YES;
				CLANG_WARN_INFINITE_RECURSION = YES;
				CLANG_WARN_INT_CONVERSION = YES;
				CLANG_WARN_OBJC_ROOT_CLASS = YES_ERROR;
				CLANG_WARN_SUSPICIOUS_MOVE = YES;
				CLANG_WARN_SUSPICIOUS_MOVES = YES;
				CLANG_WARN_UNREACHABLE_CODE = YES;
				CLANG_WARN__DUPLICATE_METHOD_MATCH = YES;
				"CODE_SIGN_IDENTITY[sdk=iphoneos*]" = "iPhone Developer";
				COPY_PHASE_STRIP = NO;
				DEBUG_INFORMATION_FORMAT = dwarf;
				ENABLE_STRICT_OBJC_MSGSEND = YES;
				ENABLE_TESTABILITY = YES;
				GCC_C_LANGUAGE_STANDARD = gnu99;
				GCC_DYNAMIC_NO_PIC = NO;
				GCC_NO_COMMON_BLOCKS = YES;
				GCC_OPTIMIZATION_LEVEL = 0;
				GCC_PREPROCESSOR_DEFINITIONS = (
					"DEBUG=1",
					"$(inherited)",
				);
				GCC_WARN_64_TO_32_BIT_CONVERSION = YES;
				GCC_WARN_ABOUT_RETURN_TYPE = YES_ERROR;
				GCC_WARN_UNDECLARED_SELECTOR = YES;
				GCC_WARN_UNINITIALIZED_AUTOS = YES_AGGRESSIVE;
				GCC_WARN_UNUSED_FUNCTION = YES;
				GCC_WARN_UNUSED_VARIABLE = YES;
				IPHONEOS_DEPLOYMENT_TARGET = 10.0;
				MTL_ENABLE_DEBUG_INFO = YES;
				ONLY_ACTIVE_ARCH = YES;
				SDKROOT = iphoneos;
				SWIFT_ACTIVE_COMPILATION_CONDITIONS = DEBUG;
				SWIFT_OPTIMIZATION_LEVEL = "-Onone";
				TARGETED_DEVICE_FAMILY = "1,2";
			};
			name = Debug;
		};
		B30DE95A1D711B4300138962 /* Release */ = {
			isa = XCBuildConfiguration;
			buildSettings = {
				ALWAYS_SEARCH_USER_PATHS = NO;
				CLANG_ANALYZER_NONNULL = YES;
				CLANG_CXX_LANGUAGE_STANDARD = "gnu++0x";
				CLANG_CXX_LIBRARY = "libc++";
				CLANG_ENABLE_MODULES = YES;
				CLANG_ENABLE_OBJC_ARC = YES;
				CLANG_WARN_BOOL_CONVERSION = YES;
				CLANG_WARN_CONSTANT_CONVERSION = YES;
				CLANG_WARN_DIRECT_OBJC_ISA_USAGE = YES_ERROR;
				CLANG_WARN_DOCUMENTATION_COMMENTS = YES;
				CLANG_WARN_EMPTY_BODY = YES;
				CLANG_WARN_ENUM_CONVERSION = YES;
				CLANG_WARN_INFINITE_RECURSION = YES;
				CLANG_WARN_INT_CONVERSION = YES;
				CLANG_WARN_OBJC_ROOT_CLASS = YES_ERROR;
				CLANG_WARN_SUSPICIOUS_MOVE = YES;
				CLANG_WARN_SUSPICIOUS_MOVES = YES;
				CLANG_WARN_UNREACHABLE_CODE = YES;
				CLANG_WARN__DUPLICATE_METHOD_MATCH = YES;
				"CODE_SIGN_IDENTITY[sdk=iphoneos*]" = "iPhone Developer";
				COPY_PHASE_STRIP = NO;
				DEBUG_INFORMATION_FORMAT = "dwarf-with-dsym";
				ENABLE_NS_ASSERTIONS = NO;
				ENABLE_STRICT_OBJC_MSGSEND = YES;
				GCC_C_LANGUAGE_STANDARD = gnu99;
				GCC_NO_COMMON_BLOCKS = YES;
				GCC_WARN_64_TO_32_BIT_CONVERSION = YES;
				GCC_WARN_ABOUT_RETURN_TYPE = YES_ERROR;
				GCC_WARN_UNDECLARED_SELECTOR = YES;
				GCC_WARN_UNINITIALIZED_AUTOS = YES_AGGRESSIVE;
				GCC_WARN_UNUSED_FUNCTION = YES;
				GCC_WARN_UNUSED_VARIABLE = YES;
				IPHONEOS_DEPLOYMENT_TARGET = 10.0;
				MTL_ENABLE_DEBUG_INFO = NO;
				SDKROOT = iphoneos;
				SWIFT_OPTIMIZATION_LEVEL = "-Owholemodule";
				TARGETED_DEVICE_FAMILY = "1,2";
				VALIDATE_PRODUCT = YES;
			};
			name = Release;
		};
		B30DE95C1D711B4300138962 /* Debug */ = {
			isa = XCBuildConfiguration;
			baseConfigurationReference = CD8A90DB9ECBFD8A22B435B1 /* Pods-nBack.debug.xcconfig */;
			buildSettings = {
				ASSETCATALOG_COMPILER_APPICON_NAME = AppIcon;
				DEVELOPMENT_TEAM = 72MNHNDUNH;
				INFOPLIST_FILE = nBack/nBack.plist;
				IPHONEOS_DEPLOYMENT_TARGET = 10.0;
				LD_RUNPATH_SEARCH_PATHS = "$(inherited) @executable_path/Frameworks";
				PRODUCT_BUNDLE_IDENTIFIER = io.lanza.nBack;
				PRODUCT_NAME = "$(TARGET_NAME)";
				SWIFT_VERSION = 3.0;
				TARGETED_DEVICE_FAMILY = 1;
				VERSIONING_SYSTEM = "apple-generic";
			};
			name = Debug;
		};
		B30DE95D1D711B4300138962 /* Release */ = {
			isa = XCBuildConfiguration;
			baseConfigurationReference = 1C1BF8098F5C360BE2A5A466 /* Pods-nBack.release.xcconfig */;
			buildSettings = {
				ASSETCATALOG_COMPILER_APPICON_NAME = AppIcon;
				DEVELOPMENT_TEAM = 72MNHNDUNH;
				INFOPLIST_FILE = nBack/nBack.plist;
				IPHONEOS_DEPLOYMENT_TARGET = 10.0;
				LD_RUNPATH_SEARCH_PATHS = "$(inherited) @executable_path/Frameworks";
				PRODUCT_BUNDLE_IDENTIFIER = io.lanza.nBack;
				PRODUCT_NAME = "$(TARGET_NAME)";
				SWIFT_VERSION = 3.0;
				TARGETED_DEVICE_FAMILY = 1;
				VERSIONING_SYSTEM = "apple-generic";
			};
			name = Release;
		};
		B32D438C1E73BA4E00DAE063 /* Debug */ = {
			isa = XCBuildConfiguration;
			baseConfigurationReference = 525B1B4768DD5B7D9F73215C /* Pods-nBackTests.debug.xcconfig */;
			buildSettings = {
				BUNDLE_LOADER = "$(TEST_HOST)";
				DEVELOPMENT_TEAM = 72MNHNDUNH;
				INFOPLIST_FILE = nBackTests/Info.plist;
				IPHONEOS_DEPLOYMENT_TARGET = 10.2;
				LD_RUNPATH_SEARCH_PATHS = "$(inherited) @executable_path/Frameworks @loader_path/Frameworks";
				PRODUCT_BUNDLE_IDENTIFIER = io.lanza.nBackTests;
				PRODUCT_NAME = "$(TARGET_NAME)";
				SWIFT_VERSION = 3.0;
				TEST_HOST = "$(BUILT_PRODUCTS_DIR)/nBack.app/nBack";
			};
			name = Debug;
		};
		B32D438D1E73BA4E00DAE063 /* Release */ = {
			isa = XCBuildConfiguration;
			baseConfigurationReference = FE208ECFE01816850E3DED22 /* Pods-nBackTests.release.xcconfig */;
			buildSettings = {
				BUNDLE_LOADER = "$(TEST_HOST)";
				DEVELOPMENT_TEAM = 72MNHNDUNH;
				INFOPLIST_FILE = nBackTests/Info.plist;
				IPHONEOS_DEPLOYMENT_TARGET = 10.2;
				LD_RUNPATH_SEARCH_PATHS = "$(inherited) @executable_path/Frameworks @loader_path/Frameworks";
				PRODUCT_BUNDLE_IDENTIFIER = io.lanza.nBackTests;
				PRODUCT_NAME = "$(TARGET_NAME)";
				SWIFT_VERSION = 3.0;
				TEST_HOST = "$(BUILT_PRODUCTS_DIR)/nBack.app/nBack";
			};
			name = Release;
		};
		B3557ED91E738B590017D6F3 /* Debug */ = {
			isa = XCBuildConfiguration;
			baseConfigurationReference = 42952F1EFB03EF4007E5C112 /* Pods-nBackInternal.debug.xcconfig */;
			buildSettings = {
				ASSETCATALOG_COMPILER_APPICON_NAME = AppIcon;
				DEVELOPMENT_TEAM = 72MNHNDUNH;
				INFOPLIST_FILE = nBack/nBackInternal.plist;
				IPHONEOS_DEPLOYMENT_TARGET = 10.0;
				LD_RUNPATH_SEARCH_PATHS = "$(inherited) @executable_path/Frameworks";
				PRODUCT_BUNDLE_IDENTIFIER = io.lanza.nBack;
				PRODUCT_NAME = "$(TARGET_NAME)";
				SWIFT_VERSION = 3.0;
				TARGETED_DEVICE_FAMILY = 1;
			};
			name = Debug;
		};
		B3557EDA1E738B590017D6F3 /* Release */ = {
			isa = XCBuildConfiguration;
			baseConfigurationReference = FBDD4F94E3D51EA5A27D66D2 /* Pods-nBackInternal.release.xcconfig */;
			buildSettings = {
				ASSETCATALOG_COMPILER_APPICON_NAME = AppIcon;
				DEVELOPMENT_TEAM = 72MNHNDUNH;
				INFOPLIST_FILE = nBack/nBackInternal.plist;
				IPHONEOS_DEPLOYMENT_TARGET = 10.0;
				LD_RUNPATH_SEARCH_PATHS = "$(inherited) @executable_path/Frameworks";
				PRODUCT_BUNDLE_IDENTIFIER = io.lanza.nBack;
				PRODUCT_NAME = "$(TARGET_NAME)";
				SWIFT_VERSION = 3.0;
				TARGETED_DEVICE_FAMILY = 1;
			};
			name = Release;
		};
/* End XCBuildConfiguration section */

/* Begin XCConfigurationList section */
		B30DE92B1D711B4300138962 /* Build configuration list for PBXProject "nBack" */ = {
			isa = XCConfigurationList;
			buildConfigurations = (
				B30DE9591D711B4300138962 /* Debug */,
				B30DE95A1D711B4300138962 /* Release */,
			);
			defaultConfigurationIsVisible = 0;
			defaultConfigurationName = Release;
		};
		B30DE95B1D711B4300138962 /* Build configuration list for PBXNativeTarget "nBack" */ = {
			isa = XCConfigurationList;
			buildConfigurations = (
				B30DE95C1D711B4300138962 /* Debug */,
				B30DE95D1D711B4300138962 /* Release */,
			);
			defaultConfigurationIsVisible = 0;
			defaultConfigurationName = Release;
		};
		B32D438B1E73BA4E00DAE063 /* Build configuration list for PBXNativeTarget "nBackTests" */ = {
			isa = XCConfigurationList;
			buildConfigurations = (
				B32D438C1E73BA4E00DAE063 /* Debug */,
				B32D438D1E73BA4E00DAE063 /* Release */,
			);
			defaultConfigurationIsVisible = 0;
			defaultConfigurationName = Release;
		};
		B3557ED81E738B590017D6F3 /* Build configuration list for PBXNativeTarget "nBackInternal" */ = {
			isa = XCConfigurationList;
			buildConfigurations = (
				B3557ED91E738B590017D6F3 /* Debug */,
				B3557EDA1E738B590017D6F3 /* Release */,
			);
			defaultConfigurationIsVisible = 0;
			defaultConfigurationName = Release;
		};
/* End XCConfigurationList section */

/* Begin XCVersionGroup section */
		B30DE93A1D711B4300138962 /* nBack.xcdatamodeld */ = {
			isa = XCVersionGroup;
			children = (
				B30DE93B1D711B4300138962 /* nBack.xcdatamodel */,
			);
			currentVersion = B30DE93B1D711B4300138962 /* nBack.xcdatamodel */;
			name = nBack.xcdatamodeld;
			path = ../CoreData/nBack.xcdatamodeld;
			sourceTree = "<group>";
			versionGroupType = wrapper.xcdatamodel;
		};
/* End XCVersionGroup section */
	};
	rootObject = B30DE9281D711B4300138962 /* Project object */;
}
