// !$*UTF8*$!
{
	archiveVersion = 1;
	classes = {
	};
	objectVersion = 46;
	objects = {

/* Begin PBXBuildFile section */
		9877FFADA09A19B3827D6E70 /* Pods_nBack.framework in Frameworks */ = {isa = PBXBuildFile; fileRef = F0B8FE191D685A5A92CA62CE /* Pods_nBack.framework */; };
		B30DE9341D711B4300138962 /* AppDelegate.swift in Sources */ = {isa = PBXBuildFile; fileRef = B30DE9331D711B4300138962 /* AppDelegate.swift */; };
		B30DE9361D711B4300138962 /* AppCoordinator.swift in Sources */ = {isa = PBXBuildFile; fileRef = B30DE9351D711B4300138962 /* AppCoordinator.swift */; };
		B30DE93C1D711B4300138962 /* nBack.xcdatamodeld in Sources */ = {isa = PBXBuildFile; fileRef = B30DE93A1D711B4300138962 /* nBack.xcdatamodeld */; };
		B30DE93E1D711B4300138962 /* Assets.xcassets in Resources */ = {isa = PBXBuildFile; fileRef = B30DE93D1D711B4300138962 /* Assets.xcassets */; };
		B30DE9411D711B4300138962 /* LaunchScreen.storyboard in Resources */ = {isa = PBXBuildFile; fileRef = B30DE93F1D711B4300138962 /* LaunchScreen.storyboard */; };
		B30DE9671D711F3D00138962 /* PlayViewController.swift in Sources */ = {isa = PBXBuildFile; fileRef = B30DE9661D711F3D00138962 /* PlayViewController.swift */; };
		B30DE9691D711F6700138962 /* DaysTableViewController.swift in Sources */ = {isa = PBXBuildFile; fileRef = B30DE9681D711F6700138962 /* DaysTableViewController.swift */; };
		B30DE96B1D7127EF00138962 /* CoreData.swift in Sources */ = {isa = PBXBuildFile; fileRef = B30DE96A1D7127EF00138962 /* CoreData.swift */; };
		B30DE96D1D71280000138962 /* Lets.swift in Sources */ = {isa = PBXBuildFile; fileRef = B30DE96C1D71280000138962 /* Lets.swift */; };
		B30DE96F1D71281C00138962 /* Theme.swift in Sources */ = {isa = PBXBuildFile; fileRef = B30DE96E1D71281C00138962 /* Theme.swift */; };
		B30DE9741D712BCD00138962 /* GameResult.swift in Sources */ = {isa = PBXBuildFile; fileRef = B30DE9701D712BCD00138962 /* GameResult.swift */; };
		B30DE9761D712BCD00138962 /* TypeResult.swift in Sources */ = {isa = PBXBuildFile; fileRef = B30DE9721D712BCD00138962 /* TypeResult.swift */; };
		B30DE97A1D712BE200138962 /* ManagedObject.swift in Sources */ = {isa = PBXBuildFile; fileRef = B30DE9791D712BE200138962 /* ManagedObject.swift */; };
		B30DE97D1D712CD700138962 /* ManagedObjectType.swift in Sources */ = {isa = PBXBuildFile; fileRef = B30DE97C1D712CD700138962 /* ManagedObjectType.swift */; };
		B30DE97F1D71358000138962 /* ViewController.swift in Sources */ = {isa = PBXBuildFile; fileRef = B30DE97E1D71358000138962 /* ViewController.swift */; };
		B30DE9851D7135FF00138962 /* GameViewController.swift in Sources */ = {isa = PBXBuildFile; fileRef = B30DE9841D7135FF00138962 /* GameViewController.swift */; };
		B30DE9871D71364B00138962 /* StackView.swift in Sources */ = {isa = PBXBuildFile; fileRef = B30DE9861D71364B00138962 /* StackView.swift */; };
		B30DE9891D71370A00138962 /* SquareView.swift in Sources */ = {isa = PBXBuildFile; fileRef = B30DE9881D71370A00138962 /* SquareView.swift */; };
		B30DE98B1D71371100138962 /* View.swift in Sources */ = {isa = PBXBuildFile; fileRef = B30DE98A1D71371100138962 /* View.swift */; };
		B30DE98F1D71474500138962 /* HasX-Protocols.swift in Sources */ = {isa = PBXBuildFile; fileRef = B30DE98E1D71474500138962 /* HasX-Protocols.swift */; };
		B30DE9911D71476B00138962 /* PlayCoordinator.swift in Sources */ = {isa = PBXBuildFile; fileRef = B30DE9901D71476B00138962 /* PlayCoordinator.swift */; };
		B30DE9931D714C8A00138962 /* NavigationController.swift in Sources */ = {isa = PBXBuildFile; fileRef = B30DE9921D714C8A00138962 /* NavigationController.swift */; };
		B30DE9951D714EEA00138962 /* DaysCoordinator.swift in Sources */ = {isa = PBXBuildFile; fileRef = B30DE9941D714EEA00138962 /* DaysCoordinator.swift */; };
		B30DE9991D7151F000138962 /* GameCoordinator.swift in Sources */ = {isa = PBXBuildFile; fileRef = B30DE9981D7151F000138962 /* GameCoordinator.swift */; };
		B30DE99B1D71555A00138962 /* Button.swift in Sources */ = {isa = PBXBuildFile; fileRef = B30DE99A1D71555A00138962 /* Button.swift */; };
		B30DE99F1D7156E800138962 /* GameType.swift in Sources */ = {isa = PBXBuildFile; fileRef = B30DE99E1D7156E800138962 /* GameType.swift */; };
		B310E0581DD1083D00089E98 /* HeaderView.xib in Resources */ = {isa = PBXBuildFile; fileRef = B310E0571DD1083D00089E98 /* HeaderView.xib */; };
		B310E05A1DD1089500089E98 /* HeaderView.swift in Sources */ = {isa = PBXBuildFile; fileRef = B310E0591DD1089500089E98 /* HeaderView.swift */; };
		B318A9DD1D72BA660051DC01 /* TableViewController.swift in Sources */ = {isa = PBXBuildFile; fileRef = B318A9DC1D72BA660051DC01 /* TableViewController.swift */; };
		B31F35941D7171DD00BBC1D2 /* SquareMatrix.swift in Sources */ = {isa = PBXBuildFile; fileRef = B31F35931D7171DD00BBC1D2 /* SquareMatrix.swift */; };
		B31F35961D71720400BBC1D2 /* GameView.swift in Sources */ = {isa = PBXBuildFile; fileRef = B31F35951D71720400BBC1D2 /* GameView.swift */; };
		B31F359A1D71727800BBC1D2 /* GameBrain.swift in Sources */ = {isa = PBXBuildFile; fileRef = B31F35991D71727800BBC1D2 /* GameBrain.swift */; };
		B31F35A21D71733100BBC1D2 /* GameSettings.swift in Sources */ = {isa = PBXBuildFile; fileRef = B31F35A11D71733100BBC1D2 /* GameSettings.swift */; };
		B31F35A61D717E7E00BBC1D2 /* Utilities.swift in Sources */ = {isa = PBXBuildFile; fileRef = B31F35A51D717E7E00BBC1D2 /* Utilities.swift */; };
		B31F35AA1D71A20900BBC1D2 /* FetchedResultsDataProvider.swift in Sources */ = {isa = PBXBuildFile; fileRef = B31F35A91D71A20900BBC1D2 /* FetchedResultsDataProvider.swift */; };
		B31F35AC1D7229AE00BBC1D2 /* DataProvider.swift in Sources */ = {isa = PBXBuildFile; fileRef = B31F35AB1D7229AE00BBC1D2 /* DataProvider.swift */; };
		B31F35AF1D7229CC00BBC1D2 /* DataProviderDelegate.swift in Sources */ = {isa = PBXBuildFile; fileRef = B31F35AE1D7229CC00BBC1D2 /* DataProviderDelegate.swift */; };
		B31F35B11D7229DA00BBC1D2 /* DataProviderUpdate.swift in Sources */ = {isa = PBXBuildFile; fileRef = B31F35B01D7229DA00BBC1D2 /* DataProviderUpdate.swift */; };
		B31F35B31D7229F000BBC1D2 /* TableViewCell.swift in Sources */ = {isa = PBXBuildFile; fileRef = B31F35B21D7229F000BBC1D2 /* TableViewCell.swift */; };
		B31F35B51D722A0A00BBC1D2 /* ConfigurableCell.swift in Sources */ = {isa = PBXBuildFile; fileRef = B31F35B41D722A0A00BBC1D2 /* ConfigurableCell.swift */; };
		B31F35B71D722A2700BBC1D2 /* TableViewDataSource.swift in Sources */ = {isa = PBXBuildFile; fileRef = B31F35B61D722A2700BBC1D2 /* TableViewDataSource.swift */; };
		B31F35BA1D722D7700BBC1D2 /* NSManagedObjectContext+Extensions.swift in Sources */ = {isa = PBXBuildFile; fileRef = B31F35B91D722D7700BBC1D2 /* NSManagedObjectContext+Extensions.swift */; };
		B31F35BC1D72330B00BBC1D2 /* ManagedObjectObserver.swift in Sources */ = {isa = PBXBuildFile; fileRef = B31F35BB1D72330B00BBC1D2 /* ManagedObjectObserver.swift */; };
		B31F35BE1D72449B00BBC1D2 /* DaysTableViewCell.swift in Sources */ = {isa = PBXBuildFile; fileRef = B31F35BD1D72449B00BBC1D2 /* DaysTableViewCell.swift */; };
		B31F35C21D728E8100BBC1D2 /* Day.swift in Sources */ = {isa = PBXBuildFile; fileRef = B31F35C11D728E8100BBC1D2 /* Day.swift */; };
		B3642C271D72B8180068506D /* DayCoordinator.swift in Sources */ = {isa = PBXBuildFile; fileRef = B3642C261D72B8180068506D /* DayCoordinator.swift */; };
		B3642C291D72B8C70068506D /* DayTableViewController.swift in Sources */ = {isa = PBXBuildFile; fileRef = B3642C281D72B8C70068506D /* DayTableViewController.swift */; };
		B36B82C81DD10A76005ADCA7 /* GameResultCell.xib in Resources */ = {isa = PBXBuildFile; fileRef = B36B82C71DD10A76005ADCA7 /* GameResultCell.xib */; };
		B36B82CA1DD10C31005ADCA7 /* GameResultCell.swift in Sources */ = {isa = PBXBuildFile; fileRef = B36B82C91DD10C31005ADCA7 /* GameResultCell.swift */; };
		B38599D51D96125F00227994 /* Label.swift in Sources */ = {isa = PBXBuildFile; fileRef = B38599D41D96125F00227994 /* Label.swift */; };
		B38599DC1D9720CF00227994 /* DayTableViewCellLabel.swift in Sources */ = {isa = PBXBuildFile; fileRef = B38599DB1D9720CF00227994 /* DayTableViewCellLabel.swift */; };
		B38599DE1D97236F00227994 /* SpeechSynthesizer.swift in Sources */ = {isa = PBXBuildFile; fileRef = B38599DD1D97236F00227994 /* SpeechSynthesizer.swift */; };
		B3BCBBC61DCE73F80081534C /* DaysTableViewCell.xib in Resources */ = {isa = PBXBuildFile; fileRef = B3BCBBC51DCE73F80081534C /* DaysTableViewCell.xib */; };
		B3CDCFB01D72D9DD0018F4D3 /* SettingsCoordinator.swift in Sources */ = {isa = PBXBuildFile; fileRef = B3CDCFAF1D72D9DD0018F4D3 /* SettingsCoordinator.swift */; };
/* End PBXBuildFile section */

/* Begin PBXFileReference section */
		141711A1BB21E02BD0A37F69 /* Pods-nBack.debug.xcconfig */ = {isa = PBXFileReference; includeInIndex = 1; lastKnownFileType = text.xcconfig; name = "Pods-nBack.debug.xcconfig"; path = "Pods/Target Support Files/Pods-nBack/Pods-nBack.debug.xcconfig"; sourceTree = "<group>"; };
		584111AD840CC72453CF06C1 /* Pods-nBack.release.xcconfig */ = {isa = PBXFileReference; includeInIndex = 1; lastKnownFileType = text.xcconfig; name = "Pods-nBack.release.xcconfig"; path = "Pods/Target Support Files/Pods-nBack/Pods-nBack.release.xcconfig"; sourceTree = "<group>"; };
		B30DE9331D711B4300138962 /* AppDelegate.swift */ = {isa = PBXFileReference; lastKnownFileType = sourcecode.swift; path = AppDelegate.swift; sourceTree = "<group>"; };
		B30DE9351D711B4300138962 /* AppCoordinator.swift */ = {isa = PBXFileReference; lastKnownFileType = sourcecode.swift; path = AppCoordinator.swift; sourceTree = "<group>"; };
		B30DE93B1D711B4300138962 /* nBack.xcdatamodel */ = {isa = PBXFileReference; lastKnownFileType = wrapper.xcdatamodel; path = nBack.xcdatamodel; sourceTree = "<group>"; };
		B30DE93D1D711B4300138962 /* Assets.xcassets */ = {isa = PBXFileReference; lastKnownFileType = folder.assetcatalog; path = Assets.xcassets; sourceTree = "<group>"; };
		B30DE9401D711B4300138962 /* Base */ = {isa = PBXFileReference; lastKnownFileType = file.storyboard; name = Base; path = Base.lproj/LaunchScreen.storyboard; sourceTree = "<group>"; };
		B30DE9661D711F3D00138962 /* PlayViewController.swift */ = {isa = PBXFileReference; fileEncoding = 4; lastKnownFileType = sourcecode.swift; path = PlayViewController.swift; sourceTree = "<group>"; };
		B30DE9681D711F6700138962 /* DaysTableViewController.swift */ = {isa = PBXFileReference; fileEncoding = 4; lastKnownFileType = sourcecode.swift; path = DaysTableViewController.swift; sourceTree = "<group>"; };
		B30DE96A1D7127EF00138962 /* CoreData.swift */ = {isa = PBXFileReference; fileEncoding = 4; lastKnownFileType = sourcecode.swift; path = CoreData.swift; sourceTree = "<group>"; };
		B30DE96C1D71280000138962 /* Lets.swift */ = {isa = PBXFileReference; fileEncoding = 4; lastKnownFileType = sourcecode.swift; path = Lets.swift; sourceTree = "<group>"; };
		B30DE96E1D71281C00138962 /* Theme.swift */ = {isa = PBXFileReference; fileEncoding = 4; lastKnownFileType = sourcecode.swift; path = Theme.swift; sourceTree = "<group>"; };
		B30DE9701D712BCD00138962 /* GameResult.swift */ = {isa = PBXFileReference; fileEncoding = 4; lastKnownFileType = sourcecode.swift; path = GameResult.swift; sourceTree = "<group>"; };
		B30DE9721D712BCD00138962 /* TypeResult.swift */ = {isa = PBXFileReference; fileEncoding = 4; lastKnownFileType = sourcecode.swift; path = TypeResult.swift; sourceTree = "<group>"; };
		B30DE9791D712BE200138962 /* ManagedObject.swift */ = {isa = PBXFileReference; fileEncoding = 4; lastKnownFileType = sourcecode.swift; path = ManagedObject.swift; sourceTree = "<group>"; };
		B30DE97C1D712CD700138962 /* ManagedObjectType.swift */ = {isa = PBXFileReference; fileEncoding = 4; lastKnownFileType = sourcecode.swift; path = ManagedObjectType.swift; sourceTree = "<group>"; };
		B30DE97E1D71358000138962 /* ViewController.swift */ = {isa = PBXFileReference; fileEncoding = 4; lastKnownFileType = sourcecode.swift; path = ViewController.swift; sourceTree = "<group>"; };
		B30DE9841D7135FF00138962 /* GameViewController.swift */ = {isa = PBXFileReference; fileEncoding = 4; lastKnownFileType = sourcecode.swift; path = GameViewController.swift; sourceTree = "<group>"; };
		B30DE9861D71364B00138962 /* StackView.swift */ = {isa = PBXFileReference; fileEncoding = 4; lastKnownFileType = sourcecode.swift; path = StackView.swift; sourceTree = "<group>"; };
		B30DE9881D71370A00138962 /* SquareView.swift */ = {isa = PBXFileReference; fileEncoding = 4; lastKnownFileType = sourcecode.swift; path = SquareView.swift; sourceTree = "<group>"; };
		B30DE98A1D71371100138962 /* View.swift */ = {isa = PBXFileReference; fileEncoding = 4; lastKnownFileType = sourcecode.swift; path = View.swift; sourceTree = "<group>"; };
		B30DE98E1D71474500138962 /* HasX-Protocols.swift */ = {isa = PBXFileReference; fileEncoding = 4; lastKnownFileType = sourcecode.swift; path = "HasX-Protocols.swift"; sourceTree = "<group>"; };
		B30DE9901D71476B00138962 /* PlayCoordinator.swift */ = {isa = PBXFileReference; fileEncoding = 4; lastKnownFileType = sourcecode.swift; path = PlayCoordinator.swift; sourceTree = "<group>"; };
		B30DE9921D714C8A00138962 /* NavigationController.swift */ = {isa = PBXFileReference; fileEncoding = 4; lastKnownFileType = sourcecode.swift; path = NavigationController.swift; sourceTree = "<group>"; };
		B30DE9941D714EEA00138962 /* DaysCoordinator.swift */ = {isa = PBXFileReference; fileEncoding = 4; lastKnownFileType = sourcecode.swift; path = DaysCoordinator.swift; sourceTree = "<group>"; };
		B30DE9981D7151F000138962 /* GameCoordinator.swift */ = {isa = PBXFileReference; fileEncoding = 4; lastKnownFileType = sourcecode.swift; path = GameCoordinator.swift; sourceTree = "<group>"; };
		B30DE99A1D71555A00138962 /* Button.swift */ = {isa = PBXFileReference; fileEncoding = 4; lastKnownFileType = sourcecode.swift; path = Button.swift; sourceTree = "<group>"; };
		B30DE99E1D7156E800138962 /* GameType.swift */ = {isa = PBXFileReference; fileEncoding = 4; lastKnownFileType = sourcecode.swift; path = GameType.swift; sourceTree = "<group>"; };
		B310E0571DD1083D00089E98 /* HeaderView.xib */ = {isa = PBXFileReference; fileEncoding = 4; lastKnownFileType = file.xib; path = HeaderView.xib; sourceTree = "<group>"; };
		B310E0591DD1089500089E98 /* HeaderView.swift */ = {isa = PBXFileReference; fileEncoding = 4; lastKnownFileType = sourcecode.swift; path = HeaderView.swift; sourceTree = "<group>"; };
		B318A9DC1D72BA660051DC01 /* TableViewController.swift */ = {isa = PBXFileReference; fileEncoding = 4; lastKnownFileType = sourcecode.swift; path = TableViewController.swift; sourceTree = "<group>"; };
		B31F35931D7171DD00BBC1D2 /* SquareMatrix.swift */ = {isa = PBXFileReference; fileEncoding = 4; lastKnownFileType = sourcecode.swift; path = SquareMatrix.swift; sourceTree = "<group>"; };
		B31F35951D71720400BBC1D2 /* GameView.swift */ = {isa = PBXFileReference; fileEncoding = 4; lastKnownFileType = sourcecode.swift; path = GameView.swift; sourceTree = "<group>"; };
		B31F35991D71727800BBC1D2 /* GameBrain.swift */ = {isa = PBXFileReference; fileEncoding = 4; lastKnownFileType = sourcecode.swift; lineEnding = 0; path = GameBrain.swift; sourceTree = "<group>"; xcLanguageSpecificationIdentifier = xcode.lang.swift; };
		B31F35A11D71733100BBC1D2 /* GameSettings.swift */ = {isa = PBXFileReference; fileEncoding = 4; lastKnownFileType = sourcecode.swift; path = GameSettings.swift; sourceTree = "<group>"; };
		B31F35A51D717E7E00BBC1D2 /* Utilities.swift */ = {isa = PBXFileReference; fileEncoding = 4; lastKnownFileType = sourcecode.swift; path = Utilities.swift; sourceTree = "<group>"; };
		B31F35A91D71A20900BBC1D2 /* FetchedResultsDataProvider.swift */ = {isa = PBXFileReference; fileEncoding = 4; lastKnownFileType = sourcecode.swift; path = FetchedResultsDataProvider.swift; sourceTree = "<group>"; };
		B31F35AB1D7229AE00BBC1D2 /* DataProvider.swift */ = {isa = PBXFileReference; fileEncoding = 4; lastKnownFileType = sourcecode.swift; path = DataProvider.swift; sourceTree = "<group>"; };
		B31F35AE1D7229CC00BBC1D2 /* DataProviderDelegate.swift */ = {isa = PBXFileReference; fileEncoding = 4; lastKnownFileType = sourcecode.swift; path = DataProviderDelegate.swift; sourceTree = "<group>"; };
		B31F35B01D7229DA00BBC1D2 /* DataProviderUpdate.swift */ = {isa = PBXFileReference; fileEncoding = 4; lastKnownFileType = sourcecode.swift; path = DataProviderUpdate.swift; sourceTree = "<group>"; };
		B31F35B21D7229F000BBC1D2 /* TableViewCell.swift */ = {isa = PBXFileReference; fileEncoding = 4; lastKnownFileType = sourcecode.swift; path = TableViewCell.swift; sourceTree = "<group>"; };
		B31F35B41D722A0A00BBC1D2 /* ConfigurableCell.swift */ = {isa = PBXFileReference; fileEncoding = 4; lastKnownFileType = sourcecode.swift; path = ConfigurableCell.swift; sourceTree = "<group>"; };
		B31F35B61D722A2700BBC1D2 /* TableViewDataSource.swift */ = {isa = PBXFileReference; fileEncoding = 4; lastKnownFileType = sourcecode.swift; path = TableViewDataSource.swift; sourceTree = "<group>"; };
		B31F35B91D722D7700BBC1D2 /* NSManagedObjectContext+Extensions.swift */ = {isa = PBXFileReference; fileEncoding = 4; lastKnownFileType = sourcecode.swift; path = "NSManagedObjectContext+Extensions.swift"; sourceTree = "<group>"; };
		B31F35BB1D72330B00BBC1D2 /* ManagedObjectObserver.swift */ = {isa = PBXFileReference; fileEncoding = 4; lastKnownFileType = sourcecode.swift; path = ManagedObjectObserver.swift; sourceTree = "<group>"; };
		B31F35BD1D72449B00BBC1D2 /* DaysTableViewCell.swift */ = {isa = PBXFileReference; fileEncoding = 4; lastKnownFileType = sourcecode.swift; path = DaysTableViewCell.swift; sourceTree = "<group>"; };
		B31F35C11D728E8100BBC1D2 /* Day.swift */ = {isa = PBXFileReference; fileEncoding = 4; lastKnownFileType = sourcecode.swift; path = Day.swift; sourceTree = "<group>"; };
		B3642C261D72B8180068506D /* DayCoordinator.swift */ = {isa = PBXFileReference; fileEncoding = 4; lastKnownFileType = sourcecode.swift; path = DayCoordinator.swift; sourceTree = "<group>"; };
		B3642C281D72B8C70068506D /* DayTableViewController.swift */ = {isa = PBXFileReference; fileEncoding = 4; lastKnownFileType = sourcecode.swift; path = DayTableViewController.swift; sourceTree = "<group>"; };
		B36B82C71DD10A76005ADCA7 /* GameResultCell.xib */ = {isa = PBXFileReference; fileEncoding = 4; lastKnownFileType = file.xib; path = GameResultCell.xib; sourceTree = "<group>"; };
		B36B82C91DD10C31005ADCA7 /* GameResultCell.swift */ = {isa = PBXFileReference; fileEncoding = 4; lastKnownFileType = sourcecode.swift; path = GameResultCell.swift; sourceTree = "<group>"; };
		B38599D41D96125F00227994 /* Label.swift */ = {isa = PBXFileReference; fileEncoding = 4; lastKnownFileType = sourcecode.swift; path = Label.swift; sourceTree = "<group>"; };
		B38599DB1D9720CF00227994 /* DayTableViewCellLabel.swift */ = {isa = PBXFileReference; fileEncoding = 4; lastKnownFileType = sourcecode.swift; path = DayTableViewCellLabel.swift; sourceTree = "<group>"; };
		B38599DD1D97236F00227994 /* SpeechSynthesizer.swift */ = {isa = PBXFileReference; fileEncoding = 4; lastKnownFileType = sourcecode.swift; path = SpeechSynthesizer.swift; sourceTree = "<group>"; };
		B3BCBBC51DCE73F80081534C /* DaysTableViewCell.xib */ = {isa = PBXFileReference; fileEncoding = 4; lastKnownFileType = file.xib; path = DaysTableViewCell.xib; sourceTree = "<group>"; };
		B3CDCFAF1D72D9DD0018F4D3 /* SettingsCoordinator.swift */ = {isa = PBXFileReference; fileEncoding = 4; lastKnownFileType = sourcecode.swift; path = SettingsCoordinator.swift; sourceTree = "<group>"; };
		B3DA508E1E4D578B00D1C167 /* nBack.app */ = {isa = PBXFileReference; explicitFileType = wrapper.application; includeInIndex = 0; path = nBack.app; sourceTree = BUILT_PRODUCTS_DIR; };
		B3DA508F1E4D57D500D1C167 /* Info.plist */ = {isa = PBXFileReference; fileEncoding = 4; lastKnownFileType = text.plist.xml; path = Info.plist; sourceTree = "<group>"; };
		F0B8FE191D685A5A92CA62CE /* Pods_nBack.framework */ = {isa = PBXFileReference; explicitFileType = wrapper.framework; includeInIndex = 0; path = Pods_nBack.framework; sourceTree = BUILT_PRODUCTS_DIR; };
/* End PBXFileReference section */

/* Begin PBXFrameworksBuildPhase section */
		B30DE92D1D711B4300138962 /* Frameworks */ = {
			isa = PBXFrameworksBuildPhase;
			buildActionMask = 2147483647;
			files = (
				9877FFADA09A19B3827D6E70 /* Pods_nBack.framework in Frameworks */,
			);
			runOnlyForDeploymentPostprocessing = 0;
		};
/* End PBXFrameworksBuildPhase section */

/* Begin PBXGroup section */
		407173FC2C868827649DDC22 /* Pods */ = {
			isa = PBXGroup;
			children = (
				141711A1BB21E02BD0A37F69 /* Pods-nBack.debug.xcconfig */,
				584111AD840CC72453CF06C1 /* Pods-nBack.release.xcconfig */,
			);
			name = Pods;
			sourceTree = "<group>";
		};
		9B1CA5E73CFDCB5F53752AB2 /* Frameworks */ = {
			isa = PBXGroup;
			children = (
				F0B8FE191D685A5A92CA62CE /* Pods_nBack.framework */,
			);
			name = Frameworks;
			sourceTree = "<group>";
		};
		B30DE9271D711B4300138962 = {
			isa = PBXGroup;
			children = (
				B3DA506E1E4D53A800D1C167 /* Source */,
				9B1CA5E73CFDCB5F53752AB2 /* Frameworks */,
				B30DE9641D711DBB00138962 /* Other */,
				407173FC2C868827649DDC22 /* Pods */,
			);
			sourceTree = "<group>";
		};
		B30DE9641D711DBB00138962 /* Other */ = {
			isa = PBXGroup;
			children = (
				B30DE93D1D711B4300138962 /* Assets.xcassets */,
				B3DA508F1E4D57D500D1C167 /* Info.plist */,
				B30DE93F1D711B4300138962 /* LaunchScreen.storyboard */,
				B3DA508E1E4D578B00D1C167 /* nBack.app */,
			);
			path = Other;
			sourceTree = "<group>";
		};
		B30DE9651D711DC000138962 /* Coordinators */ = {
			isa = PBXGroup;
			children = (
				B30DE9351D711B4300138962 /* AppCoordinator.swift */,
				B318A9DB1D72BA460051DC01 /* Play */,
				B318A9DA1D72BA3F0051DC01 /* History */,
				B3DA50911E4D5BA100D1C167 /* Settings */,
			);
			path = Coordinators;
			sourceTree = "<group>";
		};
		B30DE9781D712BD000138962 /* CoreDataTypes */ = {
			isa = PBXGroup;
			children = (
				B31F35C11D728E8100BBC1D2 /* Day.swift */,
				B30DE9701D712BCD00138962 /* GameResult.swift */,
				B30DE9791D712BE200138962 /* ManagedObject.swift */,
				B30DE97C1D712CD700138962 /* ManagedObjectType.swift */,
				B30DE9721D712BCD00138962 /* TypeResult.swift */,
			);
			path = CoreDataTypes;
			sourceTree = "<group>";
		};
		B30DE9801D71358900138962 /* Base Classes */ = {
			isa = PBXGroup;
			children = (
				B30DE99A1D71555A00138962 /* Button.swift */,
				B38599DB1D9720CF00227994 /* DayTableViewCellLabel.swift */,
				B31F35951D71720400BBC1D2 /* GameView.swift */,
				B38599D41D96125F00227994 /* Label.swift */,
				B30DE9921D714C8A00138962 /* NavigationController.swift */,
				B30DE9861D71364B00138962 /* StackView.swift */,
				B31F35B21D7229F000BBC1D2 /* TableViewCell.swift */,
				B30DE98A1D71371100138962 /* View.swift */,
				B30DE97E1D71358000138962 /* ViewController.swift */,
			);
			path = "Base Classes";
			sourceTree = "<group>";
		};
		B30DE9811D7135A300138962 /* CoreData */ = {
			isa = PBXGroup;
			children = (
				B30DE96A1D7127EF00138962 /* CoreData.swift */,
				B31F35BB1D72330B00BBC1D2 /* ManagedObjectObserver.swift */,
				B31F35B91D722D7700BBC1D2 /* NSManagedObjectContext+Extensions.swift */,
				B30DE93A1D711B4300138962 /* nBack.xcdatamodeld */,
			);
			path = CoreData;
			sourceTree = "<group>";
		};
		B30DE9821D7135C100138962 /* Views */ = {
			isa = PBXGroup;
			children = (
				B31F35B41D722A0A00BBC1D2 /* ConfigurableCell.swift */,
				B31F35BD1D72449B00BBC1D2 /* DaysTableViewCell.swift */,
				B3BCBBC51DCE73F80081534C /* DaysTableViewCell.xib */,
				B36B82C91DD10C31005ADCA7 /* GameResultCell.swift */,
				B36B82C71DD10A76005ADCA7 /* GameResultCell.xib */,
				B310E0591DD1089500089E98 /* HeaderView.swift */,
				B310E0571DD1083D00089E98 /* HeaderView.xib */,
				B30DE9881D71370A00138962 /* SquareView.swift */,
				B30DE96E1D71281C00138962 /* Theme.swift */,
			);
			path = Views;
			sourceTree = "<group>";
		};
		B30DE9831D7135CD00138962 /* Controllers */ = {
			isa = PBXGroup;
			children = (
				B318A9DC1D72BA660051DC01 /* TableViewController.swift */,
				B31F35A81D719C0300BBC1D2 /* History */,
				B31F35A71D719BFF00BBC1D2 /* Play */,
			);
			path = Controllers;
			sourceTree = "<group>";
		};
		B318A9DA1D72BA3F0051DC01 /* History */ = {
			isa = PBXGroup;
			children = (
				B3642C261D72B8180068506D /* DayCoordinator.swift */,
				B30DE9941D714EEA00138962 /* DaysCoordinator.swift */,
			);
			path = History;
			sourceTree = "<group>";
		};
		B318A9DB1D72BA460051DC01 /* Play */ = {
			isa = PBXGroup;
			children = (
				B30DE9981D7151F000138962 /* GameCoordinator.swift */,
				B30DE9901D71476B00138962 /* PlayCoordinator.swift */,
			);
			path = Play;
			sourceTree = "<group>";
		};
		B31F359B1D71728600BBC1D2 /* Model */ = {
			isa = PBXGroup;
			children = (
				B31F35991D71727800BBC1D2 /* GameBrain.swift */,
				B31F35A11D71733100BBC1D2 /* GameSettings.swift */,
				B38599DD1D97236F00227994 /* SpeechSynthesizer.swift */,
			);
			path = Model;
			sourceTree = "<group>";
		};
		B31F359E1D71729700BBC1D2 /* ViewModel */ = {
			isa = PBXGroup;
			children = (
				B31F35931D7171DD00BBC1D2 /* SquareMatrix.swift */,
			);
			path = ViewModel;
			sourceTree = "<group>";
		};
		B31F35A71D719BFF00BBC1D2 /* Play */ = {
			isa = PBXGroup;
			children = (
				B30DE9661D711F3D00138962 /* PlayViewController.swift */,
				B30DE9841D7135FF00138962 /* GameViewController.swift */,
			);
			path = Play;
			sourceTree = "<group>";
		};
		B31F35A81D719C0300BBC1D2 /* History */ = {
			isa = PBXGroup;
			children = (
				B3642C281D72B8C70068506D /* DayTableViewController.swift */,
				B30DE9681D711F6700138962 /* DaysTableViewController.swift */,
			);
			path = History;
			sourceTree = "<group>";
		};
		B31F35AD1D7229B400BBC1D2 /* DataProviders */ = {
			isa = PBXGroup;
			children = (
				B31F35AB1D7229AE00BBC1D2 /* DataProvider.swift */,
				B31F35AE1D7229CC00BBC1D2 /* DataProviderDelegate.swift */,
				B31F35B01D7229DA00BBC1D2 /* DataProviderUpdate.swift */,
				B31F35A91D71A20900BBC1D2 /* FetchedResultsDataProvider.swift */,
			);
			path = DataProviders;
			sourceTree = "<group>";
		};
		B31F35B81D722A5000BBC1D2 /* TableViewDataSources */ = {
			isa = PBXGroup;
			children = (
				B31F35B61D722A2700BBC1D2 /* TableViewDataSource.swift */,
			);
			path = TableViewDataSources;
			sourceTree = "<group>";
		};
		B3DA506E1E4D53A800D1C167 /* Source */ = {
			isa = PBXGroup;
			children = (
				B30DE9801D71358900138962 /* Base Classes */,
				B30DE9831D7135CD00138962 /* Controllers */,
				B30DE9651D711DC000138962 /* Coordinators */,
				B30DE9811D7135A300138962 /* CoreData */,
				B30DE9781D712BD000138962 /* CoreDataTypes */,
				B31F35AD1D7229B400BBC1D2 /* DataProviders */,
				B31F359B1D71728600BBC1D2 /* Model */,
				B31F35B81D722A5000BBC1D2 /* TableViewDataSources */,
				B31F359E1D71729700BBC1D2 /* ViewModel */,
				B30DE9821D7135C100138962 /* Views */,
				B30DE9331D711B4300138962 /* AppDelegate.swift */,
				B30DE99E1D7156E800138962 /* GameType.swift */,
				B30DE98E1D71474500138962 /* HasX-Protocols.swift */,
				B30DE96C1D71280000138962 /* Lets.swift */,
				B31F35A51D717E7E00BBC1D2 /* Utilities.swift */,
			);
			path = Source;
			sourceTree = "<group>";
		};
		B3DA50911E4D5BA100D1C167 /* Settings */ = {
			isa = PBXGroup;
			children = (
				B3CDCFAF1D72D9DD0018F4D3 /* SettingsCoordinator.swift */,
			);
			name = Settings;
			sourceTree = "<group>";
		};
/* End PBXGroup section */

/* Begin PBXNativeTarget section */
		B30DE92F1D711B4300138962 /* nBack */ = {
			isa = PBXNativeTarget;
			buildConfigurationList = B30DE95B1D711B4300138962 /* Build configuration list for PBXNativeTarget "nBack" */;
			buildPhases = (
				670888C8D748C9146F753DC1 /* [CP] Check Pods Manifest.lock */,
				B30DE92C1D711B4300138962 /* Sources */,
				B30DE92D1D711B4300138962 /* Frameworks */,
				B30DE92E1D711B4300138962 /* Resources */,
				226C682567C5EB39996C4FCA /* [CP] Embed Pods Frameworks */,
				9F157E67E6DCB1AC6338BD85 /* [CP] Copy Pods Resources */,
			);
			buildRules = (
			);
			dependencies = (
			);
			name = nBack;
			productName = nBack;
			productReference = B3DA508E1E4D578B00D1C167 /* nBack.app */;
			productType = "com.apple.product-type.application";
		};
/* End PBXNativeTarget section */

/* Begin PBXProject section */
		B30DE9281D711B4300138962 /* Project object */ = {
			isa = PBXProject;
			attributes = {
				LastSwiftUpdateCheck = 0800;
				LastUpgradeCheck = 0820;
				ORGANIZATIONNAME = "Nathan Lanza";
				TargetAttributes = {
					B30DE92F1D711B4300138962 = {
						CreatedOnToolsVersion = 8.0;
						DevelopmentTeam = 72MNHNDUNH;
						ProvisioningStyle = Automatic;
					};
				};
			};
			buildConfigurationList = B30DE92B1D711B4300138962 /* Build configuration list for PBXProject "nBack" */;
			compatibilityVersion = "Xcode 3.2";
			developmentRegion = English;
			hasScannedForEncodings = 0;
			knownRegions = (
				en,
				Base,
			);
			mainGroup = B30DE9271D711B4300138962;
			productRefGroup = B30DE9271D711B4300138962;
			projectDirPath = "";
			projectRoot = "";
			targets = (
				B30DE92F1D711B4300138962 /* nBack */,
			);
		};
/* End PBXProject section */

/* Begin PBXResourcesBuildPhase section */
		B30DE92E1D711B4300138962 /* Resources */ = {
			isa = PBXResourcesBuildPhase;
			buildActionMask = 2147483647;
			files = (
				B3BCBBC61DCE73F80081534C /* DaysTableViewCell.xib in Resources */,
				B36B82C81DD10A76005ADCA7 /* GameResultCell.xib in Resources */,
				B310E0581DD1083D00089E98 /* HeaderView.xib in Resources */,
				B30DE9411D711B4300138962 /* LaunchScreen.storyboard in Resources */,
				B30DE93E1D711B4300138962 /* Assets.xcassets in Resources */,
			);
			runOnlyForDeploymentPostprocessing = 0;
		};
/* End PBXResourcesBuildPhase section */

/* Begin PBXShellScriptBuildPhase section */
		226C682567C5EB39996C4FCA /* [CP] Embed Pods Frameworks */ = {
			isa = PBXShellScriptBuildPhase;
			buildActionMask = 2147483647;
			files = (
			);
			inputPaths = (
			);
			name = "[CP] Embed Pods Frameworks";
			outputPaths = (
			);
			runOnlyForDeploymentPostprocessing = 0;
			shellPath = /bin/sh;
			shellScript = "\"${SRCROOT}/Pods/Target Support Files/Pods-nBack/Pods-nBack-frameworks.sh\"\n";
			showEnvVarsInLog = 0;
		};
		670888C8D748C9146F753DC1 /* [CP] Check Pods Manifest.lock */ = {
			isa = PBXShellScriptBuildPhase;
			buildActionMask = 2147483647;
			files = (
			);
			inputPaths = (
			);
			name = "[CP] Check Pods Manifest.lock";
			outputPaths = (
			);
			runOnlyForDeploymentPostprocessing = 0;
			shellPath = /bin/sh;
			shellScript = "diff \"${PODS_ROOT}/../Podfile.lock\" \"${PODS_ROOT}/Manifest.lock\" > /dev/null\nif [ $? != 0 ] ; then\n    # print error to STDERR\n    echo \"error: The sandbox is not in sync with the Podfile.lock. Run 'pod install' or update your CocoaPods installation.\" >&2\n    exit 1\nfi\n";
			showEnvVarsInLog = 0;
		};
		9F157E67E6DCB1AC6338BD85 /* [CP] Copy Pods Resources */ = {
			isa = PBXShellScriptBuildPhase;
			buildActionMask = 2147483647;
			files = (
			);
			inputPaths = (
			);
			name = "[CP] Copy Pods Resources";
			outputPaths = (
			);
			runOnlyForDeploymentPostprocessing = 0;
			shellPath = /bin/sh;
			shellScript = "\"${SRCROOT}/Pods/Target Support Files/Pods-nBack/Pods-nBack-resources.sh\"\n";
			showEnvVarsInLog = 0;
		};
/* End PBXShellScriptBuildPhase section */

/* Begin PBXSourcesBuildPhase section */
		B30DE92C1D711B4300138962 /* Sources */ = {
			isa = PBXSourcesBuildPhase;
			buildActionMask = 2147483647;
			files = (
				B31F35B51D722A0A00BBC1D2 /* ConfigurableCell.swift in Sources */,
				B30DE97F1D71358000138962 /* ViewController.swift in Sources */,
				B31F35BC1D72330B00BBC1D2 /* ManagedObjectObserver.swift in Sources */,
				B30DE97A1D712BE200138962 /* ManagedObject.swift in Sources */,
				B3642C291D72B8C70068506D /* DayTableViewController.swift in Sources */,
				B30DE9671D711F3D00138962 /* PlayViewController.swift in Sources */,
				B31F35B11D7229DA00BBC1D2 /* DataProviderUpdate.swift in Sources */,
				B30DE96F1D71281C00138962 /* Theme.swift in Sources */,
				B31F35AF1D7229CC00BBC1D2 /* DataProviderDelegate.swift in Sources */,
				B30DE9761D712BCD00138962 /* TypeResult.swift in Sources */,
				B30DE93C1D711B4300138962 /* nBack.xcdatamodeld in Sources */,
				B30DE98B1D71371100138962 /* View.swift in Sources */,
				B30DE9741D712BCD00138962 /* GameResult.swift in Sources */,
				B30DE97D1D712CD700138962 /* ManagedObjectType.swift in Sources */,
				B31F35C21D728E8100BBC1D2 /* Day.swift in Sources */,
				B38599DC1D9720CF00227994 /* DayTableViewCellLabel.swift in Sources */,
				B31F35AA1D71A20900BBC1D2 /* FetchedResultsDataProvider.swift in Sources */,
				B30DE9911D71476B00138962 /* PlayCoordinator.swift in Sources */,
				B3CDCFB01D72D9DD0018F4D3 /* SettingsCoordinator.swift in Sources */,
				B30DE99F1D7156E800138962 /* GameType.swift in Sources */,
				B310E05A1DD1089500089E98 /* HeaderView.swift in Sources */,
				B30DE99B1D71555A00138962 /* Button.swift in Sources */,
				B30DE98F1D71474500138962 /* HasX-Protocols.swift in Sources */,
				B31F35BA1D722D7700BBC1D2 /* NSManagedObjectContext+Extensions.swift in Sources */,
				B30DE96D1D71280000138962 /* Lets.swift in Sources */,
				B31F35AC1D7229AE00BBC1D2 /* DataProvider.swift in Sources */,
				B31F359A1D71727800BBC1D2 /* GameBrain.swift in Sources */,
				B30DE9361D711B4300138962 /* AppCoordinator.swift in Sources */,
				B30DE9931D714C8A00138962 /* NavigationController.swift in Sources */,
				B31F35B31D7229F000BBC1D2 /* TableViewCell.swift in Sources */,
				B31F35961D71720400BBC1D2 /* GameView.swift in Sources */,
				B30DE9341D711B4300138962 /* AppDelegate.swift in Sources */,
				B30DE9951D714EEA00138962 /* DaysCoordinator.swift in Sources */,
				B38599DE1D97236F00227994 /* SpeechSynthesizer.swift in Sources */,
				B30DE9851D7135FF00138962 /* GameViewController.swift in Sources */,
				B30DE9871D71364B00138962 /* StackView.swift in Sources */,
				B31F35A61D717E7E00BBC1D2 /* Utilities.swift in Sources */,
				B31F35A21D71733100BBC1D2 /* GameSettings.swift in Sources */,
				B30DE9991D7151F000138962 /* GameCoordinator.swift in Sources */,
				B38599D51D96125F00227994 /* Label.swift in Sources */,
				B31F35941D7171DD00BBC1D2 /* SquareMatrix.swift in Sources */,
				B30DE96B1D7127EF00138962 /* CoreData.swift in Sources */,
				B3642C271D72B8180068506D /* DayCoordinator.swift in Sources */,
				B30DE9891D71370A00138962 /* SquareView.swift in Sources */,
				B30DE9691D711F6700138962 /* DaysTableViewController.swift in Sources */,
				B31F35B71D722A2700BBC1D2 /* TableViewDataSource.swift in Sources */,
				B318A9DD1D72BA660051DC01 /* TableViewController.swift in Sources */,
				B36B82CA1DD10C31005ADCA7 /* GameResultCell.swift in Sources */,
				B31F35BE1D72449B00BBC1D2 /* DaysTableViewCell.swift in Sources */,
			);
			runOnlyForDeploymentPostprocessing = 0;
		};
/* End PBXSourcesBuildPhase section */

/* Begin PBXVariantGroup section */
		B30DE93F1D711B4300138962 /* LaunchScreen.storyboard */ = {
			isa = PBXVariantGroup;
			children = (
				B30DE9401D711B4300138962 /* Base */,
			);
			name = LaunchScreen.storyboard;
			path = .;
			sourceTree = "<group>";
		};
/* End PBXVariantGroup section */

/* Begin XCBuildConfiguration section */
		B30DE9591D711B4300138962 /* Debug */ = {
			isa = XCBuildConfiguration;
			buildSettings = {
				ALWAYS_SEARCH_USER_PATHS = NO;
				CLANG_ANALYZER_NONNULL = YES;
				CLANG_CXX_LANGUAGE_STANDARD = "gnu++0x";
				CLANG_CXX_LIBRARY = "libc++";
				CLANG_ENABLE_MODULES = YES;
				CLANG_ENABLE_OBJC_ARC = YES;
				CLANG_WARN_BOOL_CONVERSION = YES;
				CLANG_WARN_CONSTANT_CONVERSION = YES;
				CLANG_WARN_DIRECT_OBJC_ISA_USAGE = YES_ERROR;
				CLANG_WARN_DOCUMENTATION_COMMENTS = YES;
				CLANG_WARN_EMPTY_BODY = YES;
				CLANG_WARN_ENUM_CONVERSION = YES;
				CLANG_WARN_INFINITE_RECURSION = YES;
				CLANG_WARN_INT_CONVERSION = YES;
				CLANG_WARN_OBJC_ROOT_CLASS = YES_ERROR;
				CLANG_WARN_SUSPICIOUS_MOVE = YES;
				CLANG_WARN_SUSPICIOUS_MOVES = YES;
				CLANG_WARN_UNREACHABLE_CODE = YES;
				CLANG_WARN__DUPLICATE_METHOD_MATCH = YES;
				"CODE_SIGN_IDENTITY[sdk=iphoneos*]" = "iPhone Developer";
				COPY_PHASE_STRIP = NO;
				DEBUG_INFORMATION_FORMAT = dwarf;
				ENABLE_STRICT_OBJC_MSGSEND = YES;
				ENABLE_TESTABILITY = YES;
				GCC_C_LANGUAGE_STANDARD = gnu99;
				GCC_DYNAMIC_NO_PIC = NO;
				GCC_NO_COMMON_BLOCKS = YES;
				GCC_OPTIMIZATION_LEVEL = 0;
				GCC_PREPROCESSOR_DEFINITIONS = (
					"DEBUG=1",
					"$(inherited)",
				);
				GCC_WARN_64_TO_32_BIT_CONVERSION = YES;
				GCC_WARN_ABOUT_RETURN_TYPE = YES_ERROR;
				GCC_WARN_UNDECLARED_SELECTOR = YES;
				GCC_WARN_UNINITIALIZED_AUTOS = YES_AGGRESSIVE;
				GCC_WARN_UNUSED_FUNCTION = YES;
				GCC_WARN_UNUSED_VARIABLE = YES;
				IPHONEOS_DEPLOYMENT_TARGET = 10.0;
				MTL_ENABLE_DEBUG_INFO = YES;
				ONLY_ACTIVE_ARCH = YES;
				SDKROOT = iphoneos;
				SWIFT_ACTIVE_COMPILATION_CONDITIONS = DEBUG;
				SWIFT_OPTIMIZATION_LEVEL = "-Onone";
				TARGETED_DEVICE_FAMILY = "1,2";
			};
			name = Debug;
		};
		B30DE95A1D711B4300138962 /* Release */ = {
			isa = XCBuildConfiguration;
			buildSettings = {
				ALWAYS_SEARCH_USER_PATHS = NO;
				CLANG_ANALYZER_NONNULL = YES;
				CLANG_CXX_LANGUAGE_STANDARD = "gnu++0x";
				CLANG_CXX_LIBRARY = "libc++";
				CLANG_ENABLE_MODULES = YES;
				CLANG_ENABLE_OBJC_ARC = YES;
				CLANG_WARN_BOOL_CONVERSION = YES;
				CLANG_WARN_CONSTANT_CONVERSION = YES;
				CLANG_WARN_DIRECT_OBJC_ISA_USAGE = YES_ERROR;
				CLANG_WARN_DOCUMENTATION_COMMENTS = YES;
				CLANG_WARN_EMPTY_BODY = YES;
				CLANG_WARN_ENUM_CONVERSION = YES;
				CLANG_WARN_INFINITE_RECURSION = YES;
				CLANG_WARN_INT_CONVERSION = YES;
				CLANG_WARN_OBJC_ROOT_CLASS = YES_ERROR;
				CLANG_WARN_SUSPICIOUS_MOVE = YES;
				CLANG_WARN_SUSPICIOUS_MOVES = YES;
				CLANG_WARN_UNREACHABLE_CODE = YES;
				CLANG_WARN__DUPLICATE_METHOD_MATCH = YES;
				"CODE_SIGN_IDENTITY[sdk=iphoneos*]" = "iPhone Developer";
				COPY_PHASE_STRIP = NO;
				DEBUG_INFORMATION_FORMAT = "dwarf-with-dsym";
				ENABLE_NS_ASSERTIONS = NO;
				ENABLE_STRICT_OBJC_MSGSEND = YES;
				GCC_C_LANGUAGE_STANDARD = gnu99;
				GCC_NO_COMMON_BLOCKS = YES;
				GCC_WARN_64_TO_32_BIT_CONVERSION = YES;
				GCC_WARN_ABOUT_RETURN_TYPE = YES_ERROR;
				GCC_WARN_UNDECLARED_SELECTOR = YES;
				GCC_WARN_UNINITIALIZED_AUTOS = YES_AGGRESSIVE;
				GCC_WARN_UNUSED_FUNCTION = YES;
				GCC_WARN_UNUSED_VARIABLE = YES;
				IPHONEOS_DEPLOYMENT_TARGET = 10.0;
				MTL_ENABLE_DEBUG_INFO = NO;
				SDKROOT = iphoneos;
				SWIFT_OPTIMIZATION_LEVEL = "-Owholemodule";
				TARGETED_DEVICE_FAMILY = "1,2";
				VALIDATE_PRODUCT = YES;
			};
			name = Release;
		};
		B30DE95C1D711B4300138962 /* Debug */ = {
			isa = XCBuildConfiguration;
			baseConfigurationReference = 141711A1BB21E02BD0A37F69 /* Pods-nBack.debug.xcconfig */;
			buildSettings = {
				ALWAYS_EMBED_SWIFT_STANDARD_LIBRARIES = YES;
				ASSETCATALOG_COMPILER_APPICON_NAME = AppIcon;
				DEVELOPMENT_TEAM = 72MNHNDUNH;
				INFOPLIST_FILE = "$(SRCROOT)/Other/Info.plist";
				IPHONEOS_DEPLOYMENT_TARGET = 10.0;
				LD_RUNPATH_SEARCH_PATHS = "$(inherited) @executable_path/Frameworks";
				PRODUCT_BUNDLE_IDENTIFIER = io.lanza.nBack;
				PRODUCT_NAME = "$(TARGET_NAME)";
				SWIFT_VERSION = 3.0;
				TARGETED_DEVICE_FAMILY = 1;
			};
			name = Debug;
		};
		B30DE95D1D711B4300138962 /* Release */ = {
			isa = XCBuildConfiguration;
			baseConfigurationReference = 584111AD840CC72453CF06C1 /* Pods-nBack.release.xcconfig */;
			buildSettings = {
				ALWAYS_EMBED_SWIFT_STANDARD_LIBRARIES = YES;
				ASSETCATALOG_COMPILER_APPICON_NAME = AppIcon;
				DEVELOPMENT_TEAM = 72MNHNDUNH;
				INFOPLIST_FILE = "$(SRCROOT)/Other/Info.plist";
				IPHONEOS_DEPLOYMENT_TARGET = 10.0;
				LD_RUNPATH_SEARCH_PATHS = "$(inherited) @executable_path/Frameworks";
				PRODUCT_BUNDLE_IDENTIFIER = io.lanza.nBack;
				PRODUCT_NAME = "$(TARGET_NAME)";
				SWIFT_VERSION = 3.0;
				TARGETED_DEVICE_FAMILY = 1;
			};
			name = Release;
		};
/* End XCBuildConfiguration section */

/* Begin XCConfigurationList section */
		B30DE92B1D711B4300138962 /* Build configuration list for PBXProject "nBack" */ = {
			isa = XCConfigurationList;
			buildConfigurations = (
				B30DE9591D711B4300138962 /* Debug */,
				B30DE95A1D711B4300138962 /* Release */,
			);
			defaultConfigurationIsVisible = 0;
			defaultConfigurationName = Release;
		};
		B30DE95B1D711B4300138962 /* Build configuration list for PBXNativeTarget "nBack" */ = {
			isa = XCConfigurationList;
			buildConfigurations = (
				B30DE95C1D711B4300138962 /* Debug */,
				B30DE95D1D711B4300138962 /* Release */,
			);
			defaultConfigurationIsVisible = 0;
			defaultConfigurationName = Release;
		};
/* End XCConfigurationList section */

/* Begin XCVersionGroup section */
		B30DE93A1D711B4300138962 /* nBack.xcdatamodeld */ = {
			isa = XCVersionGroup;
			children = (
				B30DE93B1D711B4300138962 /* nBack.xcdatamodel */,
			);
			currentVersion = B30DE93B1D711B4300138962 /* nBack.xcdatamodel */;
			path = nBack.xcdatamodeld;
			sourceTree = "<group>";
			versionGroupType = wrapper.xcdatamodel;
		};
/* End XCVersionGroup section */
	};
	rootObject = B30DE9281D711B4300138962 /* Project object */;
}
